
Microsoft Visual Studio Solution File, Format Version 12.00
# Visual Studio 15
VisualStudioVersion = 15.0.26206.0
MinimumVisualStudioVersion = 10.0.40219.1
Project("{9A19103F-16F7-4668-BE54-9A1E7A4F7556}") = "DictionarySample", "DictionarySample\DictionarySample.csproj", "{F5A695B5-2A78-4425-B2C4-1501AE70A570}"
EndProject
Project("{9A19103F-16F7-4668-BE54-9A1E7A4F7556}") = "LinkedListSample", "LinkedListSample\LinkedListSample.csproj", "{51B8586B-5E63-4802-AF0F-9A7007A7BE71}"
EndProject
Project("{9A19103F-16F7-4668-BE54-9A1E7A4F7556}") = "ListSamples", "ListSamples\ListSamples.csproj", "{679ECC52-8AF4-428C-9247-BA0F701F173F}"
EndProject
Project("{9A19103F-16F7-4668-BE54-9A1E7A4F7556}") = "LookupSample", "LookupSample\LookupSample.csproj", "{4A41754F-2F66-400C-88F6-14BDB454B527}"
EndProject
Project("{9A19103F-16F7-4668-BE54-9A1E7A4F7556}") = "QueueSample", "QueueSample\QueueSample.csproj", "{7A1D4316-95C1-414D-B6CC-C3725F485CD0}"
EndProject
Project("{9A19103F-16F7-4668-BE54-9A1E7A4F7556}") = "SetSample", "SetSample\SetSample.csproj", "{EBF7700C-9DC9-47E0-9AAA-F7BB9D9B6EEB}"
EndProject
Project("{9A19103F-16F7-4668-BE54-9A1E7A4F7556}") = "SortedListSample", "SortedListSample\SortedListSample.csproj", "{25B6DAA6-0528-4023-ADDF-65CC3D7C988A}"
EndProject
Project("{9A19103F-16F7-4668-BE54-9A1E7A4F7556}") = "StackSample", "StackSample\StackSample.csproj", "{BDBB353D-6022-406B-ADA8-EB11EC478AED}"
EndProject
Global
	GlobalSection(SolutionConfigurationPlatforms) = preSolution
		Debug|Any CPU = Debug|Any CPU
		Debug|x64 = Debug|x64
		Debug|x86 = Debug|x86
		Release|Any CPU = Release|Any CPU
		Release|x64 = Release|x64
		Release|x86 = Release|x86
	EndGlobalSection
	GlobalSection(ProjectConfigurationPlatforms) = postSolution
		{F5A695B5-2A78-4425-B2C4-1501AE70A570}.Debug|Any CPU.ActiveCfg = Debug|Any CPU
		{F5A695B5-2A78-4425-B2C4-1501AE70A570}.Debug|Any CPU.Build.0 = Debug|Any CPU
		{F5A695B5-2A78-4425-B2C4-1501AE70A570}.Debug|x64.ActiveCfg = Debug|Any CPU
		{F5A695B5-2A78-4425-B2C4-1501AE70A570}.Debug|x64.Build.0 = Debug|Any CPU
		{F5A695B5-2A78-4425-B2C4-1501AE70A570}.Debug|x86.ActiveCfg = Debug|Any CPU
		{F5A695B5-2A78-4425-B2C4-1501AE70A570}.Debug|x86.Build.0 = Debug|Any CPU
		{F5A695B5-2A78-4425-B2C4-1501AE70A570}.Release|Any CPU.ActiveCfg = Debug|Any CPU
		{F5A695B5-2A78-4425-B2C4-1501AE70A570}.Release|Any CPU.Build.0 = Debug|Any CPU
		{F5A695B5-2A78-4425-B2C4-1501AE70A570}.Release|x64.ActiveCfg = Debug|Any CPU
		{F5A695B5-2A78-4425-B2C4-1501AE70A570}.Release|x64.Build.0 = Debug|Any CPU
		{F5A695B5-2A78-4425-B2C4-1501AE70A570}.Release|x86.ActiveCfg = Debug|Any CPU
		{F5A695B5-2A78-4425-B2C4-1501AE70A570}.Release|x86.Build.0 = Debug|Any CPU
		{51B8586B-5E63-4802-AF0F-9A7007A7BE71}.Debug|Any CPU.ActiveCfg = Debug|Any CPU
		{51B8586B-5E63-4802-AF0F-9A7007A7BE71}.Debug|Any CPU.Build.0 = Debug|Any CPU
		{51B8586B-5E63-4802-AF0F-9A7007A7BE71}.Debug|x64.ActiveCfg = Debug|Any CPU
		{51B8586B-5E63-4802-AF0F-9A7007A7BE71}.Debug|x64.Build.0 = Debug|Any CPU
		{51B8586B-5E63-4802-AF0F-9A7007A7BE71}.Debug|x86.ActiveCfg = Debug|Any CPU
		{51B8586B-5E63-4802-AF0F-9A7007A7BE71}.Debug|x86.Build.0 = Debug|Any CPU
		{51B8586B-5E63-4802-AF0F-9A7007A7BE71}.Release|Any CPU.ActiveCfg = Debug|Any CPU
		{51B8586B-5E63-4802-AF0F-9A7007A7BE71}.Release|Any CPU.Build.0 = Debug|Any CPU
		{51B8586B-5E63-4802-AF0F-9A7007A7BE71}.Release|x64.ActiveCfg = Debug|Any CPU
		{51B8586B-5E63-4802-AF0F-9A7007A7BE71}.Release|x64.Build.0 = Debug|Any CPU
		{51B8586B-5E63-4802-AF0F-9A7007A7BE71}.Release|x86.ActiveCfg = Debug|Any CPU
		{51B8586B-5E63-4802-AF0F-9A7007A7BE71}.Release|x86.Build.0 = Debug|Any CPU
		{679ECC52-8AF4-428C-9247-BA0F701F173F}.Debug|Any CPU.ActiveCfg = Debug|Any CPU
		{679ECC52-8AF4-428C-9247-BA0F701F173F}.Debug|Any CPU.Build.0 = Debug|Any CPU
		{679ECC52-8AF4-428C-9247-BA0F701F173F}.Debug|x64.ActiveCfg = Debug|Any CPU
		{679ECC52-8AF4-428C-9247-BA0F701F173F}.Debug|x64.Build.0 = Debug|Any CPU
		{679ECC52-8AF4-428C-9247-BA0F701F173F}.Debug|x86.ActiveCfg = Debug|Any CPU
		{679ECC52-8AF4-428C-9247-BA0F701F173F}.Debug|x86.Build.0 = Debug|Any CPU
		{679ECC52-8AF4-428C-9247-BA0F701F173F}.Release|Any CPU.ActiveCfg = Debug|Any CPU
		{679ECC52-8AF4-428C-9247-BA0F701F173F}.Release|Any CPU.Build.0 = Debug|Any CPU
		{679ECC52-8AF4-428C-9247-BA0F701F173F}.Release|x64.ActiveCfg = Debug|Any CPU
		{679ECC52-8AF4-428C-9247-BA0F701F173F}.Release|x64.Build.0 = Debug|Any CPU
		{679ECC52-8AF4-428C-9247-BA0F701F173F}.Release|x86.ActiveCfg = Debug|Any CPU
		{679ECC52-8AF4-428C-9247-BA0F701F173F}.Release|x86.Build.0 = Debug|Any CPU
		{4A41754F-2F66-400C-88F6-14BDB454B527}.Debug|Any CPU.ActiveCfg = Debug|Any CPU
		{4A41754F-2F66-400C-88F6-14BDB454B527}.Debug|Any CPU.Build.0 = Debug|Any CPU
		{4A41754F-2F66-400C-88F6-14BDB454B527}.Debug|x64.ActiveCfg = Debug|Any CPU
		{4A41754F-2F66-400C-88F6-14BDB454B527}.Debug|x64.Build.0 = Debug|Any CPU
		{4A41754F-2F66-400C-88F6-14BDB454B527}.Debug|x86.ActiveCfg = Debug|Any CPU
		{4A41754F-2F66-400C-88F6-14BDB454B527}.Debug|x86.Build.0 = Debug|Any CPU
		{4A41754F-2F66-400C-88F6-14BDB454B527}.Release|Any CPU.ActiveCfg = Debug|Any CPU
		{4A41754F-2F66-400C-88F6-14BDB454B527}.Release|Any CPU.Build.0 = Debug|Any CPU
		{4A41754F-2F66-400C-88F6-14BDB454B527}.Release|x64.ActiveCfg = Debug|Any CPU
		{4A41754F-2F66-400C-88F6-14BDB454B527}.Release|x64.Build.0 = Debug|Any CPU
		{4A41754F-2F66-400C-88F6-14BDB454B527}.Release|x86.ActiveCfg = Debug|Any CPU
		{4A41754F-2F66-400C-88F6-14BDB454B527}.Release|x86.Build.0 = Debug|Any CPU
		{7A1D4316-95C1-414D-B6CC-C3725F485CD0}.Debug|Any CPU.ActiveCfg = Debug|Any CPU
		{7A1D4316-95C1-414D-B6CC-C3725F485CD0}.Debug|Any CPU.Build.0 = Debug|Any CPU
		{7A1D4316-95C1-414D-B6CC-C3725F485CD0}.Debug|x64.ActiveCfg = Debug|Any CPU
		{7A1D4316-95C1-414D-B6CC-C3725F485CD0}.Debug|x64.Build.0 = Debug|Any CPU
		{7A1D4316-95C1-414D-B6CC-C3725F485CD0}.Debug|x86.ActiveCfg = Debug|Any CPU
		{7A1D4316-95C1-414D-B6CC-C3725F485CD0}.Debug|x86.Build.0 = Debug|Any CPU
		{7A1D4316-95C1-414D-B6CC-C3725F485CD0}.Release|Any CPU.ActiveCfg = Debug|Any CPU
		{7A1D4316-95C1-414D-B6CC-C3725F485CD0}.Release|Any CPU.Build.0 = Debug|Any CPU
		{7A1D4316-95C1-414D-B6CC-C3725F485CD0}.Release|x64.ActiveCfg = Debug|Any CPU
		{7A1D4316-95C1-414D-B6CC-C3725F485CD0}.Release|x64.Build.0 = Debug|Any CPU
		{7A1D4316-95C1-414D-B6CC-C3725F485CD0}.Release|x86.ActiveCfg = Debug|Any CPU
		{7A1D4316-95C1-414D-B6CC-C3725F485CD0}.Release|x86.Build.0 = Debug|Any CPU
		{EBF7700C-9DC9-47E0-9AAA-F7BB9D9B6EEB}.Debug|Any CPU.ActiveCfg = Debug|Any CPU
		{EBF7700C-9DC9-47E0-9AAA-F7BB9D9B6EEB}.Debug|Any CPU.Build.0 = Debug|Any CPU
		{EBF7700C-9DC9-47E0-9AAA-F7BB9D9B6EEB}.Debug|x64.ActiveCfg = Debug|Any CPU
		{EBF7700C-9DC9-47E0-9AAA-F7BB9D9B6EEB}.Debug|x64.Build.0 = Debug|Any CPU
		{EBF7700C-9DC9-47E0-9AAA-F7BB9D9B6EEB}.Debug|x86.ActiveCfg = Debug|Any CPU
		{EBF7700C-9DC9-47E0-9AAA-F7BB9D9B6EEB}.Debug|x86.Build.0 = Debug|Any CPU
		{EBF7700C-9DC9-47E0-9AAA-F7BB9D9B6EEB}.Release|Any CPU.ActiveCfg = Debug|Any CPU
		{EBF7700C-9DC9-47E0-9AAA-F7BB9D9B6EEB}.Release|Any CPU.Build.0 = Debug|Any CPU
		{EBF7700C-9DC9-47E0-9AAA-F7BB9D9B6EEB}.Release|x64.ActiveCfg = Debug|Any CPU
		{EBF7700C-9DC9-47E0-9AAA-F7BB9D9B6EEB}.Release|x64.Build.0 = Debug|Any CPU
		{EBF7700C-9DC9-47E0-9AAA-F7BB9D9B6EEB}.Release|x86.ActiveCfg = Debug|Any CPU
		{EBF7700C-9DC9-47E0-9AAA-F7BB9D9B6EEB}.Release|x86.Build.0 = Debug|Any CPU
		{25B6DAA6-0528-4023-ADDF-65CC3D7C988A}.Debug|Any CPU.ActiveCfg = Debug|Any CPU
		{25B6DAA6-0528-4023-ADDF-65CC3D7C988A}.Debug|Any CPU.Build.0 = Debug|Any CPU
		{25B6DAA6-0528-4023-ADDF-65CC3D7C988A}.Debug|x64.ActiveCfg = Debug|Any CPU
		{25B6DAA6-0528-4023-ADDF-65CC3D7C988A}.Debug|x64.Build.0 = Debug|Any CPU
		{25B6DAA6-0528-4023-ADDF-65CC3D7C988A}.Debug|x86.ActiveCfg = Debug|Any CPU
		{25B6DAA6-0528-4023-ADDF-65CC3D7C988A}.Debug|x86.Build.0 = Debug|Any CPU
		{25B6DAA6-0528-4023-ADDF-65CC3D7C988A}.Release|Any CPU.ActiveCfg = Debug|Any CPU
		{25B6DAA6-0528-4023-ADDF-65CC3D7C988A}.Release|Any CPU.Build.0 = Debug|Any CPU
		{25B6DAA6-0528-4023-ADDF-65CC3D7C988A}.Release|x64.ActiveCfg = Debug|Any CPU
		{25B6DAA6-0528-4023-ADDF-65CC3D7C988A}.Release|x64.Build.0 = Debug|Any CPU
		{25B6DAA6-0528-4023-ADDF-65CC3D7C988A}.Release|x86.ActiveCfg = Debug|Any CPU
		{25B6DAA6-0528-4023-ADDF-65CC3D7C988A}.Release|x86.Build.0 = Debug|Any CPU
		{BDBB353D-6022-406B-ADA8-EB11EC478AED}.Debug|Any CPU.ActiveCfg = Debug|Any CPU
		{BDBB353D-6022-406B-ADA8-EB11EC478AED}.Debug|Any CPU.Build.0 = Debug|Any CPU
		{BDBB353D-6022-406B-ADA8-EB11EC478AED}.Debug|x64.ActiveCfg = Debug|Any CPU
		{BDBB353D-6022-406B-ADA8-EB11EC478AED}.Debug|x64.Build.0 = Debug|Any CPU
		{BDBB353D-6022-406B-ADA8-EB11EC478AED}.Debug|x86.ActiveCfg = Debug|Any CPU
		{BDBB353D-6022-406B-ADA8-EB11EC478AED}.Debug|x86.Build.0 = Debug|Any CPU
		{BDBB353D-6022-406B-ADA8-EB11EC478AED}.Release|Any CPU.ActiveCfg = Debug|Any CPU
		{BDBB353D-6022-406B-ADA8-EB11EC478AED}.Release|Any CPU.Build.0 = Debug|Any CPU
		{BDBB353D-6022-406B-ADA8-EB11EC478AED}.Release|x64.ActiveCfg = Debug|Any CPU
		{BDBB353D-6022-406B-ADA8-EB11EC478AED}.Release|x64.Build.0 = Debug|Any CPU
		{BDBB353D-6022-406B-ADA8-EB11EC478AED}.Release|x86.ActiveCfg = Debug|Any CPU
		{BDBB353D-6022-406B-ADA8-EB11EC478AED}.Release|x86.Build.0 = Debug|Any CPU
	EndGlobalSection
	GlobalSection(SolutionProperties) = preSolution
		HideSolutionNode = FALSE
	EndGlobalSection
EndGlobal
