
Microsoft Visual Studio Solution File, Format Version 12.00
# Visual Studio 15
VisualStudioVersion = 15.0.27130.2010
MinimumVisualStudioVersion = 10.0.40219.1
Project("{FAE04EC0-301F-11D3-BF4B-00C04F79EFBC}") = "SimpleEventSourceSample", "SimpleEventSourceSample\SimpleEventSourceSample.csproj", "{0DC7300C-31E5-4C33-AA9F-82592E44D367}"
EndProject
Project("{FAE04EC0-301F-11D3-BF4B-00C04F79EFBC}") = "EventSourceSampleInheritance", "EventSourceSampleInheritance\EventSourceSampleInheritance.csproj", "{9DA1F369-939E-460D-92D1-9968CCA272CC}"
EndProject
Project("{FAE04EC0-301F-11D3-BF4B-00C04F79EFBC}") = "EventSourceSampleAnnotations", "EventSourceSampleAnnotations\EventSourceSampleAnnotations.csproj", "{37A2A006-34D8-4819-B101-71560076809D}"
EndProject
Project("{FAE04EC0-301F-11D3-BF4B-00C04F79EFBC}") = "MyApplicationEvents", "MyApplicationEvents\MyApplicationEvents.csproj", "{849067CF-54EA-402C-B616-C2E3D9AEEA62}"
EndProject
Project("{FAE04EC0-301F-11D3-BF4B-00C04F79EFBC}") = "ClientApp", "ClientApp\ClientApp.csproj", "{8D8467B7-A5FD-4172-8000-77FBAA6F6A34}"
EndProject
Global
	GlobalSection(SolutionConfigurationPlatforms) = preSolution
		Debug|Any CPU = Debug|Any CPU
		Release|Any CPU = Release|Any CPU
	EndGlobalSection
	GlobalSection(ProjectConfigurationPlatforms) = postSolution
		{0DC7300C-31E5-4C33-AA9F-82592E44D367}.Debug|Any CPU.ActiveCfg = Debug|Any CPU
		{0DC7300C-31E5-4C33-AA9F-82592E44D367}.Debug|Any CPU.Build.0 = Debug|Any CPU
		{0DC7300C-31E5-4C33-AA9F-82592E44D367}.Release|Any CPU.ActiveCfg = Release|Any CPU
		{0DC7300C-31E5-4C33-AA9F-82592E44D367}.Release|Any CPU.Build.0 = Release|Any CPU
		{9DA1F369-939E-460D-92D1-9968CCA272CC}.Debug|Any CPU.ActiveCfg = Debug|Any CPU
		{9DA1F369-939E-460D-92D1-9968CCA272CC}.Debug|Any CPU.Build.0 = Debug|Any CPU
		{9DA1F369-939E-460D-92D1-9968CCA272CC}.Release|Any CPU.ActiveCfg = Release|Any CPU
		{9DA1F369-939E-460D-92D1-9968CCA272CC}.Release|Any CPU.Build.0 = Release|Any CPU
		{37A2A006-34D8-4819-B101-71560076809D}.Debug|Any CPU.ActiveCfg = Debug|Any CPU
		{37A2A006-34D8-4819-B101-71560076809D}.Debug|Any CPU.Build.0 = Debug|Any CPU
		{37A2A006-34D8-4819-B101-71560076809D}.Release|Any CPU.ActiveCfg = Release|Any CPU
		{37A2A006-34D8-4819-B101-71560076809D}.Release|Any CPU.Build.0 = Release|Any CPU
		{849067CF-54EA-402C-B616-C2E3D9AEEA62}.Debug|Any CPU.ActiveCfg = Debug|Any CPU
		{849067CF-54EA-402C-B616-C2E3D9AEEA62}.Debug|Any CPU.Build.0 = Debug|Any CPU
		{849067CF-54EA-402C-B616-C2E3D9AEEA62}.Release|Any CPU.ActiveCfg = Release|Any CPU
		{849067CF-54EA-402C-B616-C2E3D9AEEA62}.Release|Any CPU.Build.0 = Release|Any CPU
		{8D8467B7-A5FD-4172-8000-77FBAA6F6A34}.Debug|Any CPU.ActiveCfg = Debug|Any CPU
		{8D8467B7-A5FD-4172-8000-77FBAA6F6A34}.Debug|Any CPU.Build.0 = Debug|Any CPU
		{8D8467B7-A5FD-4172-8000-77FBAA6F6A34}.Release|Any CPU.ActiveCfg = Release|Any CPU
		{8D8467B7-A5FD-4172-8000-77FBAA6F6A34}.Release|Any CPU.Build.0 = Release|Any CPU
	EndGlobalSection
	GlobalSection(SolutionProperties) = preSolution
		HideSolutionNode = FALSE
	EndGlobalSection
	GlobalSection(ExtensibilityGlobals) = postSolution
		SolutionGuid = {2D5069FB-0B60-42FB-8D15-1C0DCA3739D3}
	EndGlobalSection
EndGlobal
