
Microsoft Visual Studio Solution File, Format Version 12.00
# Visual Studio Version 16
VisualStudioVersion = 16.0.30413.136
MinimumVisualStudioVersion = 10.0.40219.1
Project("{FAE04EC0-301F-11D3-BF4B-00C04F79EFBC}") = "BlazorWasmSample.Server", "BlazorWasmSample\Server\BlazorWasmSample.Server.csproj", "{9097EBAD-2B1E-4851-8C66-483781EFCEC6}"
EndProject
Project("{FAE04EC0-301F-11D3-BF4B-00C04F79EFBC}") = "BlazorWasmSample.Client", "BlazorWasmSample\Client\BlazorWasmSample.Client.csproj", "{9A7F73C6-FBB0-4FA3-92C6-3705B61FA6F6}"
EndProject
Project("{FAE04EC0-301F-11D3-BF4B-00C04F79EFBC}") = "BlazorWasmSample.Shared", "BlazorWasmSample\Shared\BlazorWasmSample.Shared.csproj", "{AC9A6609-3C55-48AB-9ACC-5C2F0B49092A}"
EndProject
Global
	GlobalSection(SolutionConfigurationPlatforms) = preSolution
		Debug|Any CPU = Debug|Any CPU
		Release|Any CPU = Release|Any CPU
	EndGlobalSection
	GlobalSection(ProjectConfigurationPlatforms) = postSolution
		{9097EBAD-2B1E-4851-8C66-483781EFCEC6}.Debug|Any CPU.ActiveCfg = Debug|Any CPU
		{9097EBAD-2B1E-4851-8C66-483781EFCEC6}.Debug|Any CPU.Build.0 = Debug|Any CPU
		{9097EBAD-2B1E-4851-8C66-483781EFCEC6}.Release|Any CPU.ActiveCfg = Release|Any CPU
		{9097EBAD-2B1E-4851-8C66-483781EFCEC6}.Release|Any CPU.Build.0 = Release|Any CPU
		{9A7F73C6-FBB0-4FA3-92C6-3705B61FA6F6}.Debug|Any CPU.ActiveCfg = Debug|Any CPU
		{9A7F73C6-FBB0-4FA3-92C6-3705B61FA6F6}.Debug|Any CPU.Build.0 = Debug|Any CPU
		{9A7F73C6-FBB0-4FA3-92C6-3705B61FA6F6}.Release|Any CPU.ActiveCfg = Release|Any CPU
		{9A7F73C6-FBB0-4FA3-92C6-3705B61FA6F6}.Release|Any CPU.Build.0 = Release|Any CPU
		{AC9A6609-3C55-48AB-9ACC-5C2F0B49092A}.Debug|Any CPU.ActiveCfg = Debug|Any CPU
		{AC9A6609-3C55-48AB-9ACC-5C2F0B49092A}.Debug|Any CPU.Build.0 = Debug|Any CPU
		{AC9A6609-3C55-48AB-9ACC-5C2F0B49092A}.Release|Any CPU.ActiveCfg = Release|Any CPU
		{AC9A6609-3C55-48AB-9ACC-5C2F0B49092A}.Release|Any CPU.Build.0 = Release|Any CPU
	EndGlobalSection
	GlobalSection(SolutionProperties) = preSolution
		HideSolutionNode = FALSE
	EndGlobalSection
	GlobalSection(ExtensibilityGlobals) = postSolution
		SolutionGuid = {30ACDF66-1F72-4507-9A11-0C8176A2437A}
	EndGlobalSection
EndGlobal
