
Microsoft Visual Studio Solution File, Format Version 12.00
# Visual Studio 15
VisualStudioVersion = 15.0.27205.2004
MinimumVisualStudioVersion = 10.0.40219.1
Project("{FAE04EC0-301F-11D3-BF4B-00C04F79EFBC}") = "CompiledBindingMethods", "CompiledBindingMethods\CompiledBindingMethods.csproj", "{48D0A023-9344-4D79-B884-FF2C2D3B4519}"
EndProject
Global
	GlobalSection(SolutionConfigurationPlatforms) = preSolution
		Debug|ARM = Debug|ARM
		Debug|x64 = Debug|x64
		Debug|x86 = Debug|x86
		Release|ARM = Release|ARM
		Release|x64 = Release|x64
		Release|x86 = Release|x86
	EndGlobalSection
	GlobalSection(ProjectConfigurationPlatforms) = postSolution
		{48D0A023-9344-4D79-B884-FF2C2D3B4519}.Debug|ARM.ActiveCfg = Debug|ARM
		{48D0A023-9344-4D79-B884-FF2C2D3B4519}.Debug|ARM.Build.0 = Debug|ARM
		{48D0A023-9344-4D79-B884-FF2C2D3B4519}.Debug|ARM.Deploy.0 = Debug|ARM
		{48D0A023-9344-4D79-B884-FF2C2D3B4519}.Debug|x64.ActiveCfg = Debug|x64
		{48D0A023-9344-4D79-B884-FF2C2D3B4519}.Debug|x64.Build.0 = Debug|x64
		{48D0A023-9344-4D79-B884-FF2C2D3B4519}.Debug|x64.Deploy.0 = Debug|x64
		{48D0A023-9344-4D79-B884-FF2C2D3B4519}.Debug|x86.ActiveCfg = Debug|x86
		{48D0A023-9344-4D79-B884-FF2C2D3B4519}.Debug|x86.Build.0 = Debug|x86
		{48D0A023-9344-4D79-B884-FF2C2D3B4519}.Debug|x86.Deploy.0 = Debug|x86
		{48D0A023-9344-4D79-B884-FF2C2D3B4519}.Release|ARM.ActiveCfg = Release|ARM
		{48D0A023-9344-4D79-B884-FF2C2D3B4519}.Release|ARM.Build.0 = Release|ARM
		{48D0A023-9344-4D79-B884-FF2C2D3B4519}.Release|ARM.Deploy.0 = Release|ARM
		{48D0A023-9344-4D79-B884-FF2C2D3B4519}.Release|x64.ActiveCfg = Release|x64
		{48D0A023-9344-4D79-B884-FF2C2D3B4519}.Release|x64.Build.0 = Release|x64
		{48D0A023-9344-4D79-B884-FF2C2D3B4519}.Release|x64.Deploy.0 = Release|x64
		{48D0A023-9344-4D79-B884-FF2C2D3B4519}.Release|x86.ActiveCfg = Release|x86
		{48D0A023-9344-4D79-B884-FF2C2D3B4519}.Release|x86.Build.0 = Release|x86
		{48D0A023-9344-4D79-B884-FF2C2D3B4519}.Release|x86.Deploy.0 = Release|x86
	EndGlobalSection
	GlobalSection(SolutionProperties) = preSolution
		HideSolutionNode = FALSE
	EndGlobalSection
	GlobalSection(ExtensibilityGlobals) = postSolution
		SolutionGuid = {4D479A99-0EAB-4513-92E7-66F3BBA5A0CD}
	EndGlobalSection
EndGlobal
