
Microsoft Visual Studio Solution File, Format Version 12.00
# Visual Studio 15
VisualStudioVersion = 15.0.27130.2010
MinimumVisualStudioVersion = 10.0.40219.1
Project("{FAE04EC0-301F-11D3-BF4B-00C04F79EFBC}") = "EFCoreSample", "EFCoreSample\EFCoreSample.csproj", "{FF72A80E-CFB0-48B7-A652-AB22FD91368A}"
EndProject
Project("{FAE04EC0-301F-11D3-BF4B-00C04F79EFBC}") = "EFCoreSample.Tests", "EFCoreSample.Tests\EFCoreSample.Tests.csproj", "{04694DCA-E0A8-422B-99A9-DF789D780E6B}"
EndProject
Global
	GlobalSection(SolutionConfigurationPlatforms) = preSolution
		Debug|Any CPU = Debug|Any CPU
		Release|Any CPU = Release|Any CPU
	EndGlobalSection
	GlobalSection(ProjectConfigurationPlatforms) = postSolution
		{FF72A80E-CFB0-48B7-A652-AB22FD91368A}.Debug|Any CPU.ActiveCfg = Debug|Any CPU
		{FF72A80E-CFB0-48B7-A652-AB22FD91368A}.Debug|Any CPU.Build.0 = Debug|Any CPU
		{FF72A80E-CFB0-48B7-A652-AB22FD91368A}.Release|Any CPU.ActiveCfg = Release|Any CPU
		{FF72A80E-CFB0-48B7-A652-AB22FD91368A}.Release|Any CPU.Build.0 = Release|Any CPU
		{04694DCA-E0A8-422B-99A9-DF789D780E6B}.Debug|Any CPU.ActiveCfg = Debug|Any CPU
		{04694DCA-E0A8-422B-99A9-DF789D780E6B}.Debug|Any CPU.Build.0 = Debug|Any CPU
		{04694DCA-E0A8-422B-99A9-DF789D780E6B}.Release|Any CPU.ActiveCfg = Release|Any CPU
		{04694DCA-E0A8-422B-99A9-DF789D780E6B}.Release|Any CPU.Build.0 = Release|Any CPU
	EndGlobalSection
	GlobalSection(SolutionProperties) = preSolution
		HideSolutionNode = FALSE
	EndGlobalSection
	GlobalSection(ExtensibilityGlobals) = postSolution
		SolutionGuid = {65B77578-ED02-4F65-8EE4-61FB1910BDFF}
	EndGlobalSection
EndGlobal
