
Microsoft Visual Studio Solution File, Format Version 12.00
# Visual Studio 15
VisualStudioVersion = 15.0.27205.2004
MinimumVisualStudioVersion = 10.0.40219.1
Project("{FAE04EC0-301F-11D3-BF4B-00C04F79EFBC}") = "RollingMarble", "RollingMarble\RollingMarble.csproj", "{F71C421A-F82F-458F-BD67-126EC42EE01B}"
EndProject
Global
	GlobalSection(SolutionConfigurationPlatforms) = preSolution
		Debug|ARM = Debug|ARM
		Debug|x64 = Debug|x64
		Debug|x86 = Debug|x86
		Release|ARM = Release|ARM
		Release|x64 = Release|x64
		Release|x86 = Release|x86
	EndGlobalSection
	GlobalSection(ProjectConfigurationPlatforms) = postSolution
		{F71C421A-F82F-458F-BD67-126EC42EE01B}.Debug|ARM.ActiveCfg = Debug|ARM
		{F71C421A-F82F-458F-BD67-126EC42EE01B}.Debug|ARM.Build.0 = Debug|ARM
		{F71C421A-F82F-458F-BD67-126EC42EE01B}.Debug|ARM.Deploy.0 = Debug|ARM
		{F71C421A-F82F-458F-BD67-126EC42EE01B}.Debug|x64.ActiveCfg = Debug|x64
		{F71C421A-F82F-458F-BD67-126EC42EE01B}.Debug|x64.Build.0 = Debug|x64
		{F71C421A-F82F-458F-BD67-126EC42EE01B}.Debug|x64.Deploy.0 = Debug|x64
		{F71C421A-F82F-458F-BD67-126EC42EE01B}.Debug|x86.ActiveCfg = Debug|x86
		{F71C421A-F82F-458F-BD67-126EC42EE01B}.Debug|x86.Build.0 = Debug|x86
		{F71C421A-F82F-458F-BD67-126EC42EE01B}.Debug|x86.Deploy.0 = Debug|x86
		{F71C421A-F82F-458F-BD67-126EC42EE01B}.Release|ARM.ActiveCfg = Release|ARM
		{F71C421A-F82F-458F-BD67-126EC42EE01B}.Release|ARM.Build.0 = Release|ARM
		{F71C421A-F82F-458F-BD67-126EC42EE01B}.Release|ARM.Deploy.0 = Release|ARM
		{F71C421A-F82F-458F-BD67-126EC42EE01B}.Release|x64.ActiveCfg = Release|x64
		{F71C421A-F82F-458F-BD67-126EC42EE01B}.Release|x64.Build.0 = Release|x64
		{F71C421A-F82F-458F-BD67-126EC42EE01B}.Release|x64.Deploy.0 = Release|x64
		{F71C421A-F82F-458F-BD67-126EC42EE01B}.Release|x86.ActiveCfg = Release|x86
		{F71C421A-F82F-458F-BD67-126EC42EE01B}.Release|x86.Build.0 = Release|x86
		{F71C421A-F82F-458F-BD67-126EC42EE01B}.Release|x86.Deploy.0 = Release|x86
	EndGlobalSection
	GlobalSection(SolutionProperties) = preSolution
		HideSolutionNode = FALSE
	EndGlobalSection
	GlobalSection(ExtensibilityGlobals) = postSolution
		SolutionGuid = {B64FC958-7418-459E-BFCE-7AF72D94CE4A}
	EndGlobalSection
EndGlobal
