
Microsoft Visual Studio Solution File, Format Version 12.00
# Visual Studio Version 16
VisualStudioVersion = 16.0.30404.54
MinimumVisualStudioVersion = 10.0.40219.1
Project("{FAE04EC0-301F-11D3-BF4B-00C04F79EFBC}") = "ReadonlyMembersSample", "ReadonlyMembersSample\ReadonlyMembersSample.csproj", "{E0B82A63-B688-4AAA-9532-8278C7B5CC7C}"
EndProject
Global
	GlobalSection(SolutionConfigurationPlatforms) = preSolution
		Debug|Any CPU = Debug|Any CPU
		Release|Any CPU = Release|Any CPU
	EndGlobalSection
	GlobalSection(ProjectConfigurationPlatforms) = postSolution
		{E0B82A63-B688-4AAA-9532-8278C7B5CC7C}.Debug|Any CPU.ActiveCfg = Debug|Any CPU
		{E0B82A63-B688-4AAA-9532-8278C7B5CC7C}.Debug|Any CPU.Build.0 = Debug|Any CPU
		{E0B82A63-B688-4AAA-9532-8278C7B5CC7C}.Release|Any CPU.ActiveCfg = Release|Any CPU
		{E0B82A63-B688-4AAA-9532-8278C7B5CC7C}.Release|Any CPU.Build.0 = Release|Any CPU
	EndGlobalSection
	GlobalSection(SolutionProperties) = preSolution
		HideSolutionNode = FALSE
	EndGlobalSection
	GlobalSection(ExtensibilityGlobals) = postSolution
		SolutionGuid = {D4C5F3EA-77F3-4173-BA04-A1FC0A45F37D}
	EndGlobalSection
EndGlobal
