
Microsoft Visual Studio Solution File, Format Version 12.00
# Visual Studio 15
VisualStudioVersion = 15.0.26730.12
MinimumVisualStudioVersion = 10.0.40219.1
Project("{9A19103F-16F7-4668-BE54-9A1E7A4F7556}") = "DriveInformation", "DriveInformation\DriveInformation.csproj", "{3E7F44A0-2826-47AE-ACB9-0FE4469D9539}"
EndProject
Project("{9A19103F-16F7-4668-BE54-9A1E7A4F7556}") = "StreamSamples", "StreamSamples\StreamSamples.csproj", "{27C174CC-9904-41F3-A539-C2BD548CE71B}"
EndProject
Project("{9A19103F-16F7-4668-BE54-9A1E7A4F7556}") = "ReaderWriterSamples", "ReaderWriterSamples\ReaderWriterSamples.csproj", "{581E5A0D-CA64-4D61-98FE-7808C1AE62CC}"
EndProject
Project("{9A19103F-16F7-4668-BE54-9A1E7A4F7556}") = "CompressFileSample", "CompressFileSample\CompressFileSample.csproj", "{34216666-13CA-4913-A988-7860A50666BD}"
EndProject
Project("{9A19103F-16F7-4668-BE54-9A1E7A4F7556}") = "FileMonitor", "FileMonitor\FileMonitor.csproj", "{6C498506-4137-4D56-BAF4-9AB6D226B26F}"
EndProject
Project("{9A19103F-16F7-4668-BE54-9A1E7A4F7556}") = "MemoryMappedFilesSample", "MemoryMappedFilesSample\MemoryMappedFilesSample.csproj", "{685C9095-690A-48BA-B499-AE6922051D5B}"
EndProject
Project("{9A19103F-16F7-4668-BE54-9A1E7A4F7556}") = "PipesReader", "PipesReader\PipesReader.csproj", "{37B9F3EB-B205-47EF-B704-3311669A866A}"
EndProject
Project("{9A19103F-16F7-4668-BE54-9A1E7A4F7556}") = "PipesWriter", "PipesWriter\PipesWriter.csproj", "{E200CDF7-84F6-4A78-A832-12695D391E3E}"
EndProject
Project("{9A19103F-16F7-4668-BE54-9A1E7A4F7556}") = "AnonymousPipes", "AnonymousPipes\AnonymousPipes.csproj", "{1C4AF3C3-B50E-4929-8AB4-7862FDE181AD}"
EndProject
Project("{FAE04EC0-301F-11D3-BF4B-00C04F79EFBC}") = "WindowsAppEditor", "WindowsAppEditor\WindowsAppEditor.csproj", "{DEDF55AC-95A1-47CE-B4DF-7891E5BCBA76}"
EndProject
Project("{2150E333-8FDC-42A3-9474-1A3956D46DE8}") = "Solution Items", "Solution Items", "{F640C0E3-0985-45AF-9E9B-AC2C2ACAF8C1}"
EndProject
Project("{9A19103F-16F7-4668-BE54-9A1E7A4F7556}") = "WorkingWithFilesAndDirectories", "WorkingWithFilesAndDirectories\WorkingWithFilesAndDirectories.csproj", "{2B37C581-8B0E-4D2D-89CA-41F9116E0C85}"
EndProject
Global
	GlobalSection(SolutionConfigurationPlatforms) = preSolution
		Debug|Any CPU = Debug|Any CPU
		Debug|ARM = Debug|ARM
		Debug|x64 = Debug|x64
		Debug|x86 = Debug|x86
		Release|Any CPU = Release|Any CPU
		Release|ARM = Release|ARM
		Release|x64 = Release|x64
		Release|x86 = Release|x86
	EndGlobalSection
	GlobalSection(ProjectConfigurationPlatforms) = postSolution
		{3E7F44A0-2826-47AE-ACB9-0FE4469D9539}.Debug|Any CPU.ActiveCfg = Debug|Any CPU
		{3E7F44A0-2826-47AE-ACB9-0FE4469D9539}.Debug|Any CPU.Build.0 = Debug|Any CPU
		{3E7F44A0-2826-47AE-ACB9-0FE4469D9539}.Debug|ARM.ActiveCfg = Debug|Any CPU
		{3E7F44A0-2826-47AE-ACB9-0FE4469D9539}.Debug|ARM.Build.0 = Debug|Any CPU
		{3E7F44A0-2826-47AE-ACB9-0FE4469D9539}.Debug|x64.ActiveCfg = Debug|Any CPU
		{3E7F44A0-2826-47AE-ACB9-0FE4469D9539}.Debug|x64.Build.0 = Debug|Any CPU
		{3E7F44A0-2826-47AE-ACB9-0FE4469D9539}.Debug|x86.ActiveCfg = Debug|Any CPU
		{3E7F44A0-2826-47AE-ACB9-0FE4469D9539}.Debug|x86.Build.0 = Debug|Any CPU
		{3E7F44A0-2826-47AE-ACB9-0FE4469D9539}.Release|Any CPU.ActiveCfg = Release|Any CPU
		{3E7F44A0-2826-47AE-ACB9-0FE4469D9539}.Release|Any CPU.Build.0 = Release|Any CPU
		{3E7F44A0-2826-47AE-ACB9-0FE4469D9539}.Release|ARM.ActiveCfg = Release|Any CPU
		{3E7F44A0-2826-47AE-ACB9-0FE4469D9539}.Release|ARM.Build.0 = Release|Any CPU
		{3E7F44A0-2826-47AE-ACB9-0FE4469D9539}.Release|x64.ActiveCfg = Release|Any CPU
		{3E7F44A0-2826-47AE-ACB9-0FE4469D9539}.Release|x64.Build.0 = Release|Any CPU
		{3E7F44A0-2826-47AE-ACB9-0FE4469D9539}.Release|x86.ActiveCfg = Release|Any CPU
		{3E7F44A0-2826-47AE-ACB9-0FE4469D9539}.Release|x86.Build.0 = Release|Any CPU
		{27C174CC-9904-41F3-A539-C2BD548CE71B}.Debug|Any CPU.ActiveCfg = Debug|Any CPU
		{27C174CC-9904-41F3-A539-C2BD548CE71B}.Debug|Any CPU.Build.0 = Debug|Any CPU
		{27C174CC-9904-41F3-A539-C2BD548CE71B}.Debug|ARM.ActiveCfg = Debug|Any CPU
		{27C174CC-9904-41F3-A539-C2BD548CE71B}.Debug|ARM.Build.0 = Debug|Any CPU
		{27C174CC-9904-41F3-A539-C2BD548CE71B}.Debug|x64.ActiveCfg = Debug|Any CPU
		{27C174CC-9904-41F3-A539-C2BD548CE71B}.Debug|x64.Build.0 = Debug|Any CPU
		{27C174CC-9904-41F3-A539-C2BD548CE71B}.Debug|x86.ActiveCfg = Debug|Any CPU
		{27C174CC-9904-41F3-A539-C2BD548CE71B}.Debug|x86.Build.0 = Debug|Any CPU
		{27C174CC-9904-41F3-A539-C2BD548CE71B}.Release|Any CPU.ActiveCfg = Release|Any CPU
		{27C174CC-9904-41F3-A539-C2BD548CE71B}.Release|Any CPU.Build.0 = Release|Any CPU
		{27C174CC-9904-41F3-A539-C2BD548CE71B}.Release|ARM.ActiveCfg = Release|Any CPU
		{27C174CC-9904-41F3-A539-C2BD548CE71B}.Release|ARM.Build.0 = Release|Any CPU
		{27C174CC-9904-41F3-A539-C2BD548CE71B}.Release|x64.ActiveCfg = Release|Any CPU
		{27C174CC-9904-41F3-A539-C2BD548CE71B}.Release|x64.Build.0 = Release|Any CPU
		{27C174CC-9904-41F3-A539-C2BD548CE71B}.Release|x86.ActiveCfg = Release|Any CPU
		{27C174CC-9904-41F3-A539-C2BD548CE71B}.Release|x86.Build.0 = Release|Any CPU
		{581E5A0D-CA64-4D61-98FE-7808C1AE62CC}.Debug|Any CPU.ActiveCfg = Debug|Any CPU
		{581E5A0D-CA64-4D61-98FE-7808C1AE62CC}.Debug|Any CPU.Build.0 = Debug|Any CPU
		{581E5A0D-CA64-4D61-98FE-7808C1AE62CC}.Debug|ARM.ActiveCfg = Debug|Any CPU
		{581E5A0D-CA64-4D61-98FE-7808C1AE62CC}.Debug|ARM.Build.0 = Debug|Any CPU
		{581E5A0D-CA64-4D61-98FE-7808C1AE62CC}.Debug|x64.ActiveCfg = Debug|Any CPU
		{581E5A0D-CA64-4D61-98FE-7808C1AE62CC}.Debug|x64.Build.0 = Debug|Any CPU
		{581E5A0D-CA64-4D61-98FE-7808C1AE62CC}.Debug|x86.ActiveCfg = Debug|Any CPU
		{581E5A0D-CA64-4D61-98FE-7808C1AE62CC}.Debug|x86.Build.0 = Debug|Any CPU
		{581E5A0D-CA64-4D61-98FE-7808C1AE62CC}.Release|Any CPU.ActiveCfg = Release|Any CPU
		{581E5A0D-CA64-4D61-98FE-7808C1AE62CC}.Release|Any CPU.Build.0 = Release|Any CPU
		{581E5A0D-CA64-4D61-98FE-7808C1AE62CC}.Release|ARM.ActiveCfg = Release|Any CPU
		{581E5A0D-CA64-4D61-98FE-7808C1AE62CC}.Release|ARM.Build.0 = Release|Any CPU
		{581E5A0D-CA64-4D61-98FE-7808C1AE62CC}.Release|x64.ActiveCfg = Release|Any CPU
		{581E5A0D-CA64-4D61-98FE-7808C1AE62CC}.Release|x64.Build.0 = Release|Any CPU
		{581E5A0D-CA64-4D61-98FE-7808C1AE62CC}.Release|x86.ActiveCfg = Release|Any CPU
		{581E5A0D-CA64-4D61-98FE-7808C1AE62CC}.Release|x86.Build.0 = Release|Any CPU
		{34216666-13CA-4913-A988-7860A50666BD}.Debug|Any CPU.ActiveCfg = Debug|Any CPU
		{34216666-13CA-4913-A988-7860A50666BD}.Debug|Any CPU.Build.0 = Debug|Any CPU
		{34216666-13CA-4913-A988-7860A50666BD}.Debug|ARM.ActiveCfg = Debug|Any CPU
		{34216666-13CA-4913-A988-7860A50666BD}.Debug|ARM.Build.0 = Debug|Any CPU
		{34216666-13CA-4913-A988-7860A50666BD}.Debug|x64.ActiveCfg = Debug|Any CPU
		{34216666-13CA-4913-A988-7860A50666BD}.Debug|x64.Build.0 = Debug|Any CPU
		{34216666-13CA-4913-A988-7860A50666BD}.Debug|x86.ActiveCfg = Debug|Any CPU
		{34216666-13CA-4913-A988-7860A50666BD}.Debug|x86.Build.0 = Debug|Any CPU
		{34216666-13CA-4913-A988-7860A50666BD}.Release|Any CPU.ActiveCfg = Release|Any CPU
		{34216666-13CA-4913-A988-7860A50666BD}.Release|Any CPU.Build.0 = Release|Any CPU
		{34216666-13CA-4913-A988-7860A50666BD}.Release|ARM.ActiveCfg = Release|Any CPU
		{34216666-13CA-4913-A988-7860A50666BD}.Release|ARM.Build.0 = Release|Any CPU
		{34216666-13CA-4913-A988-7860A50666BD}.Release|x64.ActiveCfg = Release|Any CPU
		{34216666-13CA-4913-A988-7860A50666BD}.Release|x64.Build.0 = Release|Any CPU
		{34216666-13CA-4913-A988-7860A50666BD}.Release|x86.ActiveCfg = Release|Any CPU
		{34216666-13CA-4913-A988-7860A50666BD}.Release|x86.Build.0 = Release|Any CPU
		{6C498506-4137-4D56-BAF4-9AB6D226B26F}.Debug|Any CPU.ActiveCfg = Debug|Any CPU
		{6C498506-4137-4D56-BAF4-9AB6D226B26F}.Debug|Any CPU.Build.0 = Debug|Any CPU
		{6C498506-4137-4D56-BAF4-9AB6D226B26F}.Debug|ARM.ActiveCfg = Debug|Any CPU
		{6C498506-4137-4D56-BAF4-9AB6D226B26F}.Debug|ARM.Build.0 = Debug|Any CPU
		{6C498506-4137-4D56-BAF4-9AB6D226B26F}.Debug|x64.ActiveCfg = Debug|Any CPU
		{6C498506-4137-4D56-BAF4-9AB6D226B26F}.Debug|x64.Build.0 = Debug|Any CPU
		{6C498506-4137-4D56-BAF4-9AB6D226B26F}.Debug|x86.ActiveCfg = Debug|Any CPU
		{6C498506-4137-4D56-BAF4-9AB6D226B26F}.Debug|x86.Build.0 = Debug|Any CPU
		{6C498506-4137-4D56-BAF4-9AB6D226B26F}.Release|Any CPU.ActiveCfg = Release|Any CPU
		{6C498506-4137-4D56-BAF4-9AB6D226B26F}.Release|Any CPU.Build.0 = Release|Any CPU
		{6C498506-4137-4D56-BAF4-9AB6D226B26F}.Release|ARM.ActiveCfg = Release|Any CPU
		{6C498506-4137-4D56-BAF4-9AB6D226B26F}.Release|ARM.Build.0 = Release|Any CPU
		{6C498506-4137-4D56-BAF4-9AB6D226B26F}.Release|x64.ActiveCfg = Release|Any CPU
		{6C498506-4137-4D56-BAF4-9AB6D226B26F}.Release|x64.Build.0 = Release|Any CPU
		{6C498506-4137-4D56-BAF4-9AB6D226B26F}.Release|x86.ActiveCfg = Release|Any CPU
		{6C498506-4137-4D56-BAF4-9AB6D226B26F}.Release|x86.Build.0 = Release|Any CPU
		{685C9095-690A-48BA-B499-AE6922051D5B}.Debug|Any CPU.ActiveCfg = Debug|Any CPU
		{685C9095-690A-48BA-B499-AE6922051D5B}.Debug|Any CPU.Build.0 = Debug|Any CPU
		{685C9095-690A-48BA-B499-AE6922051D5B}.Debug|ARM.ActiveCfg = Debug|Any CPU
		{685C9095-690A-48BA-B499-AE6922051D5B}.Debug|ARM.Build.0 = Debug|Any CPU
		{685C9095-690A-48BA-B499-AE6922051D5B}.Debug|x64.ActiveCfg = Debug|Any CPU
		{685C9095-690A-48BA-B499-AE6922051D5B}.Debug|x64.Build.0 = Debug|Any CPU
		{685C9095-690A-48BA-B499-AE6922051D5B}.Debug|x86.ActiveCfg = Debug|Any CPU
		{685C9095-690A-48BA-B499-AE6922051D5B}.Debug|x86.Build.0 = Debug|Any CPU
		{685C9095-690A-48BA-B499-AE6922051D5B}.Release|Any CPU.ActiveCfg = Release|Any CPU
		{685C9095-690A-48BA-B499-AE6922051D5B}.Release|Any CPU.Build.0 = Release|Any CPU
		{685C9095-690A-48BA-B499-AE6922051D5B}.Release|ARM.ActiveCfg = Release|Any CPU
		{685C9095-690A-48BA-B499-AE6922051D5B}.Release|ARM.Build.0 = Release|Any CPU
		{685C9095-690A-48BA-B499-AE6922051D5B}.Release|x64.ActiveCfg = Release|Any CPU
		{685C9095-690A-48BA-B499-AE6922051D5B}.Release|x64.Build.0 = Release|Any CPU
		{685C9095-690A-48BA-B499-AE6922051D5B}.Release|x86.ActiveCfg = Release|Any CPU
		{685C9095-690A-48BA-B499-AE6922051D5B}.Release|x86.Build.0 = Release|Any CPU
		{37B9F3EB-B205-47EF-B704-3311669A866A}.Debug|Any CPU.ActiveCfg = Debug|Any CPU
		{37B9F3EB-B205-47EF-B704-3311669A866A}.Debug|Any CPU.Build.0 = Debug|Any CPU
		{37B9F3EB-B205-47EF-B704-3311669A866A}.Debug|ARM.ActiveCfg = Debug|Any CPU
		{37B9F3EB-B205-47EF-B704-3311669A866A}.Debug|ARM.Build.0 = Debug|Any CPU
		{37B9F3EB-B205-47EF-B704-3311669A866A}.Debug|x64.ActiveCfg = Debug|Any CPU
		{37B9F3EB-B205-47EF-B704-3311669A866A}.Debug|x64.Build.0 = Debug|Any CPU
		{37B9F3EB-B205-47EF-B704-3311669A866A}.Debug|x86.ActiveCfg = Debug|Any CPU
		{37B9F3EB-B205-47EF-B704-3311669A866A}.Debug|x86.Build.0 = Debug|Any CPU
		{37B9F3EB-B205-47EF-B704-3311669A866A}.Release|Any CPU.ActiveCfg = Release|Any CPU
		{37B9F3EB-B205-47EF-B704-3311669A866A}.Release|Any CPU.Build.0 = Release|Any CPU
		{37B9F3EB-B205-47EF-B704-3311669A866A}.Release|ARM.ActiveCfg = Release|Any CPU
		{37B9F3EB-B205-47EF-B704-3311669A866A}.Release|ARM.Build.0 = Release|Any CPU
		{37B9F3EB-B205-47EF-B704-3311669A866A}.Release|x64.ActiveCfg = Release|Any CPU
		{37B9F3EB-B205-47EF-B704-3311669A866A}.Release|x64.Build.0 = Release|Any CPU
		{37B9F3EB-B205-47EF-B704-3311669A866A}.Release|x86.ActiveCfg = Release|Any CPU
		{37B9F3EB-B205-47EF-B704-3311669A866A}.Release|x86.Build.0 = Release|Any CPU
		{E200CDF7-84F6-4A78-A832-12695D391E3E}.Debug|Any CPU.ActiveCfg = Debug|Any CPU
		{E200CDF7-84F6-4A78-A832-12695D391E3E}.Debug|Any CPU.Build.0 = Debug|Any CPU
		{E200CDF7-84F6-4A78-A832-12695D391E3E}.Debug|ARM.ActiveCfg = Debug|Any CPU
		{E200CDF7-84F6-4A78-A832-12695D391E3E}.Debug|ARM.Build.0 = Debug|Any CPU
		{E200CDF7-84F6-4A78-A832-12695D391E3E}.Debug|x64.ActiveCfg = Debug|Any CPU
		{E200CDF7-84F6-4A78-A832-12695D391E3E}.Debug|x64.Build.0 = Debug|Any CPU
		{E200CDF7-84F6-4A78-A832-12695D391E3E}.Debug|x86.ActiveCfg = Debug|Any CPU
		{E200CDF7-84F6-4A78-A832-12695D391E3E}.Debug|x86.Build.0 = Debug|Any CPU
		{E200CDF7-84F6-4A78-A832-12695D391E3E}.Release|Any CPU.ActiveCfg = Release|Any CPU
		{E200CDF7-84F6-4A78-A832-12695D391E3E}.Release|Any CPU.Build.0 = Release|Any CPU
		{E200CDF7-84F6-4A78-A832-12695D391E3E}.Release|ARM.ActiveCfg = Release|Any CPU
		{E200CDF7-84F6-4A78-A832-12695D391E3E}.Release|ARM.Build.0 = Release|Any CPU
		{E200CDF7-84F6-4A78-A832-12695D391E3E}.Release|x64.ActiveCfg = Release|Any CPU
		{E200CDF7-84F6-4A78-A832-12695D391E3E}.Release|x64.Build.0 = Release|Any CPU
		{E200CDF7-84F6-4A78-A832-12695D391E3E}.Release|x86.ActiveCfg = Release|Any CPU
		{E200CDF7-84F6-4A78-A832-12695D391E3E}.Release|x86.Build.0 = Release|Any CPU
		{1C4AF3C3-B50E-4929-8AB4-7862FDE181AD}.Debug|Any CPU.ActiveCfg = Debug|Any CPU
		{1C4AF3C3-B50E-4929-8AB4-7862FDE181AD}.Debug|Any CPU.Build.0 = Debug|Any CPU
		{1C4AF3C3-B50E-4929-8AB4-7862FDE181AD}.Debug|ARM.ActiveCfg = Debug|Any CPU
		{1C4AF3C3-B50E-4929-8AB4-7862FDE181AD}.Debug|ARM.Build.0 = Debug|Any CPU
		{1C4AF3C3-B50E-4929-8AB4-7862FDE181AD}.Debug|x64.ActiveCfg = Debug|Any CPU
		{1C4AF3C3-B50E-4929-8AB4-7862FDE181AD}.Debug|x64.Build.0 = Debug|Any CPU
		{1C4AF3C3-B50E-4929-8AB4-7862FDE181AD}.Debug|x86.ActiveCfg = Debug|Any CPU
		{1C4AF3C3-B50E-4929-8AB4-7862FDE181AD}.Debug|x86.Build.0 = Debug|Any CPU
		{1C4AF3C3-B50E-4929-8AB4-7862FDE181AD}.Release|Any CPU.ActiveCfg = Release|Any CPU
		{1C4AF3C3-B50E-4929-8AB4-7862FDE181AD}.Release|Any CPU.Build.0 = Release|Any CPU
		{1C4AF3C3-B50E-4929-8AB4-7862FDE181AD}.Release|ARM.ActiveCfg = Release|Any CPU
		{1C4AF3C3-B50E-4929-8AB4-7862FDE181AD}.Release|ARM.Build.0 = Release|Any CPU
		{1C4AF3C3-B50E-4929-8AB4-7862FDE181AD}.Release|x64.ActiveCfg = Release|Any CPU
		{1C4AF3C3-B50E-4929-8AB4-7862FDE181AD}.Release|x64.Build.0 = Release|Any CPU
		{1C4AF3C3-B50E-4929-8AB4-7862FDE181AD}.Release|x86.ActiveCfg = Release|Any CPU
		{1C4AF3C3-B50E-4929-8AB4-7862FDE181AD}.Release|x86.Build.0 = Release|Any CPU
		{DEDF55AC-95A1-47CE-B4DF-7891E5BCBA76}.Debug|Any CPU.ActiveCfg = Debug|x86
		{DEDF55AC-95A1-47CE-B4DF-7891E5BCBA76}.Debug|Any CPU.Build.0 = Debug|x86
		{DEDF55AC-95A1-47CE-B4DF-7891E5BCBA76}.Debug|Any CPU.Deploy.0 = Debug|x86
		{DEDF55AC-95A1-47CE-B4DF-7891E5BCBA76}.Debug|ARM.ActiveCfg = Debug|ARM
		{DEDF55AC-95A1-47CE-B4DF-7891E5BCBA76}.Debug|ARM.Build.0 = Debug|ARM
		{DEDF55AC-95A1-47CE-B4DF-7891E5BCBA76}.Debug|ARM.Deploy.0 = Debug|ARM
		{DEDF55AC-95A1-47CE-B4DF-7891E5BCBA76}.Debug|x64.ActiveCfg = Debug|x64
		{DEDF55AC-95A1-47CE-B4DF-7891E5BCBA76}.Debug|x64.Build.0 = Debug|x64
		{DEDF55AC-95A1-47CE-B4DF-7891E5BCBA76}.Debug|x64.Deploy.0 = Debug|x64
		{DEDF55AC-95A1-47CE-B4DF-7891E5BCBA76}.Debug|x86.ActiveCfg = Debug|x86
		{DEDF55AC-95A1-47CE-B4DF-7891E5BCBA76}.Debug|x86.Build.0 = Debug|x86
		{DEDF55AC-95A1-47CE-B4DF-7891E5BCBA76}.Debug|x86.Deploy.0 = Debug|x86
		{DEDF55AC-95A1-47CE-B4DF-7891E5BCBA76}.Release|Any CPU.ActiveCfg = Release|x86
		{DEDF55AC-95A1-47CE-B4DF-7891E5BCBA76}.Release|ARM.ActiveCfg = Release|ARM
		{DEDF55AC-95A1-47CE-B4DF-7891E5BCBA76}.Release|ARM.Build.0 = Release|ARM
		{DEDF55AC-95A1-47CE-B4DF-7891E5BCBA76}.Release|ARM.Deploy.0 = Release|ARM
		{DEDF55AC-95A1-47CE-B4DF-7891E5BCBA76}.Release|x64.ActiveCfg = Release|x64
		{DEDF55AC-95A1-47CE-B4DF-7891E5BCBA76}.Release|x64.Build.0 = Release|x64
		{DEDF55AC-95A1-47CE-B4DF-7891E5BCBA76}.Release|x64.Deploy.0 = Release|x64
		{DEDF55AC-95A1-47CE-B4DF-7891E5BCBA76}.Release|x86.ActiveCfg = Release|x86
		{DEDF55AC-95A1-47CE-B4DF-7891E5BCBA76}.Release|x86.Build.0 = Release|x86
		{DEDF55AC-95A1-47CE-B4DF-7891E5BCBA76}.Release|x86.Deploy.0 = Release|x86
		{2B37C581-8B0E-4D2D-89CA-41F9116E0C85}.Debug|Any CPU.ActiveCfg = Debug|Any CPU
		{2B37C581-8B0E-4D2D-89CA-41F9116E0C85}.Debug|Any CPU.Build.0 = Debug|Any CPU
		{2B37C581-8B0E-4D2D-89CA-41F9116E0C85}.Debug|ARM.ActiveCfg = Debug|Any CPU
		{2B37C581-8B0E-4D2D-89CA-41F9116E0C85}.Debug|ARM.Build.0 = Debug|Any CPU
		{2B37C581-8B0E-4D2D-89CA-41F9116E0C85}.Debug|x64.ActiveCfg = Debug|Any CPU
		{2B37C581-8B0E-4D2D-89CA-41F9116E0C85}.Debug|x64.Build.0 = Debug|Any CPU
		{2B37C581-8B0E-4D2D-89CA-41F9116E0C85}.Debug|x86.ActiveCfg = Debug|Any CPU
		{2B37C581-8B0E-4D2D-89CA-41F9116E0C85}.Debug|x86.Build.0 = Debug|Any CPU
		{2B37C581-8B0E-4D2D-89CA-41F9116E0C85}.Release|Any CPU.ActiveCfg = Release|Any CPU
		{2B37C581-8B0E-4D2D-89CA-41F9116E0C85}.Release|Any CPU.Build.0 = Release|Any CPU
		{2B37C581-8B0E-4D2D-89CA-41F9116E0C85}.Release|ARM.ActiveCfg = Release|Any CPU
		{2B37C581-8B0E-4D2D-89CA-41F9116E0C85}.Release|ARM.Build.0 = Release|Any CPU
		{2B37C581-8B0E-4D2D-89CA-41F9116E0C85}.Release|x64.ActiveCfg = Release|Any CPU
		{2B37C581-8B0E-4D2D-89CA-41F9116E0C85}.Release|x64.Build.0 = Release|Any CPU
		{2B37C581-8B0E-4D2D-89CA-41F9116E0C85}.Release|x86.ActiveCfg = Release|Any CPU
		{2B37C581-8B0E-4D2D-89CA-41F9116E0C85}.Release|x86.Build.0 = Release|Any CPU
	EndGlobalSection
	GlobalSection(SolutionProperties) = preSolution
		HideSolutionNode = FALSE
	EndGlobalSection
	GlobalSection(ExtensibilityGlobals) = postSolution
		SolutionGuid = {D8766965-9A0D-449F-BADB-6397E6DEF704}
	EndGlobalSection
EndGlobal
