
Microsoft Visual Studio Solution File, Format Version 12.00
# Visual Studio 15
VisualStudioVersion = 15.0.27130.2027
MinimumVisualStudioVersion = 10.0.40219.1
Project("{FAE04EC0-301F-11D3-BF4B-00C04F79EFBC}") = "Brushes", "Brushes\Brushes.csproj", "{10C2497A-141F-4C55-89F6-74AED8C973C3}"
EndProject
Project("{FAE04EC0-301F-11D3-BF4B-00C04F79EFBC}") = "Shapes", "Shapes\Shapes.csproj", "{5D13DF23-D0FA-4DE7-8777-9422577EE4EA}"
EndProject
Project("{FAE04EC0-301F-11D3-BF4B-00C04F79EFBC}") = "Geometries", "Geometries\Geometries.csproj", "{8038ACE2-8F3B-4F77-8513-D8054E40FAD3}"
EndProject
Project("{FAE04EC0-301F-11D3-BF4B-00C04F79EFBC}") = "Transformations", "Transformations\Transformations.csproj", "{B14679CA-ADB6-4A40-A8E3-0EE473895067}"
EndProject
Project("{FAE04EC0-301F-11D3-BF4B-00C04F79EFBC}") = "StylesAndResources", "StylesAndResources\StylesAndResources.csproj", "{2A7295D3-C6E6-4F45-9C42-F451E0B2C5FA}"
EndProject
Project("{FAE04EC0-301F-11D3-BF4B-00C04F79EFBC}") = "ResourcesLib", "ResourcesLib\ResourcesLib.csproj", "{9A6521AA-55EF-4284-8B5E-95392DD8421B}"
EndProject
Project("{FAE04EC0-301F-11D3-BF4B-00C04F79EFBC}") = "Animation", "Animation\Animation.csproj", "{76BE8493-6816-4CC9-9DA4-6C8FD539DEF5}"
EndProject
Project("{FAE04EC0-301F-11D3-BF4B-00C04F79EFBC}") = "Transitions", "Transitions\Transitions.csproj", "{E8925F9A-F39E-4340-9B58-E64466C503D9}"
EndProject
Project("{FAE04EC0-301F-11D3-BF4B-00C04F79EFBC}") = "Templates", "Templates\Templates.csproj", "{88DB8278-2BEE-46F1-A914-3356A61EBE24}"
EndProject
Project("{9A19103F-16F7-4668-BE54-9A1E7A4F7556}") = "Models", "Models\Models.csproj", "{71F4CD8B-4D92-41D0-9DA3-A4DE7BF03671}"
EndProject
Project("{FAE04EC0-301F-11D3-BF4B-00C04F79EFBC}") = "VisualStates", "VisualStates\VisualStates.csproj", "{48DF5AD0-E3EE-41BC-A38D-03DB427260AC}"
EndProject
Global
	GlobalSection(SolutionConfigurationPlatforms) = preSolution
		Debug|Any CPU = Debug|Any CPU
		Debug|ARM = Debug|ARM
		Debug|x64 = Debug|x64
		Debug|x86 = Debug|x86
		Release|Any CPU = Release|Any CPU
		Release|ARM = Release|ARM
		Release|x64 = Release|x64
		Release|x86 = Release|x86
	EndGlobalSection
	GlobalSection(ProjectConfigurationPlatforms) = postSolution
		{10C2497A-141F-4C55-89F6-74AED8C973C3}.Debug|Any CPU.ActiveCfg = Debug|x86
		{10C2497A-141F-4C55-89F6-74AED8C973C3}.Debug|Any CPU.Build.0 = Debug|x86
		{10C2497A-141F-4C55-89F6-74AED8C973C3}.Debug|Any CPU.Deploy.0 = Debug|x86
		{10C2497A-141F-4C55-89F6-74AED8C973C3}.Debug|ARM.ActiveCfg = Debug|ARM
		{10C2497A-141F-4C55-89F6-74AED8C973C3}.Debug|ARM.Build.0 = Debug|ARM
		{10C2497A-141F-4C55-89F6-74AED8C973C3}.Debug|ARM.Deploy.0 = Debug|ARM
		{10C2497A-141F-4C55-89F6-74AED8C973C3}.Debug|x64.ActiveCfg = Debug|x64
		{10C2497A-141F-4C55-89F6-74AED8C973C3}.Debug|x64.Build.0 = Debug|x64
		{10C2497A-141F-4C55-89F6-74AED8C973C3}.Debug|x64.Deploy.0 = Debug|x64
		{10C2497A-141F-4C55-89F6-74AED8C973C3}.Debug|x86.ActiveCfg = Debug|x86
		{10C2497A-141F-4C55-89F6-74AED8C973C3}.Debug|x86.Build.0 = Debug|x86
		{10C2497A-141F-4C55-89F6-74AED8C973C3}.Debug|x86.Deploy.0 = Debug|x86
		{10C2497A-141F-4C55-89F6-74AED8C973C3}.Release|Any CPU.ActiveCfg = Release|x86
		{10C2497A-141F-4C55-89F6-74AED8C973C3}.Release|ARM.ActiveCfg = Release|ARM
		{10C2497A-141F-4C55-89F6-74AED8C973C3}.Release|ARM.Build.0 = Release|ARM
		{10C2497A-141F-4C55-89F6-74AED8C973C3}.Release|ARM.Deploy.0 = Release|ARM
		{10C2497A-141F-4C55-89F6-74AED8C973C3}.Release|x64.ActiveCfg = Release|x64
		{10C2497A-141F-4C55-89F6-74AED8C973C3}.Release|x64.Build.0 = Release|x64
		{10C2497A-141F-4C55-89F6-74AED8C973C3}.Release|x64.Deploy.0 = Release|x64
		{10C2497A-141F-4C55-89F6-74AED8C973C3}.Release|x86.ActiveCfg = Release|x86
		{10C2497A-141F-4C55-89F6-74AED8C973C3}.Release|x86.Build.0 = Release|x86
		{10C2497A-141F-4C55-89F6-74AED8C973C3}.Release|x86.Deploy.0 = Release|x86
		{5D13DF23-D0FA-4DE7-8777-9422577EE4EA}.Debug|Any CPU.ActiveCfg = Debug|x86
		{5D13DF23-D0FA-4DE7-8777-9422577EE4EA}.Debug|Any CPU.Build.0 = Debug|x86
		{5D13DF23-D0FA-4DE7-8777-9422577EE4EA}.Debug|Any CPU.Deploy.0 = Debug|x86
		{5D13DF23-D0FA-4DE7-8777-9422577EE4EA}.Debug|ARM.ActiveCfg = Debug|ARM
		{5D13DF23-D0FA-4DE7-8777-9422577EE4EA}.Debug|ARM.Build.0 = Debug|ARM
		{5D13DF23-D0FA-4DE7-8777-9422577EE4EA}.Debug|ARM.Deploy.0 = Debug|ARM
		{5D13DF23-D0FA-4DE7-8777-9422577EE4EA}.Debug|x64.ActiveCfg = Debug|x64
		{5D13DF23-D0FA-4DE7-8777-9422577EE4EA}.Debug|x64.Build.0 = Debug|x64
		{5D13DF23-D0FA-4DE7-8777-9422577EE4EA}.Debug|x64.Deploy.0 = Debug|x64
		{5D13DF23-D0FA-4DE7-8777-9422577EE4EA}.Debug|x86.ActiveCfg = Debug|x86
		{5D13DF23-D0FA-4DE7-8777-9422577EE4EA}.Debug|x86.Build.0 = Debug|x86
		{5D13DF23-D0FA-4DE7-8777-9422577EE4EA}.Debug|x86.Deploy.0 = Debug|x86
		{5D13DF23-D0FA-4DE7-8777-9422577EE4EA}.Release|Any CPU.ActiveCfg = Release|x86
		{5D13DF23-D0FA-4DE7-8777-9422577EE4EA}.Release|ARM.ActiveCfg = Release|ARM
		{5D13DF23-D0FA-4DE7-8777-9422577EE4EA}.Release|ARM.Build.0 = Release|ARM
		{5D13DF23-D0FA-4DE7-8777-9422577EE4EA}.Release|ARM.Deploy.0 = Release|ARM
		{5D13DF23-D0FA-4DE7-8777-9422577EE4EA}.Release|x64.ActiveCfg = Release|x64
		{5D13DF23-D0FA-4DE7-8777-9422577EE4EA}.Release|x64.Build.0 = Release|x64
		{5D13DF23-D0FA-4DE7-8777-9422577EE4EA}.Release|x64.Deploy.0 = Release|x64
		{5D13DF23-D0FA-4DE7-8777-9422577EE4EA}.Release|x86.ActiveCfg = Release|x86
		{5D13DF23-D0FA-4DE7-8777-9422577EE4EA}.Release|x86.Build.0 = Release|x86
		{5D13DF23-D0FA-4DE7-8777-9422577EE4EA}.Release|x86.Deploy.0 = Release|x86
		{8038ACE2-8F3B-4F77-8513-D8054E40FAD3}.Debug|Any CPU.ActiveCfg = Debug|x86
		{8038ACE2-8F3B-4F77-8513-D8054E40FAD3}.Debug|Any CPU.Build.0 = Debug|x86
		{8038ACE2-8F3B-4F77-8513-D8054E40FAD3}.Debug|Any CPU.Deploy.0 = Debug|x86
		{8038ACE2-8F3B-4F77-8513-D8054E40FAD3}.Debug|ARM.ActiveCfg = Debug|ARM
		{8038ACE2-8F3B-4F77-8513-D8054E40FAD3}.Debug|ARM.Build.0 = Debug|ARM
		{8038ACE2-8F3B-4F77-8513-D8054E40FAD3}.Debug|ARM.Deploy.0 = Debug|ARM
		{8038ACE2-8F3B-4F77-8513-D8054E40FAD3}.Debug|x64.ActiveCfg = Debug|x64
		{8038ACE2-8F3B-4F77-8513-D8054E40FAD3}.Debug|x64.Build.0 = Debug|x64
		{8038ACE2-8F3B-4F77-8513-D8054E40FAD3}.Debug|x64.Deploy.0 = Debug|x64
		{8038ACE2-8F3B-4F77-8513-D8054E40FAD3}.Debug|x86.ActiveCfg = Debug|x86
		{8038ACE2-8F3B-4F77-8513-D8054E40FAD3}.Debug|x86.Build.0 = Debug|x86
		{8038ACE2-8F3B-4F77-8513-D8054E40FAD3}.Debug|x86.Deploy.0 = Debug|x86
		{8038ACE2-8F3B-4F77-8513-D8054E40FAD3}.Release|Any CPU.ActiveCfg = Release|x86
		{8038ACE2-8F3B-4F77-8513-D8054E40FAD3}.Release|ARM.ActiveCfg = Release|ARM
		{8038ACE2-8F3B-4F77-8513-D8054E40FAD3}.Release|ARM.Build.0 = Release|ARM
		{8038ACE2-8F3B-4F77-8513-D8054E40FAD3}.Release|ARM.Deploy.0 = Release|ARM
		{8038ACE2-8F3B-4F77-8513-D8054E40FAD3}.Release|x64.ActiveCfg = Release|x64
		{8038ACE2-8F3B-4F77-8513-D8054E40FAD3}.Release|x64.Build.0 = Release|x64
		{8038ACE2-8F3B-4F77-8513-D8054E40FAD3}.Release|x64.Deploy.0 = Release|x64
		{8038ACE2-8F3B-4F77-8513-D8054E40FAD3}.Release|x86.ActiveCfg = Release|x86
		{8038ACE2-8F3B-4F77-8513-D8054E40FAD3}.Release|x86.Build.0 = Release|x86
		{8038ACE2-8F3B-4F77-8513-D8054E40FAD3}.Release|x86.Deploy.0 = Release|x86
		{B14679CA-ADB6-4A40-A8E3-0EE473895067}.Debug|Any CPU.ActiveCfg = Debug|x86
		{B14679CA-ADB6-4A40-A8E3-0EE473895067}.Debug|Any CPU.Build.0 = Debug|x86
		{B14679CA-ADB6-4A40-A8E3-0EE473895067}.Debug|Any CPU.Deploy.0 = Debug|x86
		{B14679CA-ADB6-4A40-A8E3-0EE473895067}.Debug|ARM.ActiveCfg = Debug|ARM
		{B14679CA-ADB6-4A40-A8E3-0EE473895067}.Debug|ARM.Build.0 = Debug|ARM
		{B14679CA-ADB6-4A40-A8E3-0EE473895067}.Debug|ARM.Deploy.0 = Debug|ARM
		{B14679CA-ADB6-4A40-A8E3-0EE473895067}.Debug|x64.ActiveCfg = Debug|x64
		{B14679CA-ADB6-4A40-A8E3-0EE473895067}.Debug|x64.Build.0 = Debug|x64
		{B14679CA-ADB6-4A40-A8E3-0EE473895067}.Debug|x64.Deploy.0 = Debug|x64
		{B14679CA-ADB6-4A40-A8E3-0EE473895067}.Debug|x86.ActiveCfg = Debug|x86
		{B14679CA-ADB6-4A40-A8E3-0EE473895067}.Debug|x86.Build.0 = Debug|x86
		{B14679CA-ADB6-4A40-A8E3-0EE473895067}.Debug|x86.Deploy.0 = Debug|x86
		{B14679CA-ADB6-4A40-A8E3-0EE473895067}.Release|Any CPU.ActiveCfg = Release|x86
		{B14679CA-ADB6-4A40-A8E3-0EE473895067}.Release|ARM.ActiveCfg = Release|ARM
		{B14679CA-ADB6-4A40-A8E3-0EE473895067}.Release|ARM.Build.0 = Release|ARM
		{B14679CA-ADB6-4A40-A8E3-0EE473895067}.Release|ARM.Deploy.0 = Release|ARM
		{B14679CA-ADB6-4A40-A8E3-0EE473895067}.Release|x64.ActiveCfg = Release|x64
		{B14679CA-ADB6-4A40-A8E3-0EE473895067}.Release|x64.Build.0 = Release|x64
		{B14679CA-ADB6-4A40-A8E3-0EE473895067}.Release|x64.Deploy.0 = Release|x64
		{B14679CA-ADB6-4A40-A8E3-0EE473895067}.Release|x86.ActiveCfg = Release|x86
		{B14679CA-ADB6-4A40-A8E3-0EE473895067}.Release|x86.Build.0 = Release|x86
		{B14679CA-ADB6-4A40-A8E3-0EE473895067}.Release|x86.Deploy.0 = Release|x86
		{2A7295D3-C6E6-4F45-9C42-F451E0B2C5FA}.Debug|Any CPU.ActiveCfg = Debug|x86
		{2A7295D3-C6E6-4F45-9C42-F451E0B2C5FA}.Debug|Any CPU.Build.0 = Debug|x86
		{2A7295D3-C6E6-4F45-9C42-F451E0B2C5FA}.Debug|Any CPU.Deploy.0 = Debug|x86
		{2A7295D3-C6E6-4F45-9C42-F451E0B2C5FA}.Debug|ARM.ActiveCfg = Debug|ARM
		{2A7295D3-C6E6-4F45-9C42-F451E0B2C5FA}.Debug|ARM.Build.0 = Debug|ARM
		{2A7295D3-C6E6-4F45-9C42-F451E0B2C5FA}.Debug|ARM.Deploy.0 = Debug|ARM
		{2A7295D3-C6E6-4F45-9C42-F451E0B2C5FA}.Debug|x64.ActiveCfg = Debug|x64
		{2A7295D3-C6E6-4F45-9C42-F451E0B2C5FA}.Debug|x64.Build.0 = Debug|x64
		{2A7295D3-C6E6-4F45-9C42-F451E0B2C5FA}.Debug|x64.Deploy.0 = Debug|x64
		{2A7295D3-C6E6-4F45-9C42-F451E0B2C5FA}.Debug|x86.ActiveCfg = Debug|x86
		{2A7295D3-C6E6-4F45-9C42-F451E0B2C5FA}.Debug|x86.Build.0 = Debug|x86
		{2A7295D3-C6E6-4F45-9C42-F451E0B2C5FA}.Debug|x86.Deploy.0 = Debug|x86
		{2A7295D3-C6E6-4F45-9C42-F451E0B2C5FA}.Release|Any CPU.ActiveCfg = Release|x86
		{2A7295D3-C6E6-4F45-9C42-F451E0B2C5FA}.Release|ARM.ActiveCfg = Release|ARM
		{2A7295D3-C6E6-4F45-9C42-F451E0B2C5FA}.Release|ARM.Build.0 = Release|ARM
		{2A7295D3-C6E6-4F45-9C42-F451E0B2C5FA}.Release|ARM.Deploy.0 = Release|ARM
		{2A7295D3-C6E6-4F45-9C42-F451E0B2C5FA}.Release|x64.ActiveCfg = Release|x64
		{2A7295D3-C6E6-4F45-9C42-F451E0B2C5FA}.Release|x64.Build.0 = Release|x64
		{2A7295D3-C6E6-4F45-9C42-F451E0B2C5FA}.Release|x64.Deploy.0 = Release|x64
		{2A7295D3-C6E6-4F45-9C42-F451E0B2C5FA}.Release|x86.ActiveCfg = Release|x86
		{2A7295D3-C6E6-4F45-9C42-F451E0B2C5FA}.Release|x86.Build.0 = Release|x86
		{2A7295D3-C6E6-4F45-9C42-F451E0B2C5FA}.Release|x86.Deploy.0 = Release|x86
		{9A6521AA-55EF-4284-8B5E-95392DD8421B}.Debug|Any CPU.ActiveCfg = Debug|Any CPU
		{9A6521AA-55EF-4284-8B5E-95392DD8421B}.Debug|Any CPU.Build.0 = Debug|Any CPU
		{9A6521AA-55EF-4284-8B5E-95392DD8421B}.Debug|ARM.ActiveCfg = Debug|ARM
		{9A6521AA-55EF-4284-8B5E-95392DD8421B}.Debug|ARM.Build.0 = Debug|ARM
		{9A6521AA-55EF-4284-8B5E-95392DD8421B}.Debug|x64.ActiveCfg = Debug|x64
		{9A6521AA-55EF-4284-8B5E-95392DD8421B}.Debug|x64.Build.0 = Debug|x64
		{9A6521AA-55EF-4284-8B5E-95392DD8421B}.Debug|x86.ActiveCfg = Debug|x86
		{9A6521AA-55EF-4284-8B5E-95392DD8421B}.Debug|x86.Build.0 = Debug|x86
		{9A6521AA-55EF-4284-8B5E-95392DD8421B}.Release|Any CPU.ActiveCfg = Release|Any CPU
		{9A6521AA-55EF-4284-8B5E-95392DD8421B}.Release|Any CPU.Build.0 = Release|Any CPU
		{9A6521AA-55EF-4284-8B5E-95392DD8421B}.Release|ARM.ActiveCfg = Release|ARM
		{9A6521AA-55EF-4284-8B5E-95392DD8421B}.Release|ARM.Build.0 = Release|ARM
		{9A6521AA-55EF-4284-8B5E-95392DD8421B}.Release|x64.ActiveCfg = Release|x64
		{9A6521AA-55EF-4284-8B5E-95392DD8421B}.Release|x64.Build.0 = Release|x64
		{9A6521AA-55EF-4284-8B5E-95392DD8421B}.Release|x86.ActiveCfg = Release|x86
		{9A6521AA-55EF-4284-8B5E-95392DD8421B}.Release|x86.Build.0 = Release|x86
		{76BE8493-6816-4CC9-9DA4-6C8FD539DEF5}.Debug|Any CPU.ActiveCfg = Debug|x86
		{76BE8493-6816-4CC9-9DA4-6C8FD539DEF5}.Debug|Any CPU.Build.0 = Debug|x86
		{76BE8493-6816-4CC9-9DA4-6C8FD539DEF5}.Debug|Any CPU.Deploy.0 = Debug|x86
		{76BE8493-6816-4CC9-9DA4-6C8FD539DEF5}.Debug|ARM.ActiveCfg = Debug|ARM
		{76BE8493-6816-4CC9-9DA4-6C8FD539DEF5}.Debug|ARM.Build.0 = Debug|ARM
		{76BE8493-6816-4CC9-9DA4-6C8FD539DEF5}.Debug|ARM.Deploy.0 = Debug|ARM
		{76BE8493-6816-4CC9-9DA4-6C8FD539DEF5}.Debug|x64.ActiveCfg = Debug|x64
		{76BE8493-6816-4CC9-9DA4-6C8FD539DEF5}.Debug|x64.Build.0 = Debug|x64
		{76BE8493-6816-4CC9-9DA4-6C8FD539DEF5}.Debug|x64.Deploy.0 = Debug|x64
		{76BE8493-6816-4CC9-9DA4-6C8FD539DEF5}.Debug|x86.ActiveCfg = Debug|x86
		{76BE8493-6816-4CC9-9DA4-6C8FD539DEF5}.Debug|x86.Build.0 = Debug|x86
		{76BE8493-6816-4CC9-9DA4-6C8FD539DEF5}.Debug|x86.Deploy.0 = Debug|x86
		{76BE8493-6816-4CC9-9DA4-6C8FD539DEF5}.Release|Any CPU.ActiveCfg = Release|x86
		{76BE8493-6816-4CC9-9DA4-6C8FD539DEF5}.Release|ARM.ActiveCfg = Release|ARM
		{76BE8493-6816-4CC9-9DA4-6C8FD539DEF5}.Release|ARM.Build.0 = Release|ARM
		{76BE8493-6816-4CC9-9DA4-6C8FD539DEF5}.Release|ARM.Deploy.0 = Release|ARM
		{76BE8493-6816-4CC9-9DA4-6C8FD539DEF5}.Release|x64.ActiveCfg = Release|x64
		{76BE8493-6816-4CC9-9DA4-6C8FD539DEF5}.Release|x64.Build.0 = Release|x64
		{76BE8493-6816-4CC9-9DA4-6C8FD539DEF5}.Release|x64.Deploy.0 = Release|x64
		{76BE8493-6816-4CC9-9DA4-6C8FD539DEF5}.Release|x86.ActiveCfg = Release|x86
		{76BE8493-6816-4CC9-9DA4-6C8FD539DEF5}.Release|x86.Build.0 = Release|x86
		{76BE8493-6816-4CC9-9DA4-6C8FD539DEF5}.Release|x86.Deploy.0 = Release|x86
		{E8925F9A-F39E-4340-9B58-E64466C503D9}.Debug|Any CPU.ActiveCfg = Debug|x86
		{E8925F9A-F39E-4340-9B58-E64466C503D9}.Debug|Any CPU.Build.0 = Debug|x86
		{E8925F9A-F39E-4340-9B58-E64466C503D9}.Debug|Any CPU.Deploy.0 = Debug|x86
		{E8925F9A-F39E-4340-9B58-E64466C503D9}.Debug|ARM.ActiveCfg = Debug|ARM
		{E8925F9A-F39E-4340-9B58-E64466C503D9}.Debug|ARM.Build.0 = Debug|ARM
		{E8925F9A-F39E-4340-9B58-E64466C503D9}.Debug|ARM.Deploy.0 = Debug|ARM
		{E8925F9A-F39E-4340-9B58-E64466C503D9}.Debug|x64.ActiveCfg = Debug|x64
		{E8925F9A-F39E-4340-9B58-E64466C503D9}.Debug|x64.Build.0 = Debug|x64
		{E8925F9A-F39E-4340-9B58-E64466C503D9}.Debug|x64.Deploy.0 = Debug|x64
		{E8925F9A-F39E-4340-9B58-E64466C503D9}.Debug|x86.ActiveCfg = Debug|x86
		{E8925F9A-F39E-4340-9B58-E64466C503D9}.Debug|x86.Build.0 = Debug|x86
		{E8925F9A-F39E-4340-9B58-E64466C503D9}.Debug|x86.Deploy.0 = Debug|x86
		{E8925F9A-F39E-4340-9B58-E64466C503D9}.Release|Any CPU.ActiveCfg = Release|x86
		{E8925F9A-F39E-4340-9B58-E64466C503D9}.Release|ARM.ActiveCfg = Release|ARM
		{E8925F9A-F39E-4340-9B58-E64466C503D9}.Release|ARM.Build.0 = Release|ARM
		{E8925F9A-F39E-4340-9B58-E64466C503D9}.Release|ARM.Deploy.0 = Release|ARM
		{E8925F9A-F39E-4340-9B58-E64466C503D9}.Release|x64.ActiveCfg = Release|x64
		{E8925F9A-F39E-4340-9B58-E64466C503D9}.Release|x64.Build.0 = Release|x64
		{E8925F9A-F39E-4340-9B58-E64466C503D9}.Release|x64.Deploy.0 = Release|x64
		{E8925F9A-F39E-4340-9B58-E64466C503D9}.Release|x86.ActiveCfg = Release|x86
		{E8925F9A-F39E-4340-9B58-E64466C503D9}.Release|x86.Build.0 = Release|x86
		{E8925F9A-F39E-4340-9B58-E64466C503D9}.Release|x86.Deploy.0 = Release|x86
		{88DB8278-2BEE-46F1-A914-3356A61EBE24}.Debug|Any CPU.ActiveCfg = Debug|x86
		{88DB8278-2BEE-46F1-A914-3356A61EBE24}.Debug|Any CPU.Build.0 = Debug|x86
		{88DB8278-2BEE-46F1-A914-3356A61EBE24}.Debug|Any CPU.Deploy.0 = Debug|x86
		{88DB8278-2BEE-46F1-A914-3356A61EBE24}.Debug|ARM.ActiveCfg = Debug|ARM
		{88DB8278-2BEE-46F1-A914-3356A61EBE24}.Debug|ARM.Build.0 = Debug|ARM
		{88DB8278-2BEE-46F1-A914-3356A61EBE24}.Debug|ARM.Deploy.0 = Debug|ARM
		{88DB8278-2BEE-46F1-A914-3356A61EBE24}.Debug|x64.ActiveCfg = Debug|x64
		{88DB8278-2BEE-46F1-A914-3356A61EBE24}.Debug|x64.Build.0 = Debug|x64
		{88DB8278-2BEE-46F1-A914-3356A61EBE24}.Debug|x64.Deploy.0 = Debug|x64
		{88DB8278-2BEE-46F1-A914-3356A61EBE24}.Debug|x86.ActiveCfg = Debug|x86
		{88DB8278-2BEE-46F1-A914-3356A61EBE24}.Debug|x86.Build.0 = Debug|x86
		{88DB8278-2BEE-46F1-A914-3356A61EBE24}.Debug|x86.Deploy.0 = Debug|x86
		{88DB8278-2BEE-46F1-A914-3356A61EBE24}.Release|Any CPU.ActiveCfg = Release|x86
		{88DB8278-2BEE-46F1-A914-3356A61EBE24}.Release|ARM.ActiveCfg = Release|ARM
		{88DB8278-2BEE-46F1-A914-3356A61EBE24}.Release|ARM.Build.0 = Release|ARM
		{88DB8278-2BEE-46F1-A914-3356A61EBE24}.Release|ARM.Deploy.0 = Release|ARM
		{88DB8278-2BEE-46F1-A914-3356A61EBE24}.Release|x64.ActiveCfg = Release|x64
		{88DB8278-2BEE-46F1-A914-3356A61EBE24}.Release|x64.Build.0 = Release|x64
		{88DB8278-2BEE-46F1-A914-3356A61EBE24}.Release|x64.Deploy.0 = Release|x64
		{88DB8278-2BEE-46F1-A914-3356A61EBE24}.Release|x86.ActiveCfg = Release|x86
		{88DB8278-2BEE-46F1-A914-3356A61EBE24}.Release|x86.Build.0 = Release|x86
		{88DB8278-2BEE-46F1-A914-3356A61EBE24}.Release|x86.Deploy.0 = Release|x86
		{71F4CD8B-4D92-41D0-9DA3-A4DE7BF03671}.Debug|Any CPU.ActiveCfg = Debug|Any CPU
		{71F4CD8B-4D92-41D0-9DA3-A4DE7BF03671}.Debug|Any CPU.Build.0 = Debug|Any CPU
		{71F4CD8B-4D92-41D0-9DA3-A4DE7BF03671}.Debug|ARM.ActiveCfg = Debug|Any CPU
		{71F4CD8B-4D92-41D0-9DA3-A4DE7BF03671}.Debug|ARM.Build.0 = Debug|Any CPU
		{71F4CD8B-4D92-41D0-9DA3-A4DE7BF03671}.Debug|x64.ActiveCfg = Debug|Any CPU
		{71F4CD8B-4D92-41D0-9DA3-A4DE7BF03671}.Debug|x64.Build.0 = Debug|Any CPU
		{71F4CD8B-4D92-41D0-9DA3-A4DE7BF03671}.Debug|x86.ActiveCfg = Debug|Any CPU
		{71F4CD8B-4D92-41D0-9DA3-A4DE7BF03671}.Debug|x86.Build.0 = Debug|Any CPU
		{71F4CD8B-4D92-41D0-9DA3-A4DE7BF03671}.Release|Any CPU.ActiveCfg = Release|Any CPU
		{71F4CD8B-4D92-41D0-9DA3-A4DE7BF03671}.Release|Any CPU.Build.0 = Release|Any CPU
		{71F4CD8B-4D92-41D0-9DA3-A4DE7BF03671}.Release|ARM.ActiveCfg = Release|Any CPU
		{71F4CD8B-4D92-41D0-9DA3-A4DE7BF03671}.Release|ARM.Build.0 = Release|Any CPU
		{71F4CD8B-4D92-41D0-9DA3-A4DE7BF03671}.Release|x64.ActiveCfg = Release|Any CPU
		{71F4CD8B-4D92-41D0-9DA3-A4DE7BF03671}.Release|x64.Build.0 = Release|Any CPU
		{71F4CD8B-4D92-41D0-9DA3-A4DE7BF03671}.Release|x86.ActiveCfg = Release|Any CPU
		{71F4CD8B-4D92-41D0-9DA3-A4DE7BF03671}.Release|x86.Build.0 = Release|Any CPU
		{48DF5AD0-E3EE-41BC-A38D-03DB427260AC}.Debug|Any CPU.ActiveCfg = Debug|x86
		{48DF5AD0-E3EE-41BC-A38D-03DB427260AC}.Debug|Any CPU.Build.0 = Debug|x86
		{48DF5AD0-E3EE-41BC-A38D-03DB427260AC}.Debug|Any CPU.Deploy.0 = Debug|x86
		{48DF5AD0-E3EE-41BC-A38D-03DB427260AC}.Debug|ARM.ActiveCfg = Debug|ARM
		{48DF5AD0-E3EE-41BC-A38D-03DB427260AC}.Debug|ARM.Build.0 = Debug|ARM
		{48DF5AD0-E3EE-41BC-A38D-03DB427260AC}.Debug|ARM.Deploy.0 = Debug|ARM
		{48DF5AD0-E3EE-41BC-A38D-03DB427260AC}.Debug|x64.ActiveCfg = Debug|x64
		{48DF5AD0-E3EE-41BC-A38D-03DB427260AC}.Debug|x64.Build.0 = Debug|x64
		{48DF5AD0-E3EE-41BC-A38D-03DB427260AC}.Debug|x64.Deploy.0 = Debug|x64
		{48DF5AD0-E3EE-41BC-A38D-03DB427260AC}.Debug|x86.ActiveCfg = Debug|x86
		{48DF5AD0-E3EE-41BC-A38D-03DB427260AC}.Debug|x86.Build.0 = Debug|x86
		{48DF5AD0-E3EE-41BC-A38D-03DB427260AC}.Debug|x86.Deploy.0 = Debug|x86
		{48DF5AD0-E3EE-41BC-A38D-03DB427260AC}.Release|Any CPU.ActiveCfg = Release|x86
		{48DF5AD0-E3EE-41BC-A38D-03DB427260AC}.Release|ARM.ActiveCfg = Release|ARM
		{48DF5AD0-E3EE-41BC-A38D-03DB427260AC}.Release|ARM.Build.0 = Release|ARM
		{48DF5AD0-E3EE-41BC-A38D-03DB427260AC}.Release|ARM.Deploy.0 = Release|ARM
		{48DF5AD0-E3EE-41BC-A38D-03DB427260AC}.Release|x64.ActiveCfg = Release|x64
		{48DF5AD0-E3EE-41BC-A38D-03DB427260AC}.Release|x64.Build.0 = Release|x64
		{48DF5AD0-E3EE-41BC-A38D-03DB427260AC}.Release|x64.Deploy.0 = Release|x64
		{48DF5AD0-E3EE-41BC-A38D-03DB427260AC}.Release|x86.ActiveCfg = Release|x86
		{48DF5AD0-E3EE-41BC-A38D-03DB427260AC}.Release|x86.Build.0 = Release|x86
		{48DF5AD0-E3EE-41BC-A38D-03DB427260AC}.Release|x86.Deploy.0 = Release|x86
	EndGlobalSection
	GlobalSection(SolutionProperties) = preSolution
		HideSolutionNode = FALSE
	EndGlobalSection
	GlobalSection(ExtensibilityGlobals) = postSolution
		SolutionGuid = {5A2D3AEB-F12B-4ADC-A549-8777AB2D7B65}
	EndGlobalSection
EndGlobal
