
Microsoft Visual Studio Solution File, Format Version 12.00
# Visual Studio 15
VisualStudioVersion = 15.0.27130.2010
MinimumVisualStudioVersion = 10.0.40219.1
Project("{FAE04EC0-301F-11D3-BF4B-00C04F79EFBC}") = "Brushes", "Brushes\Brushes.csproj", "{10C2497A-141F-4C55-89F6-74AED8C973C3}"
EndProject
Project("{FAE04EC0-301F-11D3-BF4B-00C04F79EFBC}") = "Shapes", "Shapes\Shapes.csproj", "{5D13DF23-D0FA-4DE7-8777-9422577EE4EA}"
EndProject
Project("{FAE04EC0-301F-11D3-BF4B-00C04F79EFBC}") = "Geometries", "Geometries\Geometries.csproj", "{8038ACE2-8F3B-4F77-8513-D8054E40FAD3}"
EndProject
Project("{FAE04EC0-301F-11D3-BF4B-00C04F79EFBC}") = "Transformations", "Transformations\Transformations.csproj", "{B14679CA-ADB6-4A40-A8E3-0EE473895067}"
EndProject
Project("{FAE04EC0-301F-11D3-BF4B-00C04F79EFBC}") = "StylesAndResources", "StylesAndResources\StylesAndResources.csproj", "{2A7295D3-C6E6-4F45-9C42-F451E0B2C5FA}"
EndProject
Project("{FAE04EC0-301F-11D3-BF4B-00C04F79EFBC}") = "ResourcesLib", "ResourcesLib\ResourcesLib.csproj", "{9A6521AA-55EF-4284-8B5E-95392DD8421B}"
EndProject
Global
	GlobalSection(SolutionConfigurationPlatforms) = preSolution
		Debug|Any CPU = Debug|Any CPU
		Debug|ARM = Debug|ARM
		Debug|x64 = Debug|x64
		Debug|x86 = Debug|x86
		Release|Any CPU = Release|Any CPU
		Release|ARM = Release|ARM
		Release|x64 = Release|x64
		Release|x86 = Release|x86
	EndGlobalSection
	GlobalSection(ProjectConfigurationPlatforms) = postSolution
		{10C2497A-141F-4C55-89F6-74AED8C973C3}.Debug|Any CPU.ActiveCfg = Debug|x86
		{10C2497A-141F-4C55-89F6-74AED8C973C3}.Debug|ARM.ActiveCfg = Debug|ARM
		{10C2497A-141F-4C55-89F6-74AED8C973C3}.Debug|ARM.Build.0 = Debug|ARM
		{10C2497A-141F-4C55-89F6-74AED8C973C3}.Debug|ARM.Deploy.0 = Debug|ARM
		{10C2497A-141F-4C55-89F6-74AED8C973C3}.Debug|x64.ActiveCfg = Debug|x64
		{10C2497A-141F-4C55-89F6-74AED8C973C3}.Debug|x64.Build.0 = Debug|x64
		{10C2497A-141F-4C55-89F6-74AED8C973C3}.Debug|x64.Deploy.0 = Debug|x64
		{10C2497A-141F-4C55-89F6-74AED8C973C3}.Debug|x86.ActiveCfg = Debug|x86
		{10C2497A-141F-4C55-89F6-74AED8C973C3}.Debug|x86.Build.0 = Debug|x86
		{10C2497A-141F-4C55-89F6-74AED8C973C3}.Debug|x86.Deploy.0 = Debug|x86
		{10C2497A-141F-4C55-89F6-74AED8C973C3}.Release|Any CPU.ActiveCfg = Release|x86
		{10C2497A-141F-4C55-89F6-74AED8C973C3}.Release|ARM.ActiveCfg = Release|ARM
		{10C2497A-141F-4C55-89F6-74AED8C973C3}.Release|ARM.Build.0 = Release|ARM
		{10C2497A-141F-4C55-89F6-74AED8C973C3}.Release|ARM.Deploy.0 = Release|ARM
		{10C2497A-141F-4C55-89F6-74AED8C973C3}.Release|x64.ActiveCfg = Release|x64
		{10C2497A-141F-4C55-89F6-74AED8C973C3}.Release|x64.Build.0 = Release|x64
		{10C2497A-141F-4C55-89F6-74AED8C973C3}.Release|x64.Deploy.0 = Release|x64
		{10C2497A-141F-4C55-89F6-74AED8C973C3}.Release|x86.ActiveCfg = Release|x86
		{10C2497A-141F-4C55-89F6-74AED8C973C3}.Release|x86.Build.0 = Release|x86
		{10C2497A-141F-4C55-89F6-74AED8C973C3}.Release|x86.Deploy.0 = Release|x86
		{5D13DF23-D0FA-4DE7-8777-9422577EE4EA}.Debug|Any CPU.ActiveCfg = Debug|x86
		{5D13DF23-D0FA-4DE7-8777-9422577EE4EA}.Debug|ARM.ActiveCfg = Debug|ARM
		{5D13DF23-D0FA-4DE7-8777-9422577EE4EA}.Debug|ARM.Build.0 = Debug|ARM
		{5D13DF23-D0FA-4DE7-8777-9422577EE4EA}.Debug|ARM.Deploy.0 = Debug|ARM
		{5D13DF23-D0FA-4DE7-8777-9422577EE4EA}.Debug|x64.ActiveCfg = Debug|x64
		{5D13DF23-D0FA-4DE7-8777-9422577EE4EA}.Debug|x64.Build.0 = Debug|x64
		{5D13DF23-D0FA-4DE7-8777-9422577EE4EA}.Debug|x64.Deploy.0 = Debug|x64
		{5D13DF23-D0FA-4DE7-8777-9422577EE4EA}.Debug|x86.ActiveCfg = Debug|x86
		{5D13DF23-D0FA-4DE7-8777-9422577EE4EA}.Debug|x86.Build.0 = Debug|x86
		{5D13DF23-D0FA-4DE7-8777-9422577EE4EA}.Debug|x86.Deploy.0 = Debug|x86
		{5D13DF23-D0FA-4DE7-8777-9422577EE4EA}.Release|Any CPU.ActiveCfg = Release|x86
		{5D13DF23-D0FA-4DE7-8777-9422577EE4EA}.Release|ARM.ActiveCfg = Release|ARM
		{5D13DF23-D0FA-4DE7-8777-9422577EE4EA}.Release|ARM.Build.0 = Release|ARM
		{5D13DF23-D0FA-4DE7-8777-9422577EE4EA}.Release|ARM.Deploy.0 = Release|ARM
		{5D13DF23-D0FA-4DE7-8777-9422577EE4EA}.Release|x64.ActiveCfg = Release|x64
		{5D13DF23-D0FA-4DE7-8777-9422577EE4EA}.Release|x64.Build.0 = Release|x64
		{5D13DF23-D0FA-4DE7-8777-9422577EE4EA}.Release|x64.Deploy.0 = Release|x64
		{5D13DF23-D0FA-4DE7-8777-9422577EE4EA}.Release|x86.ActiveCfg = Release|x86
		{5D13DF23-D0FA-4DE7-8777-9422577EE4EA}.Release|x86.Build.0 = Release|x86
		{5D13DF23-D0FA-4DE7-8777-9422577EE4EA}.Release|x86.Deploy.0 = Release|x86
		{8038ACE2-8F3B-4F77-8513-D8054E40FAD3}.Debug|Any CPU.ActiveCfg = Debug|x86
		{8038ACE2-8F3B-4F77-8513-D8054E40FAD3}.Debug|ARM.ActiveCfg = Debug|ARM
		{8038ACE2-8F3B-4F77-8513-D8054E40FAD3}.Debug|ARM.Build.0 = Debug|ARM
		{8038ACE2-8F3B-4F77-8513-D8054E40FAD3}.Debug|ARM.Deploy.0 = Debug|ARM
		{8038ACE2-8F3B-4F77-8513-D8054E40FAD3}.Debug|x64.ActiveCfg = Debug|x64
		{8038ACE2-8F3B-4F77-8513-D8054E40FAD3}.Debug|x64.Build.0 = Debug|x64
		{8038ACE2-8F3B-4F77-8513-D8054E40FAD3}.Debug|x64.Deploy.0 = Debug|x64
		{8038ACE2-8F3B-4F77-8513-D8054E40FAD3}.Debug|x86.ActiveCfg = Debug|x86
		{8038ACE2-8F3B-4F77-8513-D8054E40FAD3}.Debug|x86.Build.0 = Debug|x86
		{8038ACE2-8F3B-4F77-8513-D8054E40FAD3}.Debug|x86.Deploy.0 = Debug|x86
		{8038ACE2-8F3B-4F77-8513-D8054E40FAD3}.Release|Any CPU.ActiveCfg = Release|x86
		{8038ACE2-8F3B-4F77-8513-D8054E40FAD3}.Release|ARM.ActiveCfg = Release|ARM
		{8038ACE2-8F3B-4F77-8513-D8054E40FAD3}.Release|ARM.Build.0 = Release|ARM
		{8038ACE2-8F3B-4F77-8513-D8054E40FAD3}.Release|ARM.Deploy.0 = Release|ARM
		{8038ACE2-8F3B-4F77-8513-D8054E40FAD3}.Release|x64.ActiveCfg = Release|x64
		{8038ACE2-8F3B-4F77-8513-D8054E40FAD3}.Release|x64.Build.0 = Release|x64
		{8038ACE2-8F3B-4F77-8513-D8054E40FAD3}.Release|x64.Deploy.0 = Release|x64
		{8038ACE2-8F3B-4F77-8513-D8054E40FAD3}.Release|x86.ActiveCfg = Release|x86
		{8038ACE2-8F3B-4F77-8513-D8054E40FAD3}.Release|x86.Build.0 = Release|x86
		{8038ACE2-8F3B-4F77-8513-D8054E40FAD3}.Release|x86.Deploy.0 = Release|x86
		{B14679CA-ADB6-4A40-A8E3-0EE473895067}.Debug|Any CPU.ActiveCfg = Debug|x86
		{B14679CA-ADB6-4A40-A8E3-0EE473895067}.Debug|ARM.ActiveCfg = Debug|ARM
		{B14679CA-ADB6-4A40-A8E3-0EE473895067}.Debug|ARM.Build.0 = Debug|ARM
		{B14679CA-ADB6-4A40-A8E3-0EE473895067}.Debug|ARM.Deploy.0 = Debug|ARM
		{B14679CA-ADB6-4A40-A8E3-0EE473895067}.Debug|x64.ActiveCfg = Debug|x64
		{B14679CA-ADB6-4A40-A8E3-0EE473895067}.Debug|x64.Build.0 = Debug|x64
		{B14679CA-ADB6-4A40-A8E3-0EE473895067}.Debug|x64.Deploy.0 = Debug|x64
		{B14679CA-ADB6-4A40-A8E3-0EE473895067}.Debug|x86.ActiveCfg = Debug|x86
		{B14679CA-ADB6-4A40-A8E3-0EE473895067}.Debug|x86.Build.0 = Debug|x86
		{B14679CA-ADB6-4A40-A8E3-0EE473895067}.Debug|x86.Deploy.0 = Debug|x86
		{B14679CA-ADB6-4A40-A8E3-0EE473895067}.Release|Any CPU.ActiveCfg = Release|x86
		{B14679CA-ADB6-4A40-A8E3-0EE473895067}.Release|ARM.ActiveCfg = Release|ARM
		{B14679CA-ADB6-4A40-A8E3-0EE473895067}.Release|ARM.Build.0 = Release|ARM
		{B14679CA-ADB6-4A40-A8E3-0EE473895067}.Release|ARM.Deploy.0 = Release|ARM
		{B14679CA-ADB6-4A40-A8E3-0EE473895067}.Release|x64.ActiveCfg = Release|x64
		{B14679CA-ADB6-4A40-A8E3-0EE473895067}.Release|x64.Build.0 = Release|x64
		{B14679CA-ADB6-4A40-A8E3-0EE473895067}.Release|x64.Deploy.0 = Release|x64
		{B14679CA-ADB6-4A40-A8E3-0EE473895067}.Release|x86.ActiveCfg = Release|x86
		{B14679CA-ADB6-4A40-A8E3-0EE473895067}.Release|x86.Build.0 = Release|x86
		{B14679CA-ADB6-4A40-A8E3-0EE473895067}.Release|x86.Deploy.0 = Release|x86
		{2A7295D3-C6E6-4F45-9C42-F451E0B2C5FA}.Debug|Any CPU.ActiveCfg = Debug|x86
		{2A7295D3-C6E6-4F45-9C42-F451E0B2C5FA}.Debug|ARM.ActiveCfg = Debug|ARM
		{2A7295D3-C6E6-4F45-9C42-F451E0B2C5FA}.Debug|ARM.Build.0 = Debug|ARM
		{2A7295D3-C6E6-4F45-9C42-F451E0B2C5FA}.Debug|ARM.Deploy.0 = Debug|ARM
		{2A7295D3-C6E6-4F45-9C42-F451E0B2C5FA}.Debug|x64.ActiveCfg = Debug|x64
		{2A7295D3-C6E6-4F45-9C42-F451E0B2C5FA}.Debug|x64.Build.0 = Debug|x64
		{2A7295D3-C6E6-4F45-9C42-F451E0B2C5FA}.Debug|x64.Deploy.0 = Debug|x64
		{2A7295D3-C6E6-4F45-9C42-F451E0B2C5FA}.Debug|x86.ActiveCfg = Debug|x86
		{2A7295D3-C6E6-4F45-9C42-F451E0B2C5FA}.Debug|x86.Build.0 = Debug|x86
		{2A7295D3-C6E6-4F45-9C42-F451E0B2C5FA}.Debug|x86.Deploy.0 = Debug|x86
		{2A7295D3-C6E6-4F45-9C42-F451E0B2C5FA}.Release|Any CPU.ActiveCfg = Release|x86
		{2A7295D3-C6E6-4F45-9C42-F451E0B2C5FA}.Release|ARM.ActiveCfg = Release|ARM
		{2A7295D3-C6E6-4F45-9C42-F451E0B2C5FA}.Release|ARM.Build.0 = Release|ARM
		{2A7295D3-C6E6-4F45-9C42-F451E0B2C5FA}.Release|ARM.Deploy.0 = Release|ARM
		{2A7295D3-C6E6-4F45-9C42-F451E0B2C5FA}.Release|x64.ActiveCfg = Release|x64
		{2A7295D3-C6E6-4F45-9C42-F451E0B2C5FA}.Release|x64.Build.0 = Release|x64
		{2A7295D3-C6E6-4F45-9C42-F451E0B2C5FA}.Release|x64.Deploy.0 = Release|x64
		{2A7295D3-C6E6-4F45-9C42-F451E0B2C5FA}.Release|x86.ActiveCfg = Release|x86
		{2A7295D3-C6E6-4F45-9C42-F451E0B2C5FA}.Release|x86.Build.0 = Release|x86
		{2A7295D3-C6E6-4F45-9C42-F451E0B2C5FA}.Release|x86.Deploy.0 = Release|x86
		{9A6521AA-55EF-4284-8B5E-95392DD8421B}.Debug|Any CPU.ActiveCfg = Debug|Any CPU
		{9A6521AA-55EF-4284-8B5E-95392DD8421B}.Debug|Any CPU.Build.0 = Debug|Any CPU
		{9A6521AA-55EF-4284-8B5E-95392DD8421B}.Debug|ARM.ActiveCfg = Debug|ARM
		{9A6521AA-55EF-4284-8B5E-95392DD8421B}.Debug|ARM.Build.0 = Debug|ARM
		{9A6521AA-55EF-4284-8B5E-95392DD8421B}.Debug|x64.ActiveCfg = Debug|x64
		{9A6521AA-55EF-4284-8B5E-95392DD8421B}.Debug|x64.Build.0 = Debug|x64
		{9A6521AA-55EF-4284-8B5E-95392DD8421B}.Debug|x86.ActiveCfg = Debug|x86
		{9A6521AA-55EF-4284-8B5E-95392DD8421B}.Debug|x86.Build.0 = Debug|x86
		{9A6521AA-55EF-4284-8B5E-95392DD8421B}.Release|Any CPU.ActiveCfg = Release|Any CPU
		{9A6521AA-55EF-4284-8B5E-95392DD8421B}.Release|Any CPU.Build.0 = Release|Any CPU
		{9A6521AA-55EF-4284-8B5E-95392DD8421B}.Release|ARM.ActiveCfg = Release|ARM
		{9A6521AA-55EF-4284-8B5E-95392DD8421B}.Release|ARM.Build.0 = Release|ARM
		{9A6521AA-55EF-4284-8B5E-95392DD8421B}.Release|x64.ActiveCfg = Release|x64
		{9A6521AA-55EF-4284-8B5E-95392DD8421B}.Release|x64.Build.0 = Release|x64
		{9A6521AA-55EF-4284-8B5E-95392DD8421B}.Release|x86.ActiveCfg = Release|x86
		{9A6521AA-55EF-4284-8B5E-95392DD8421B}.Release|x86.Build.0 = Release|x86
	EndGlobalSection
	GlobalSection(SolutionProperties) = preSolution
		HideSolutionNode = FALSE
	EndGlobalSection
	GlobalSection(ExtensibilityGlobals) = postSolution
		SolutionGuid = {5A2D3AEB-F12B-4ADC-A549-8777AB2D7B65}
	EndGlobalSection
EndGlobal
