
Microsoft Visual Studio Solution File, Format Version 12.00
# Visual Studio 15
VisualStudioVersion = 15.0.27130.2010
MinimumVisualStudioVersion = 10.0.40219.1
Project("{FAE04EC0-301F-11D3-BF4B-00C04F79EFBC}") = "ASPNETCoreSample", "ASPNETCoreSample\ASPNETCoreSample.csproj", "{51DC0A32-A08B-4987-8659-86D4AC7EB601}"
EndProject
Project("{FAE04EC0-301F-11D3-BF4B-00C04F79EFBC}") = "ASPNETCoreSample.IntegrationTest", "ASPNETCoreSample.IntegrationTest\ASPNETCoreSample.IntegrationTest.csproj", "{0616572F-DF01-49E0-BD02-6786521BD800}"
EndProject
Global
	GlobalSection(SolutionConfigurationPlatforms) = preSolution
		Debug|Any CPU = Debug|Any CPU
		Release|Any CPU = Release|Any CPU
	EndGlobalSection
	GlobalSection(ProjectConfigurationPlatforms) = postSolution
		{51DC0A32-A08B-4987-8659-86D4AC7EB601}.Debug|Any CPU.ActiveCfg = Debug|Any CPU
		{51DC0A32-A08B-4987-8659-86D4AC7EB601}.Debug|Any CPU.Build.0 = Debug|Any CPU
		{51DC0A32-A08B-4987-8659-86D4AC7EB601}.Release|Any CPU.ActiveCfg = Release|Any CPU
		{51DC0A32-A08B-4987-8659-86D4AC7EB601}.Release|Any CPU.Build.0 = Release|Any CPU
		{0616572F-DF01-49E0-BD02-6786521BD800}.Debug|Any CPU.ActiveCfg = Debug|Any CPU
		{0616572F-DF01-49E0-BD02-6786521BD800}.Debug|Any CPU.Build.0 = Debug|Any CPU
		{0616572F-DF01-49E0-BD02-6786521BD800}.Release|Any CPU.ActiveCfg = Release|Any CPU
		{0616572F-DF01-49E0-BD02-6786521BD800}.Release|Any CPU.Build.0 = Release|Any CPU
	EndGlobalSection
	GlobalSection(SolutionProperties) = preSolution
		HideSolutionNode = FALSE
	EndGlobalSection
	GlobalSection(ExtensibilityGlobals) = postSolution
		SolutionGuid = {E265E0B6-466F-4F71-84F3-D5907E6B8E46}
	EndGlobalSection
EndGlobal
