
Microsoft Visual Studio Solution File, Format Version 12.00
# Visual Studio 15
VisualStudioVersion = 15.0.26730.10
MinimumVisualStudioVersion = 10.0.40219.1

Project("{D954291E-2A0B-460D-934E-DC6B0785DB48}") = "App1", "App1\App1\App1.shproj", "{5E27D52D-5185-477E-8781-D0F710C45762}"
EndProject




Project("{FAE04EC0-301F-11D3-BF4B-00C04F79EFBC}") = "App1.Android", "App1\App1.Android\App1.Android.csproj", "{F7F58C5B-FD11-43AF-AA3D-0E0392963922}"
EndProject


Global
	GlobalSection(SolutionConfigurationPlatforms) = preSolution
		Ad-Hoc|Any CPU = Ad-Hoc|Any CPU
		Ad-Hoc|ARM = Ad-Hoc|ARM
		Ad-Hoc|iPhone = Ad-Hoc|iPhone
		Ad-Hoc|iPhoneSimulator = Ad-Hoc|iPhoneSimulator
		Ad-Hoc|x64 = Ad-Hoc|x64
		Ad-Hoc|x86 = Ad-Hoc|x86
		AppStore|Any CPU = AppStore|Any CPU
		AppStore|ARM = AppStore|ARM
		AppStore|iPhone = AppStore|iPhone
		AppStore|iPhoneSimulator = AppStore|iPhoneSimulator
		AppStore|x64 = AppStore|x64
		AppStore|x86 = AppStore|x86
		Debug|Any CPU = Debug|Any CPU
		Debug|ARM = Debug|ARM
		Debug|iPhone = Debug|iPhone
		Debug|iPhoneSimulator = Debug|iPhoneSimulator
		Debug|x64 = Debug|x64
		Debug|x86 = Debug|x86
		Release|Any CPU = Release|Any CPU
		Release|ARM = Release|ARM
		Release|iPhone = Release|iPhone
		Release|iPhoneSimulator = Release|iPhoneSimulator
		Release|x64 = Release|x64
		Release|x86 = Release|x86
	EndGlobalSection
	GlobalSection(ProjectConfigurationPlatforms) = postSolution
		{6C21EBBA-6B03-4FBD-A2A1-EE4EC686481E}.Ad-Hoc|Any CPU.ActiveCfg = Debug|Any CPU
		{6C21EBBA-6B03-4FBD-A2A1-EE4EC686481E}.Ad-Hoc|Any CPU.Build.0 = Debug|Any CPU
		{6C21EBBA-6B03-4FBD-A2A1-EE4EC686481E}.Ad-Hoc|ARM.ActiveCfg = Debug|Any CPU
		{6C21EBBA-6B03-4FBD-A2A1-EE4EC686481E}.Ad-Hoc|ARM.Build.0 = Debug|Any CPU
		{6C21EBBA-6B03-4FBD-A2A1-EE4EC686481E}.Ad-Hoc|iPhone.ActiveCfg = Debug|Any CPU
		{6C21EBBA-6B03-4FBD-A2A1-EE4EC686481E}.Ad-Hoc|iPhone.Build.0 = Debug|Any CPU
		{6C21EBBA-6B03-4FBD-A2A1-EE4EC686481E}.Ad-Hoc|iPhoneSimulator.ActiveCfg = Debug|Any CPU
		{6C21EBBA-6B03-4FBD-A2A1-EE4EC686481E}.Ad-Hoc|iPhoneSimulator.Build.0 = Debug|Any CPU
		{6C21EBBA-6B03-4FBD-A2A1-EE4EC686481E}.Ad-Hoc|x64.ActiveCfg = Debug|Any CPU
		{6C21EBBA-6B03-4FBD-A2A1-EE4EC686481E}.Ad-Hoc|x64.Build.0 = Debug|Any CPU
		{6C21EBBA-6B03-4FBD-A2A1-EE4EC686481E}.Ad-Hoc|x86.ActiveCfg = Debug|Any CPU
		{6C21EBBA-6B03-4FBD-A2A1-EE4EC686481E}.Ad-Hoc|x86.Build.0 = Debug|Any CPU
		{6C21EBBA-6B03-4FBD-A2A1-EE4EC686481E}.AppStore|Any CPU.ActiveCfg = Debug|Any CPU
		{6C21EBBA-6B03-4FBD-A2A1-EE4EC686481E}.AppStore|Any CPU.Build.0 = Debug|Any CPU
		{6C21EBBA-6B03-4FBD-A2A1-EE4EC686481E}.AppStore|ARM.ActiveCfg = Debug|Any CPU
		{6C21EBBA-6B03-4FBD-A2A1-EE4EC686481E}.AppStore|ARM.Build.0 = Debug|Any CPU
		{6C21EBBA-6B03-4FBD-A2A1-EE4EC686481E}.AppStore|iPhone.ActiveCfg = Debug|Any CPU
		{6C21EBBA-6B03-4FBD-A2A1-EE4EC686481E}.AppStore|iPhone.Build.0 = Debug|Any CPU
		{6C21EBBA-6B03-4FBD-A2A1-EE4EC686481E}.AppStore|iPhoneSimulator.ActiveCfg = Debug|Any CPU
		{6C21EBBA-6B03-4FBD-A2A1-EE4EC686481E}.AppStore|iPhoneSimulator.Build.0 = Debug|Any CPU
		{6C21EBBA-6B03-4FBD-A2A1-EE4EC686481E}.AppStore|x64.ActiveCfg = Debug|Any CPU
		{6C21EBBA-6B03-4FBD-A2A1-EE4EC686481E}.AppStore|x64.Build.0 = Debug|Any CPU
		{6C21EBBA-6B03-4FBD-A2A1-EE4EC686481E}.AppStore|x86.ActiveCfg = Debug|Any CPU
		{6C21EBBA-6B03-4FBD-A2A1-EE4EC686481E}.AppStore|x86.Build.0 = Debug|Any CPU
		{6C21EBBA-6B03-4FBD-A2A1-EE4EC686481E}.Debug|Any CPU.ActiveCfg = Debug|Any CPU
		{6C21EBBA-6B03-4FBD-A2A1-EE4EC686481E}.Debug|Any CPU.Build.0 = Debug|Any CPU
		{6C21EBBA-6B03-4FBD-A2A1-EE4EC686481E}.Debug|ARM.ActiveCfg = Debug|Any CPU
		{6C21EBBA-6B03-4FBD-A2A1-EE4EC686481E}.Debug|ARM.Build.0 = Debug|Any CPU
		{6C21EBBA-6B03-4FBD-A2A1-EE4EC686481E}.Debug|iPhone.ActiveCfg = Debug|Any CPU
		{6C21EBBA-6B03-4FBD-A2A1-EE4EC686481E}.Debug|iPhone.Build.0 = Debug|Any CPU
		{6C21EBBA-6B03-4FBD-A2A1-EE4EC686481E}.Debug|iPhoneSimulator.ActiveCfg = Debug|Any CPU
		{6C21EBBA-6B03-4FBD-A2A1-EE4EC686481E}.Debug|iPhoneSimulator.Build.0 = Debug|Any CPU
		{6C21EBBA-6B03-4FBD-A2A1-EE4EC686481E}.Debug|x64.ActiveCfg = Debug|Any CPU
		{6C21EBBA-6B03-4FBD-A2A1-EE4EC686481E}.Debug|x64.Build.0 = Debug|Any CPU
		{6C21EBBA-6B03-4FBD-A2A1-EE4EC686481E}.Debug|x86.ActiveCfg = Debug|Any CPU
		{6C21EBBA-6B03-4FBD-A2A1-EE4EC686481E}.Debug|x86.Build.0 = Debug|Any CPU
		{6C21EBBA-6B03-4FBD-A2A1-EE4EC686481E}.Release|Any CPU.ActiveCfg = Release|Any CPU
		{6C21EBBA-6B03-4FBD-A2A1-EE4EC686481E}.Release|Any CPU.Build.0 = Release|Any CPU
		{6C21EBBA-6B03-4FBD-A2A1-EE4EC686481E}.Release|ARM.ActiveCfg = Release|Any CPU
		{6C21EBBA-6B03-4FBD-A2A1-EE4EC686481E}.Release|ARM.Build.0 = Release|Any CPU
		{6C21EBBA-6B03-4FBD-A2A1-EE4EC686481E}.Release|iPhone.ActiveCfg = Release|Any CPU
		{6C21EBBA-6B03-4FBD-A2A1-EE4EC686481E}.Release|iPhone.Build.0 = Release|Any CPU
		{6C21EBBA-6B03-4FBD-A2A1-EE4EC686481E}.Release|iPhoneSimulator.ActiveCfg = Release|Any CPU
		{6C21EBBA-6B03-4FBD-A2A1-EE4EC686481E}.Release|iPhoneSimulator.Build.0 = Release|Any CPU
		{6C21EBBA-6B03-4FBD-A2A1-EE4EC686481E}.Release|x64.ActiveCfg = Release|Any CPU
		{6C21EBBA-6B03-4FBD-A2A1-EE4EC686481E}.Release|x64.Build.0 = Release|Any CPU
		{6C21EBBA-6B03-4FBD-A2A1-EE4EC686481E}.Release|x86.ActiveCfg = Release|Any CPU
		{6C21EBBA-6B03-4FBD-A2A1-EE4EC686481E}.Release|x86.Build.0 = Release|Any CPU
		{F925E3AC-6271-4876-8759-7145948FD9D5}.Ad-Hoc|Any CPU.ActiveCfg = Ad-Hoc|iPhone
		{F925E3AC-6271-4876-8759-7145948FD9D5}.Ad-Hoc|ARM.ActiveCfg = Ad-Hoc|iPhone
		{F925E3AC-6271-4876-8759-7145948FD9D5}.Ad-Hoc|iPhone.ActiveCfg = Ad-Hoc|iPhone
		{F925E3AC-6271-4876-8759-7145948FD9D5}.Ad-Hoc|iPhone.Build.0 = Ad-Hoc|iPhone
		{F925E3AC-6271-4876-8759-7145948FD9D5}.Ad-Hoc|iPhoneSimulator.ActiveCfg = Ad-Hoc|iPhoneSimulator
		{F925E3AC-6271-4876-8759-7145948FD9D5}.Ad-Hoc|iPhoneSimulator.Build.0 = Ad-Hoc|iPhoneSimulator
		{F925E3AC-6271-4876-8759-7145948FD9D5}.Ad-Hoc|x64.ActiveCfg = Ad-Hoc|iPhone
		{F925E3AC-6271-4876-8759-7145948FD9D5}.Ad-Hoc|x86.ActiveCfg = Ad-Hoc|iPhone
		{F925E3AC-6271-4876-8759-7145948FD9D5}.AppStore|Any CPU.ActiveCfg = AppStore|iPhone
		{F925E3AC-6271-4876-8759-7145948FD9D5}.AppStore|ARM.ActiveCfg = AppStore|iPhone
		{F925E3AC-6271-4876-8759-7145948FD9D5}.AppStore|iPhone.ActiveCfg = AppStore|iPhone
		{F925E3AC-6271-4876-8759-7145948FD9D5}.AppStore|iPhone.Build.0 = AppStore|iPhone
		{F925E3AC-6271-4876-8759-7145948FD9D5}.AppStore|iPhoneSimulator.ActiveCfg = AppStore|iPhoneSimulator
		{F925E3AC-6271-4876-8759-7145948FD9D5}.AppStore|iPhoneSimulator.Build.0 = AppStore|iPhoneSimulator
		{F925E3AC-6271-4876-8759-7145948FD9D5}.AppStore|x64.ActiveCfg = AppStore|iPhone
		{F925E3AC-6271-4876-8759-7145948FD9D5}.AppStore|x86.ActiveCfg = AppStore|iPhone
		{F925E3AC-6271-4876-8759-7145948FD9D5}.Debug|Any CPU.ActiveCfg = Debug|iPhone
		{F925E3AC-6271-4876-8759-7145948FD9D5}.Debug|ARM.ActiveCfg = Debug|iPhone
		{F925E3AC-6271-4876-8759-7145948FD9D5}.Debug|iPhone.ActiveCfg = Debug|iPhone
		{F925E3AC-6271-4876-8759-7145948FD9D5}.Debug|iPhone.Build.0 = Debug|iPhone
		{F925E3AC-6271-4876-8759-7145948FD9D5}.Debug|iPhoneSimulator.ActiveCfg = Debug|iPhoneSimulator
		{F925E3AC-6271-4876-8759-7145948FD9D5}.Debug|iPhoneSimulator.Build.0 = Debug|iPhoneSimulator
		{F925E3AC-6271-4876-8759-7145948FD9D5}.Debug|x64.ActiveCfg = Debug|iPhone
		{F925E3AC-6271-4876-8759-7145948FD9D5}.Debug|x86.ActiveCfg = Debug|iPhone
		{F925E3AC-6271-4876-8759-7145948FD9D5}.Release|Any CPU.ActiveCfg = Release|iPhone
		{F925E3AC-6271-4876-8759-7145948FD9D5}.Release|ARM.ActiveCfg = Release|iPhone
		{F925E3AC-6271-4876-8759-7145948FD9D5}.Release|iPhone.ActiveCfg = Release|iPhone
		{F925E3AC-6271-4876-8759-7145948FD9D5}.Release|iPhone.Build.0 = Release|iPhone
		{F925E3AC-6271-4876-8759-7145948FD9D5}.Release|iPhoneSimulator.ActiveCfg = Release|iPhoneSimulator
		{F925E3AC-6271-4876-8759-7145948FD9D5}.Release|iPhoneSimulator.Build.0 = Release|iPhoneSimulator
		{F925E3AC-6271-4876-8759-7145948FD9D5}.Release|x64.ActiveCfg = Release|iPhone
		{F925E3AC-6271-4876-8759-7145948FD9D5}.Release|x86.ActiveCfg = Release|iPhone
		{B662E56E-F691-491C-A537-08268752DF09}.Ad-Hoc|Any CPU.ActiveCfg = Release|x86
		{B662E56E-F691-491C-A537-08268752DF09}.Ad-Hoc|Any CPU.Build.0 = Release|x86
		{B662E56E-F691-491C-A537-08268752DF09}.Ad-Hoc|Any CPU.Deploy.0 = Release|x86
		{B662E56E-F691-491C-A537-08268752DF09}.Ad-Hoc|ARM.ActiveCfg = Release|ARM
		{B662E56E-F691-491C-A537-08268752DF09}.Ad-Hoc|ARM.Build.0 = Release|ARM
		{B662E56E-F691-491C-A537-08268752DF09}.Ad-Hoc|ARM.Deploy.0 = Release|ARM
		{B662E56E-F691-491C-A537-08268752DF09}.Ad-Hoc|iPhone.ActiveCfg = Release|x86
		{B662E56E-F691-491C-A537-08268752DF09}.Ad-Hoc|iPhone.Build.0 = Release|x86
		{B662E56E-F691-491C-A537-08268752DF09}.Ad-Hoc|iPhone.Deploy.0 = Release|x86
		{B662E56E-F691-491C-A537-08268752DF09}.Ad-Hoc|iPhoneSimulator.ActiveCfg = Release|x86
		{B662E56E-F691-491C-A537-08268752DF09}.Ad-Hoc|iPhoneSimulator.Build.0 = Release|x86
		{B662E56E-F691-491C-A537-08268752DF09}.Ad-Hoc|iPhoneSimulator.Deploy.0 = Release|x86
		{B662E56E-F691-491C-A537-08268752DF09}.Ad-Hoc|x64.ActiveCfg = Release|x64
		{B662E56E-F691-491C-A537-08268752DF09}.Ad-Hoc|x64.Build.0 = Release|x64
		{B662E56E-F691-491C-A537-08268752DF09}.Ad-Hoc|x64.Deploy.0 = Release|x64
		{B662E56E-F691-491C-A537-08268752DF09}.Ad-Hoc|x86.ActiveCfg = Release|x86
		{B662E56E-F691-491C-A537-08268752DF09}.Ad-Hoc|x86.Build.0 = Release|x86
		{B662E56E-F691-491C-A537-08268752DF09}.Ad-Hoc|x86.Deploy.0 = Release|x86
		{B662E56E-F691-491C-A537-08268752DF09}.AppStore|Any CPU.ActiveCfg = Release|x86
		{B662E56E-F691-491C-A537-08268752DF09}.AppStore|Any CPU.Build.0 = Release|x86
		{B662E56E-F691-491C-A537-08268752DF09}.AppStore|Any CPU.Deploy.0 = Release|x86
		{B662E56E-F691-491C-A537-08268752DF09}.AppStore|ARM.ActiveCfg = Release|ARM
		{B662E56E-F691-491C-A537-08268752DF09}.AppStore|ARM.Build.0 = Release|ARM
		{B662E56E-F691-491C-A537-08268752DF09}.AppStore|ARM.Deploy.0 = Release|ARM
		{B662E56E-F691-491C-A537-08268752DF09}.AppStore|iPhone.ActiveCfg = Release|x86
		{B662E56E-F691-491C-A537-08268752DF09}.AppStore|iPhone.Build.0 = Release|x86
		{B662E56E-F691-491C-A537-08268752DF09}.AppStore|iPhone.Deploy.0 = Release|x86
		{B662E56E-F691-491C-A537-08268752DF09}.AppStore|iPhoneSimulator.ActiveCfg = Release|x86
		{B662E56E-F691-491C-A537-08268752DF09}.AppStore|iPhoneSimulator.Build.0 = Release|x86
		{B662E56E-F691-491C-A537-08268752DF09}.AppStore|iPhoneSimulator.Deploy.0 = Release|x86
		{B662E56E-F691-491C-A537-08268752DF09}.AppStore|x64.ActiveCfg = Release|x64
		{B662E56E-F691-491C-A537-08268752DF09}.AppStore|x64.Build.0 = Release|x64
		{B662E56E-F691-491C-A537-08268752DF09}.AppStore|x64.Deploy.0 = Release|x64
		{B662E56E-F691-491C-A537-08268752DF09}.AppStore|x86.ActiveCfg = Release|x86
		{B662E56E-F691-491C-A537-08268752DF09}.AppStore|x86.Build.0 = Release|x86
		{B662E56E-F691-491C-A537-08268752DF09}.AppStore|x86.Deploy.0 = Release|x86
		{B662E56E-F691-491C-A537-08268752DF09}.Debug|Any CPU.ActiveCfg = Debug|x86
		{B662E56E-F691-491C-A537-08268752DF09}.Debug|ARM.ActiveCfg = Debug|ARM
		{B662E56E-F691-491C-A537-08268752DF09}.Debug|ARM.Build.0 = Debug|ARM
		{B662E56E-F691-491C-A537-08268752DF09}.Debug|ARM.Deploy.0 = Debug|ARM
		{B662E56E-F691-491C-A537-08268752DF09}.Debug|iPhone.ActiveCfg = Debug|x86
		{B662E56E-F691-491C-A537-08268752DF09}.Debug|iPhoneSimulator.ActiveCfg = Debug|x86
		{B662E56E-F691-491C-A537-08268752DF09}.Debug|x64.ActiveCfg = Debug|x64
		{B662E56E-F691-491C-A537-08268752DF09}.Debug|x64.Build.0 = Debug|x64
		{B662E56E-F691-491C-A537-08268752DF09}.Debug|x64.Deploy.0 = Debug|x64
		{B662E56E-F691-491C-A537-08268752DF09}.Debug|x86.ActiveCfg = Debug|x86
		{B662E56E-F691-491C-A537-08268752DF09}.Debug|x86.Build.0 = Debug|x86
		{B662E56E-F691-491C-A537-08268752DF09}.Debug|x86.Deploy.0 = Debug|x86
		{B662E56E-F691-491C-A537-08268752DF09}.Release|Any CPU.ActiveCfg = Release|x86
		{B662E56E-F691-491C-A537-08268752DF09}.Release|ARM.ActiveCfg = Release|ARM
		{B662E56E-F691-491C-A537-08268752DF09}.Release|ARM.Build.0 = Release|ARM
		{B662E56E-F691-491C-A537-08268752DF09}.Release|ARM.Deploy.0 = Release|ARM
		{B662E56E-F691-491C-A537-08268752DF09}.Release|iPhone.ActiveCfg = Release|x86
		{B662E56E-F691-491C-A537-08268752DF09}.Release|iPhoneSimulator.ActiveCfg = Release|x86
		{B662E56E-F691-491C-A537-08268752DF09}.Release|x64.ActiveCfg = Release|x64
		{B662E56E-F691-491C-A537-08268752DF09}.Release|x64.Build.0 = Release|x64
		{B662E56E-F691-491C-A537-08268752DF09}.Release|x64.Deploy.0 = Release|x64
		{B662E56E-F691-491C-A537-08268752DF09}.Release|x86.ActiveCfg = Release|x86
		{B662E56E-F691-491C-A537-08268752DF09}.Release|x86.Build.0 = Release|x86
		{B662E56E-F691-491C-A537-08268752DF09}.Release|x86.Deploy.0 = Release|x86
		{20FDA6ED-B68E-4610-807B-F358668F181E}.Ad-Hoc|Any CPU.ActiveCfg = Release|Any CPU
		{20FDA6ED-B68E-4610-807B-F358668F181E}.Ad-Hoc|Any CPU.Build.0 = Release|Any CPU
		{20FDA6ED-B68E-4610-807B-F358668F181E}.Ad-Hoc|Any CPU.Deploy.0 = Release|Any CPU
		{20FDA6ED-B68E-4610-807B-F358668F181E}.Ad-Hoc|ARM.ActiveCfg = Release|Any CPU
		{20FDA6ED-B68E-4610-807B-F358668F181E}.Ad-Hoc|ARM.Build.0 = Release|Any CPU
		{20FDA6ED-B68E-4610-807B-F358668F181E}.Ad-Hoc|ARM.Deploy.0 = Release|Any CPU
		{20FDA6ED-B68E-4610-807B-F358668F181E}.Ad-Hoc|iPhone.ActiveCfg = Release|Any CPU
		{20FDA6ED-B68E-4610-807B-F358668F181E}.Ad-Hoc|iPhone.Build.0 = Release|Any CPU
		{20FDA6ED-B68E-4610-807B-F358668F181E}.Ad-Hoc|iPhone.Deploy.0 = Release|Any CPU
		{20FDA6ED-B68E-4610-807B-F358668F181E}.Ad-Hoc|iPhoneSimulator.ActiveCfg = Release|Any CPU
		{20FDA6ED-B68E-4610-807B-F358668F181E}.Ad-Hoc|iPhoneSimulator.Build.0 = Release|Any CPU
		{20FDA6ED-B68E-4610-807B-F358668F181E}.Ad-Hoc|iPhoneSimulator.Deploy.0 = Release|Any CPU
		{20FDA6ED-B68E-4610-807B-F358668F181E}.Ad-Hoc|x64.ActiveCfg = Release|Any CPU
		{20FDA6ED-B68E-4610-807B-F358668F181E}.Ad-Hoc|x64.Build.0 = Release|Any CPU
		{20FDA6ED-B68E-4610-807B-F358668F181E}.Ad-Hoc|x64.Deploy.0 = Release|Any CPU
		{20FDA6ED-B68E-4610-807B-F358668F181E}.Ad-Hoc|x86.ActiveCfg = Release|Any CPU
		{20FDA6ED-B68E-4610-807B-F358668F181E}.Ad-Hoc|x86.Build.0 = Release|Any CPU
		{20FDA6ED-B68E-4610-807B-F358668F181E}.Ad-Hoc|x86.Deploy.0 = Release|Any CPU
		{20FDA6ED-B68E-4610-807B-F358668F181E}.AppStore|Any CPU.ActiveCfg = Release|Any CPU
		{20FDA6ED-B68E-4610-807B-F358668F181E}.AppStore|Any CPU.Build.0 = Release|Any CPU
		{20FDA6ED-B68E-4610-807B-F358668F181E}.AppStore|Any CPU.Deploy.0 = Release|Any CPU
		{20FDA6ED-B68E-4610-807B-F358668F181E}.AppStore|ARM.ActiveCfg = Release|Any CPU
		{20FDA6ED-B68E-4610-807B-F358668F181E}.AppStore|ARM.Build.0 = Release|Any CPU
		{20FDA6ED-B68E-4610-807B-F358668F181E}.AppStore|ARM.Deploy.0 = Release|Any CPU
		{20FDA6ED-B68E-4610-807B-F358668F181E}.AppStore|iPhone.ActiveCfg = Release|Any CPU
		{20FDA6ED-B68E-4610-807B-F358668F181E}.AppStore|iPhone.Build.0 = Release|Any CPU
		{20FDA6ED-B68E-4610-807B-F358668F181E}.AppStore|iPhone.Deploy.0 = Release|Any CPU
		{20FDA6ED-B68E-4610-807B-F358668F181E}.AppStore|iPhoneSimulator.ActiveCfg = Release|Any CPU
		{20FDA6ED-B68E-4610-807B-F358668F181E}.AppStore|iPhoneSimulator.Build.0 = Release|Any CPU
		{20FDA6ED-B68E-4610-807B-F358668F181E}.AppStore|iPhoneSimulator.Deploy.0 = Release|Any CPU
		{20FDA6ED-B68E-4610-807B-F358668F181E}.AppStore|x64.ActiveCfg = Release|Any CPU
		{20FDA6ED-B68E-4610-807B-F358668F181E}.AppStore|x64.Build.0 = Release|Any CPU
		{20FDA6ED-B68E-4610-807B-F358668F181E}.AppStore|x64.Deploy.0 = Release|Any CPU
		{20FDA6ED-B68E-4610-807B-F358668F181E}.AppStore|x86.ActiveCfg = Release|Any CPU
		{20FDA6ED-B68E-4610-807B-F358668F181E}.AppStore|x86.Build.0 = Release|Any CPU
		{20FDA6ED-B68E-4610-807B-F358668F181E}.AppStore|x86.Deploy.0 = Release|Any CPU
		{20FDA6ED-B68E-4610-807B-F358668F181E}.Debug|Any CPU.ActiveCfg = Debug|Any CPU
		{20FDA6ED-B68E-4610-807B-F358668F181E}.Debug|Any CPU.Build.0 = Debug|Any CPU
		{20FDA6ED-B68E-4610-807B-F358668F181E}.Debug|Any CPU.Deploy.0 = Debug|Any CPU
		{20FDA6ED-B68E-4610-807B-F358668F181E}.Debug|ARM.ActiveCfg = Debug|Any CPU
		{20FDA6ED-B68E-4610-807B-F358668F181E}.Debug|ARM.Build.0 = Debug|Any CPU
		{20FDA6ED-B68E-4610-807B-F358668F181E}.Debug|ARM.Deploy.0 = Debug|Any CPU
		{20FDA6ED-B68E-4610-807B-F358668F181E}.Debug|iPhone.ActiveCfg = Debug|Any CPU
		{20FDA6ED-B68E-4610-807B-F358668F181E}.Debug|iPhone.Build.0 = Debug|Any CPU
		{20FDA6ED-B68E-4610-807B-F358668F181E}.Debug|iPhone.Deploy.0 = Debug|Any CPU
		{20FDA6ED-B68E-4610-807B-F358668F181E}.Debug|iPhoneSimulator.ActiveCfg = Debug|Any CPU
		{20FDA6ED-B68E-4610-807B-F358668F181E}.Debug|iPhoneSimulator.Build.0 = Debug|Any CPU
		{20FDA6ED-B68E-4610-807B-F358668F181E}.Debug|iPhoneSimulator.Deploy.0 = Debug|Any CPU
		{20FDA6ED-B68E-4610-807B-F358668F181E}.Debug|x64.ActiveCfg = Debug|Any CPU
		{20FDA6ED-B68E-4610-807B-F358668F181E}.Debug|x64.Build.0 = Debug|Any CPU
		{20FDA6ED-B68E-4610-807B-F358668F181E}.Debug|x64.Deploy.0 = Debug|Any CPU
		{20FDA6ED-B68E-4610-807B-F358668F181E}.Debug|x86.ActiveCfg = Debug|Any CPU
		{20FDA6ED-B68E-4610-807B-F358668F181E}.Debug|x86.Build.0 = Debug|Any CPU
		{20FDA6ED-B68E-4610-807B-F358668F181E}.Debug|x86.Deploy.0 = Debug|Any CPU
		{20FDA6ED-B68E-4610-807B-F358668F181E}.Release|Any CPU.ActiveCfg = Release|Any CPU
		{20FDA6ED-B68E-4610-807B-F358668F181E}.Release|Any CPU.Build.0 = Release|Any CPU
		{20FDA6ED-B68E-4610-807B-F358668F181E}.Release|Any CPU.Deploy.0 = Release|Any CPU
		{20FDA6ED-B68E-4610-807B-F358668F181E}.Release|ARM.ActiveCfg = Release|Any CPU
		{20FDA6ED-B68E-4610-807B-F358668F181E}.Release|ARM.Build.0 = Release|Any CPU
		{20FDA6ED-B68E-4610-807B-F358668F181E}.Release|ARM.Deploy.0 = Release|Any CPU
		{20FDA6ED-B68E-4610-807B-F358668F181E}.Release|iPhone.ActiveCfg = Release|Any CPU
		{20FDA6ED-B68E-4610-807B-F358668F181E}.Release|iPhone.Build.0 = Release|Any CPU
		{20FDA6ED-B68E-4610-807B-F358668F181E}.Release|iPhone.Deploy.0 = Release|Any CPU
		{20FDA6ED-B68E-4610-807B-F358668F181E}.Release|iPhoneSimulator.ActiveCfg = Release|Any CPU
		{20FDA6ED-B68E-4610-807B-F358668F181E}.Release|iPhoneSimulator.Build.0 = Release|Any CPU
		{20FDA6ED-B68E-4610-807B-F358668F181E}.Release|iPhoneSimulator.Deploy.0 = Release|Any CPU
		{20FDA6ED-B68E-4610-807B-F358668F181E}.Release|x64.ActiveCfg = Release|Any CPU
		{20FDA6ED-B68E-4610-807B-F358668F181E}.Release|x64.Build.0 = Release|Any CPU
		{20FDA6ED-B68E-4610-807B-F358668F181E}.Release|x64.Deploy.0 = Release|Any CPU
		{20FDA6ED-B68E-4610-807B-F358668F181E}.Release|x86.ActiveCfg = Release|Any CPU
		{20FDA6ED-B68E-4610-807B-F358668F181E}.Release|x86.Build.0 = Release|Any CPU
		{20FDA6ED-B68E-4610-807B-F358668F181E}.Release|x86.Deploy.0 = Release|Any CPU
		{B445DF73-AC9E-4276-9FBA-7CB5AD5D2518}.Ad-Hoc|Any CPU.ActiveCfg = Release|Any CPU
		{B445DF73-AC9E-4276-9FBA-7CB5AD5D2518}.Ad-Hoc|Any CPU.Build.0 = Release|Any CPU
		{B445DF73-AC9E-4276-9FBA-7CB5AD5D2518}.Ad-Hoc|ARM.ActiveCfg = Release|Any CPU
		{B445DF73-AC9E-4276-9FBA-7CB5AD5D2518}.Ad-Hoc|ARM.Build.0 = Release|Any CPU
		{B445DF73-AC9E-4276-9FBA-7CB5AD5D2518}.Ad-Hoc|iPhone.ActiveCfg = Release|Any CPU
		{B445DF73-AC9E-4276-9FBA-7CB5AD5D2518}.Ad-Hoc|iPhone.Build.0 = Release|Any CPU
		{B445DF73-AC9E-4276-9FBA-7CB5AD5D2518}.Ad-Hoc|iPhoneSimulator.ActiveCfg = Release|Any CPU
		{B445DF73-AC9E-4276-9FBA-7CB5AD5D2518}.Ad-Hoc|iPhoneSimulator.Build.0 = Release|Any CPU
		{B445DF73-AC9E-4276-9FBA-7CB5AD5D2518}.Ad-Hoc|x64.ActiveCfg = Release|Any CPU
		{B445DF73-AC9E-4276-9FBA-7CB5AD5D2518}.Ad-Hoc|x64.Build.0 = Release|Any CPU
		{B445DF73-AC9E-4276-9FBA-7CB5AD5D2518}.Ad-Hoc|x86.ActiveCfg = Release|Any CPU
		{B445DF73-AC9E-4276-9FBA-7CB5AD5D2518}.Ad-Hoc|x86.Build.0 = Release|Any CPU
		{B445DF73-AC9E-4276-9FBA-7CB5AD5D2518}.AppStore|Any CPU.ActiveCfg = Release|Any CPU
		{B445DF73-AC9E-4276-9FBA-7CB5AD5D2518}.AppStore|Any CPU.Build.0 = Release|Any CPU
		{B445DF73-AC9E-4276-9FBA-7CB5AD5D2518}.AppStore|ARM.ActiveCfg = Release|Any CPU
		{B445DF73-AC9E-4276-9FBA-7CB5AD5D2518}.AppStore|ARM.Build.0 = Release|Any CPU
		{B445DF73-AC9E-4276-9FBA-7CB5AD5D2518}.AppStore|iPhone.ActiveCfg = Release|Any CPU
		{B445DF73-AC9E-4276-9FBA-7CB5AD5D2518}.AppStore|iPhone.Build.0 = Release|Any CPU
		{B445DF73-AC9E-4276-9FBA-7CB5AD5D2518}.AppStore|iPhoneSimulator.ActiveCfg = Release|Any CPU
		{B445DF73-AC9E-4276-9FBA-7CB5AD5D2518}.AppStore|iPhoneSimulator.Build.0 = Release|Any CPU
		{B445DF73-AC9E-4276-9FBA-7CB5AD5D2518}.AppStore|x64.ActiveCfg = Release|Any CPU
		{B445DF73-AC9E-4276-9FBA-7CB5AD5D2518}.AppStore|x64.Build.0 = Release|Any CPU
		{B445DF73-AC9E-4276-9FBA-7CB5AD5D2518}.AppStore|x86.ActiveCfg = Release|Any CPU
		{B445DF73-AC9E-4276-9FBA-7CB5AD5D2518}.AppStore|x86.Build.0 = Release|Any CPU
		{B445DF73-AC9E-4276-9FBA-7CB5AD5D2518}.Debug|Any CPU.ActiveCfg = Debug|Any CPU
		{B445DF73-AC9E-4276-9FBA-7CB5AD5D2518}.Debug|Any CPU.Build.0 = Debug|Any CPU
		{B445DF73-AC9E-4276-9FBA-7CB5AD5D2518}.Debug|ARM.ActiveCfg = Debug|Any CPU
		{B445DF73-AC9E-4276-9FBA-7CB5AD5D2518}.Debug|ARM.Build.0 = Debug|Any CPU
		{B445DF73-AC9E-4276-9FBA-7CB5AD5D2518}.Debug|iPhone.ActiveCfg = Debug|Any CPU
		{B445DF73-AC9E-4276-9FBA-7CB5AD5D2518}.Debug|iPhone.Build.0 = Debug|Any CPU
		{B445DF73-AC9E-4276-9FBA-7CB5AD5D2518}.Debug|iPhoneSimulator.ActiveCfg = Debug|Any CPU
		{B445DF73-AC9E-4276-9FBA-7CB5AD5D2518}.Debug|iPhoneSimulator.Build.0 = Debug|Any CPU
		{B445DF73-AC9E-4276-9FBA-7CB5AD5D2518}.Debug|x64.ActiveCfg = Debug|Any CPU
		{B445DF73-AC9E-4276-9FBA-7CB5AD5D2518}.Debug|x64.Build.0 = Debug|Any CPU
		{B445DF73-AC9E-4276-9FBA-7CB5AD5D2518}.Debug|x86.ActiveCfg = Debug|Any CPU
		{B445DF73-AC9E-4276-9FBA-7CB5AD5D2518}.Debug|x86.Build.0 = Debug|Any CPU
		{B445DF73-AC9E-4276-9FBA-7CB5AD5D2518}.Release|Any CPU.ActiveCfg = Release|Any CPU
		{B445DF73-AC9E-4276-9FBA-7CB5AD5D2518}.Release|Any CPU.Build.0 = Release|Any CPU
		{B445DF73-AC9E-4276-9FBA-7CB5AD5D2518}.Release|ARM.ActiveCfg = Release|Any CPU
		{B445DF73-AC9E-4276-9FBA-7CB5AD5D2518}.Release|ARM.Build.0 = Release|Any CPU
		{B445DF73-AC9E-4276-9FBA-7CB5AD5D2518}.Release|iPhone.ActiveCfg = Release|Any CPU
		{B445DF73-AC9E-4276-9FBA-7CB5AD5D2518}.Release|iPhone.Build.0 = Release|Any CPU
		{B445DF73-AC9E-4276-9FBA-7CB5AD5D2518}.Release|iPhoneSimulator.ActiveCfg = Release|Any CPU
		{B445DF73-AC9E-4276-9FBA-7CB5AD5D2518}.Release|iPhoneSimulator.Build.0 = Release|Any CPU
		{B445DF73-AC9E-4276-9FBA-7CB5AD5D2518}.Release|x64.ActiveCfg = Release|Any CPU
		{B445DF73-AC9E-4276-9FBA-7CB5AD5D2518}.Release|x64.Build.0 = Release|Any CPU
		{B445DF73-AC9E-4276-9FBA-7CB5AD5D2518}.Release|x86.ActiveCfg = Release|Any CPU
		{B445DF73-AC9E-4276-9FBA-7CB5AD5D2518}.Release|x86.Build.0 = Release|Any CPU
	EndGlobalSection
	GlobalSection(SolutionProperties) = preSolution
		HideSolutionNode = FALSE
	EndGlobalSection
	GlobalSection(ExtensibilityGlobals) = postSolution
		SolutionGuid = {F6D05029-56B8-4E45-AF2D-0E76295DDBA2}
	EndGlobalSection
EndGlobal
