
Microsoft Visual Studio Solution File, Format Version 12.00
# Visual Studio 15
VisualStudioVersion = 15.0.27130.2020
MinimumVisualStudioVersion = 10.0.40219.1
Project("{FAE04EC0-301F-11D3-BF4B-00C04F79EFBC}") = "BooksAppX.Android", "BooksAppX\BooksAppX.Android\BooksAppX.Android.csproj", "{212E606A-788E-458D-BA25-6E70D0DE8B2E}"
EndProject
Project("{FAE04EC0-301F-11D3-BF4B-00C04F79EFBC}") = "BooksAppX.iOS", "BooksAppX\BooksAppX.iOS\BooksAppX.iOS.csproj", "{BEAF4101-3485-4A76-AEDD-75F932D9D52D}"
EndProject
Project("{FAE04EC0-301F-11D3-BF4B-00C04F79EFBC}") = "BooksAppX.UWP", "BooksAppX\BooksAppX.UWP\BooksAppX.UWP.csproj", "{A4A6959B-48F6-4130-96DA-C53BF56DB979}"
EndProject
Project("{D954291E-2A0B-460D-934E-DC6B0785DB48}") = "BooksAppX", "BooksAppX\BooksAppX\BooksAppX.shproj", "{21B4C1C8-03E0-46E3-B8E9-CC2BBF8BB42E}"
EndProject
Project("{9A19103F-16F7-4668-BE54-9A1E7A4F7556}") = "BooksLib", "..\..\PatternsXamarinShared\BooksLib\BooksLib.csproj", "{9AC976E5-7F63-4B0A-BD3C-4E3E9C070C3A}"
EndProject
Project("{9A19103F-16F7-4668-BE54-9A1E7A4F7556}") = "Framework", "..\..\PatternsXamarinShared\Framework\Framework.csproj", "{68D13EBC-595A-4145-88DE-A34CA6D4BEAE}"
EndProject
Global
	GlobalSection(SharedMSBuildProjectFiles) = preSolution
		BooksAppX\BooksAppX\BooksAppX.projitems*{212e606a-788e-458d-ba25-6e70d0de8b2e}*SharedItemsImports = 4
		BooksAppX\BooksAppX\BooksAppX.projitems*{21b4c1c8-03e0-46e3-b8e9-cc2bbf8bb42e}*SharedItemsImports = 13
		BooksAppX\BooksAppX\BooksAppX.projitems*{a4a6959b-48f6-4130-96da-c53bf56db979}*SharedItemsImports = 4
		BooksAppX\BooksAppX\BooksAppX.projitems*{beaf4101-3485-4a76-aedd-75f932d9d52d}*SharedItemsImports = 4
	EndGlobalSection
	GlobalSection(SolutionConfigurationPlatforms) = preSolution
		Ad-Hoc|Any CPU = Ad-Hoc|Any CPU
		Ad-Hoc|ARM = Ad-Hoc|ARM
		Ad-Hoc|iPhone = Ad-Hoc|iPhone
		Ad-Hoc|iPhoneSimulator = Ad-Hoc|iPhoneSimulator
		Ad-Hoc|x64 = Ad-Hoc|x64
		Ad-Hoc|x86 = Ad-Hoc|x86
		AppStore|Any CPU = AppStore|Any CPU
		AppStore|ARM = AppStore|ARM
		AppStore|iPhone = AppStore|iPhone
		AppStore|iPhoneSimulator = AppStore|iPhoneSimulator
		AppStore|x64 = AppStore|x64
		AppStore|x86 = AppStore|x86
		Debug|Any CPU = Debug|Any CPU
		Debug|ARM = Debug|ARM
		Debug|iPhone = Debug|iPhone
		Debug|iPhoneSimulator = Debug|iPhoneSimulator
		Debug|x64 = Debug|x64
		Debug|x86 = Debug|x86
		Release|Any CPU = Release|Any CPU
		Release|ARM = Release|ARM
		Release|iPhone = Release|iPhone
		Release|iPhoneSimulator = Release|iPhoneSimulator
		Release|x64 = Release|x64
		Release|x86 = Release|x86
	EndGlobalSection
	GlobalSection(ProjectConfigurationPlatforms) = postSolution
		{212E606A-788E-458D-BA25-6E70D0DE8B2E}.Ad-Hoc|Any CPU.ActiveCfg = Release|Any CPU
		{212E606A-788E-458D-BA25-6E70D0DE8B2E}.Ad-Hoc|Any CPU.Build.0 = Release|Any CPU
		{212E606A-788E-458D-BA25-6E70D0DE8B2E}.Ad-Hoc|Any CPU.Deploy.0 = Release|Any CPU
		{212E606A-788E-458D-BA25-6E70D0DE8B2E}.Ad-Hoc|ARM.ActiveCfg = Release|Any CPU
		{212E606A-788E-458D-BA25-6E70D0DE8B2E}.Ad-Hoc|ARM.Build.0 = Release|Any CPU
		{212E606A-788E-458D-BA25-6E70D0DE8B2E}.Ad-Hoc|ARM.Deploy.0 = Release|Any CPU
		{212E606A-788E-458D-BA25-6E70D0DE8B2E}.Ad-Hoc|iPhone.ActiveCfg = Release|Any CPU
		{212E606A-788E-458D-BA25-6E70D0DE8B2E}.Ad-Hoc|iPhone.Build.0 = Release|Any CPU
		{212E606A-788E-458D-BA25-6E70D0DE8B2E}.Ad-Hoc|iPhone.Deploy.0 = Release|Any CPU
		{212E606A-788E-458D-BA25-6E70D0DE8B2E}.Ad-Hoc|iPhoneSimulator.ActiveCfg = Release|Any CPU
		{212E606A-788E-458D-BA25-6E70D0DE8B2E}.Ad-Hoc|iPhoneSimulator.Build.0 = Release|Any CPU
		{212E606A-788E-458D-BA25-6E70D0DE8B2E}.Ad-Hoc|iPhoneSimulator.Deploy.0 = Release|Any CPU
		{212E606A-788E-458D-BA25-6E70D0DE8B2E}.Ad-Hoc|x64.ActiveCfg = Release|Any CPU
		{212E606A-788E-458D-BA25-6E70D0DE8B2E}.Ad-Hoc|x64.Build.0 = Release|Any CPU
		{212E606A-788E-458D-BA25-6E70D0DE8B2E}.Ad-Hoc|x64.Deploy.0 = Release|Any CPU
		{212E606A-788E-458D-BA25-6E70D0DE8B2E}.Ad-Hoc|x86.ActiveCfg = Release|Any CPU
		{212E606A-788E-458D-BA25-6E70D0DE8B2E}.Ad-Hoc|x86.Build.0 = Release|Any CPU
		{212E606A-788E-458D-BA25-6E70D0DE8B2E}.Ad-Hoc|x86.Deploy.0 = Release|Any CPU
		{212E606A-788E-458D-BA25-6E70D0DE8B2E}.AppStore|Any CPU.ActiveCfg = Release|Any CPU
		{212E606A-788E-458D-BA25-6E70D0DE8B2E}.AppStore|Any CPU.Build.0 = Release|Any CPU
		{212E606A-788E-458D-BA25-6E70D0DE8B2E}.AppStore|Any CPU.Deploy.0 = Release|Any CPU
		{212E606A-788E-458D-BA25-6E70D0DE8B2E}.AppStore|ARM.ActiveCfg = Release|Any CPU
		{212E606A-788E-458D-BA25-6E70D0DE8B2E}.AppStore|ARM.Build.0 = Release|Any CPU
		{212E606A-788E-458D-BA25-6E70D0DE8B2E}.AppStore|ARM.Deploy.0 = Release|Any CPU
		{212E606A-788E-458D-BA25-6E70D0DE8B2E}.AppStore|iPhone.ActiveCfg = Release|Any CPU
		{212E606A-788E-458D-BA25-6E70D0DE8B2E}.AppStore|iPhone.Build.0 = Release|Any CPU
		{212E606A-788E-458D-BA25-6E70D0DE8B2E}.AppStore|iPhone.Deploy.0 = Release|Any CPU
		{212E606A-788E-458D-BA25-6E70D0DE8B2E}.AppStore|iPhoneSimulator.ActiveCfg = Release|Any CPU
		{212E606A-788E-458D-BA25-6E70D0DE8B2E}.AppStore|iPhoneSimulator.Build.0 = Release|Any CPU
		{212E606A-788E-458D-BA25-6E70D0DE8B2E}.AppStore|iPhoneSimulator.Deploy.0 = Release|Any CPU
		{212E606A-788E-458D-BA25-6E70D0DE8B2E}.AppStore|x64.ActiveCfg = Release|Any CPU
		{212E606A-788E-458D-BA25-6E70D0DE8B2E}.AppStore|x64.Build.0 = Release|Any CPU
		{212E606A-788E-458D-BA25-6E70D0DE8B2E}.AppStore|x64.Deploy.0 = Release|Any CPU
		{212E606A-788E-458D-BA25-6E70D0DE8B2E}.AppStore|x86.ActiveCfg = Release|Any CPU
		{212E606A-788E-458D-BA25-6E70D0DE8B2E}.AppStore|x86.Build.0 = Release|Any CPU
		{212E606A-788E-458D-BA25-6E70D0DE8B2E}.AppStore|x86.Deploy.0 = Release|Any CPU
		{212E606A-788E-458D-BA25-6E70D0DE8B2E}.Debug|Any CPU.ActiveCfg = Debug|Any CPU
		{212E606A-788E-458D-BA25-6E70D0DE8B2E}.Debug|Any CPU.Build.0 = Debug|Any CPU
		{212E606A-788E-458D-BA25-6E70D0DE8B2E}.Debug|Any CPU.Deploy.0 = Debug|Any CPU
		{212E606A-788E-458D-BA25-6E70D0DE8B2E}.Debug|ARM.ActiveCfg = Debug|Any CPU
		{212E606A-788E-458D-BA25-6E70D0DE8B2E}.Debug|ARM.Build.0 = Debug|Any CPU
		{212E606A-788E-458D-BA25-6E70D0DE8B2E}.Debug|ARM.Deploy.0 = Debug|Any CPU
		{212E606A-788E-458D-BA25-6E70D0DE8B2E}.Debug|iPhone.ActiveCfg = Debug|Any CPU
		{212E606A-788E-458D-BA25-6E70D0DE8B2E}.Debug|iPhone.Build.0 = Debug|Any CPU
		{212E606A-788E-458D-BA25-6E70D0DE8B2E}.Debug|iPhone.Deploy.0 = Debug|Any CPU
		{212E606A-788E-458D-BA25-6E70D0DE8B2E}.Debug|iPhoneSimulator.ActiveCfg = Debug|Any CPU
		{212E606A-788E-458D-BA25-6E70D0DE8B2E}.Debug|iPhoneSimulator.Build.0 = Debug|Any CPU
		{212E606A-788E-458D-BA25-6E70D0DE8B2E}.Debug|iPhoneSimulator.Deploy.0 = Debug|Any CPU
		{212E606A-788E-458D-BA25-6E70D0DE8B2E}.Debug|x64.ActiveCfg = Debug|Any CPU
		{212E606A-788E-458D-BA25-6E70D0DE8B2E}.Debug|x64.Build.0 = Debug|Any CPU
		{212E606A-788E-458D-BA25-6E70D0DE8B2E}.Debug|x64.Deploy.0 = Debug|Any CPU
		{212E606A-788E-458D-BA25-6E70D0DE8B2E}.Debug|x86.ActiveCfg = Debug|Any CPU
		{212E606A-788E-458D-BA25-6E70D0DE8B2E}.Debug|x86.Build.0 = Debug|Any CPU
		{212E606A-788E-458D-BA25-6E70D0DE8B2E}.Debug|x86.Deploy.0 = Debug|Any CPU
		{212E606A-788E-458D-BA25-6E70D0DE8B2E}.Release|Any CPU.ActiveCfg = Release|Any CPU
		{212E606A-788E-458D-BA25-6E70D0DE8B2E}.Release|Any CPU.Build.0 = Release|Any CPU
		{212E606A-788E-458D-BA25-6E70D0DE8B2E}.Release|Any CPU.Deploy.0 = Release|Any CPU
		{212E606A-788E-458D-BA25-6E70D0DE8B2E}.Release|ARM.ActiveCfg = Release|Any CPU
		{212E606A-788E-458D-BA25-6E70D0DE8B2E}.Release|ARM.Build.0 = Release|Any CPU
		{212E606A-788E-458D-BA25-6E70D0DE8B2E}.Release|ARM.Deploy.0 = Release|Any CPU
		{212E606A-788E-458D-BA25-6E70D0DE8B2E}.Release|iPhone.ActiveCfg = Release|Any CPU
		{212E606A-788E-458D-BA25-6E70D0DE8B2E}.Release|iPhone.Build.0 = Release|Any CPU
		{212E606A-788E-458D-BA25-6E70D0DE8B2E}.Release|iPhone.Deploy.0 = Release|Any CPU
		{212E606A-788E-458D-BA25-6E70D0DE8B2E}.Release|iPhoneSimulator.ActiveCfg = Release|Any CPU
		{212E606A-788E-458D-BA25-6E70D0DE8B2E}.Release|iPhoneSimulator.Build.0 = Release|Any CPU
		{212E606A-788E-458D-BA25-6E70D0DE8B2E}.Release|iPhoneSimulator.Deploy.0 = Release|Any CPU
		{212E606A-788E-458D-BA25-6E70D0DE8B2E}.Release|x64.ActiveCfg = Release|Any CPU
		{212E606A-788E-458D-BA25-6E70D0DE8B2E}.Release|x64.Build.0 = Release|Any CPU
		{212E606A-788E-458D-BA25-6E70D0DE8B2E}.Release|x64.Deploy.0 = Release|Any CPU
		{212E606A-788E-458D-BA25-6E70D0DE8B2E}.Release|x86.ActiveCfg = Release|Any CPU
		{212E606A-788E-458D-BA25-6E70D0DE8B2E}.Release|x86.Build.0 = Release|Any CPU
		{212E606A-788E-458D-BA25-6E70D0DE8B2E}.Release|x86.Deploy.0 = Release|Any CPU
		{BEAF4101-3485-4A76-AEDD-75F932D9D52D}.Ad-Hoc|Any CPU.ActiveCfg = Ad-Hoc|iPhone
		{BEAF4101-3485-4A76-AEDD-75F932D9D52D}.Ad-Hoc|ARM.ActiveCfg = Ad-Hoc|iPhone
		{BEAF4101-3485-4A76-AEDD-75F932D9D52D}.Ad-Hoc|iPhone.ActiveCfg = Ad-Hoc|iPhone
		{BEAF4101-3485-4A76-AEDD-75F932D9D52D}.Ad-Hoc|iPhone.Build.0 = Ad-Hoc|iPhone
		{BEAF4101-3485-4A76-AEDD-75F932D9D52D}.Ad-Hoc|iPhoneSimulator.ActiveCfg = Ad-Hoc|iPhoneSimulator
		{BEAF4101-3485-4A76-AEDD-75F932D9D52D}.Ad-Hoc|iPhoneSimulator.Build.0 = Ad-Hoc|iPhoneSimulator
		{BEAF4101-3485-4A76-AEDD-75F932D9D52D}.Ad-Hoc|x64.ActiveCfg = Ad-Hoc|iPhone
		{BEAF4101-3485-4A76-AEDD-75F932D9D52D}.Ad-Hoc|x86.ActiveCfg = Ad-Hoc|iPhone
		{BEAF4101-3485-4A76-AEDD-75F932D9D52D}.AppStore|Any CPU.ActiveCfg = AppStore|iPhone
		{BEAF4101-3485-4A76-AEDD-75F932D9D52D}.AppStore|ARM.ActiveCfg = AppStore|iPhone
		{BEAF4101-3485-4A76-AEDD-75F932D9D52D}.AppStore|iPhone.ActiveCfg = AppStore|iPhone
		{BEAF4101-3485-4A76-AEDD-75F932D9D52D}.AppStore|iPhone.Build.0 = AppStore|iPhone
		{BEAF4101-3485-4A76-AEDD-75F932D9D52D}.AppStore|iPhoneSimulator.ActiveCfg = AppStore|iPhoneSimulator
		{BEAF4101-3485-4A76-AEDD-75F932D9D52D}.AppStore|iPhoneSimulator.Build.0 = AppStore|iPhoneSimulator
		{BEAF4101-3485-4A76-AEDD-75F932D9D52D}.AppStore|x64.ActiveCfg = AppStore|iPhone
		{BEAF4101-3485-4A76-AEDD-75F932D9D52D}.AppStore|x86.ActiveCfg = AppStore|iPhone
		{BEAF4101-3485-4A76-AEDD-75F932D9D52D}.Debug|Any CPU.ActiveCfg = Debug|iPhone
		{BEAF4101-3485-4A76-AEDD-75F932D9D52D}.Debug|ARM.ActiveCfg = Debug|iPhone
		{BEAF4101-3485-4A76-AEDD-75F932D9D52D}.Debug|iPhone.ActiveCfg = Debug|iPhone
		{BEAF4101-3485-4A76-AEDD-75F932D9D52D}.Debug|iPhone.Build.0 = Debug|iPhone
		{BEAF4101-3485-4A76-AEDD-75F932D9D52D}.Debug|iPhoneSimulator.ActiveCfg = Debug|iPhoneSimulator
		{BEAF4101-3485-4A76-AEDD-75F932D9D52D}.Debug|iPhoneSimulator.Build.0 = Debug|iPhoneSimulator
		{BEAF4101-3485-4A76-AEDD-75F932D9D52D}.Debug|x64.ActiveCfg = Debug|iPhone
		{BEAF4101-3485-4A76-AEDD-75F932D9D52D}.Debug|x86.ActiveCfg = Debug|iPhone
		{BEAF4101-3485-4A76-AEDD-75F932D9D52D}.Release|Any CPU.ActiveCfg = Release|iPhone
		{BEAF4101-3485-4A76-AEDD-75F932D9D52D}.Release|ARM.ActiveCfg = Release|iPhone
		{BEAF4101-3485-4A76-AEDD-75F932D9D52D}.Release|iPhone.ActiveCfg = Release|iPhone
		{BEAF4101-3485-4A76-AEDD-75F932D9D52D}.Release|iPhone.Build.0 = Release|iPhone
		{BEAF4101-3485-4A76-AEDD-75F932D9D52D}.Release|iPhoneSimulator.ActiveCfg = Release|iPhoneSimulator
		{BEAF4101-3485-4A76-AEDD-75F932D9D52D}.Release|iPhoneSimulator.Build.0 = Release|iPhoneSimulator
		{BEAF4101-3485-4A76-AEDD-75F932D9D52D}.Release|x64.ActiveCfg = Release|iPhone
		{BEAF4101-3485-4A76-AEDD-75F932D9D52D}.Release|x86.ActiveCfg = Release|iPhone
		{A4A6959B-48F6-4130-96DA-C53BF56DB979}.Ad-Hoc|Any CPU.ActiveCfg = Release|x86
		{A4A6959B-48F6-4130-96DA-C53BF56DB979}.Ad-Hoc|Any CPU.Build.0 = Release|x86
		{A4A6959B-48F6-4130-96DA-C53BF56DB979}.Ad-Hoc|Any CPU.Deploy.0 = Release|x86
		{A4A6959B-48F6-4130-96DA-C53BF56DB979}.Ad-Hoc|ARM.ActiveCfg = Release|ARM
		{A4A6959B-48F6-4130-96DA-C53BF56DB979}.Ad-Hoc|ARM.Build.0 = Release|ARM
		{A4A6959B-48F6-4130-96DA-C53BF56DB979}.Ad-Hoc|ARM.Deploy.0 = Release|ARM
		{A4A6959B-48F6-4130-96DA-C53BF56DB979}.Ad-Hoc|iPhone.ActiveCfg = Release|x86
		{A4A6959B-48F6-4130-96DA-C53BF56DB979}.Ad-Hoc|iPhone.Build.0 = Release|x86
		{A4A6959B-48F6-4130-96DA-C53BF56DB979}.Ad-Hoc|iPhone.Deploy.0 = Release|x86
		{A4A6959B-48F6-4130-96DA-C53BF56DB979}.Ad-Hoc|iPhoneSimulator.ActiveCfg = Release|x86
		{A4A6959B-48F6-4130-96DA-C53BF56DB979}.Ad-Hoc|iPhoneSimulator.Build.0 = Release|x86
		{A4A6959B-48F6-4130-96DA-C53BF56DB979}.Ad-Hoc|iPhoneSimulator.Deploy.0 = Release|x86
		{A4A6959B-48F6-4130-96DA-C53BF56DB979}.Ad-Hoc|x64.ActiveCfg = Release|x64
		{A4A6959B-48F6-4130-96DA-C53BF56DB979}.Ad-Hoc|x64.Build.0 = Release|x64
		{A4A6959B-48F6-4130-96DA-C53BF56DB979}.Ad-Hoc|x64.Deploy.0 = Release|x64
		{A4A6959B-48F6-4130-96DA-C53BF56DB979}.Ad-Hoc|x86.ActiveCfg = Release|x86
		{A4A6959B-48F6-4130-96DA-C53BF56DB979}.Ad-Hoc|x86.Build.0 = Release|x86
		{A4A6959B-48F6-4130-96DA-C53BF56DB979}.Ad-Hoc|x86.Deploy.0 = Release|x86
		{A4A6959B-48F6-4130-96DA-C53BF56DB979}.AppStore|Any CPU.ActiveCfg = Release|x86
		{A4A6959B-48F6-4130-96DA-C53BF56DB979}.AppStore|Any CPU.Build.0 = Release|x86
		{A4A6959B-48F6-4130-96DA-C53BF56DB979}.AppStore|Any CPU.Deploy.0 = Release|x86
		{A4A6959B-48F6-4130-96DA-C53BF56DB979}.AppStore|ARM.ActiveCfg = Release|ARM
		{A4A6959B-48F6-4130-96DA-C53BF56DB979}.AppStore|ARM.Build.0 = Release|ARM
		{A4A6959B-48F6-4130-96DA-C53BF56DB979}.AppStore|ARM.Deploy.0 = Release|ARM
		{A4A6959B-48F6-4130-96DA-C53BF56DB979}.AppStore|iPhone.ActiveCfg = Release|x86
		{A4A6959B-48F6-4130-96DA-C53BF56DB979}.AppStore|iPhone.Build.0 = Release|x86
		{A4A6959B-48F6-4130-96DA-C53BF56DB979}.AppStore|iPhone.Deploy.0 = Release|x86
		{A4A6959B-48F6-4130-96DA-C53BF56DB979}.AppStore|iPhoneSimulator.ActiveCfg = Release|x86
		{A4A6959B-48F6-4130-96DA-C53BF56DB979}.AppStore|iPhoneSimulator.Build.0 = Release|x86
		{A4A6959B-48F6-4130-96DA-C53BF56DB979}.AppStore|iPhoneSimulator.Deploy.0 = Release|x86
		{A4A6959B-48F6-4130-96DA-C53BF56DB979}.AppStore|x64.ActiveCfg = Release|x64
		{A4A6959B-48F6-4130-96DA-C53BF56DB979}.AppStore|x64.Build.0 = Release|x64
		{A4A6959B-48F6-4130-96DA-C53BF56DB979}.AppStore|x64.Deploy.0 = Release|x64
		{A4A6959B-48F6-4130-96DA-C53BF56DB979}.AppStore|x86.ActiveCfg = Release|x86
		{A4A6959B-48F6-4130-96DA-C53BF56DB979}.AppStore|x86.Build.0 = Release|x86
		{A4A6959B-48F6-4130-96DA-C53BF56DB979}.AppStore|x86.Deploy.0 = Release|x86
		{A4A6959B-48F6-4130-96DA-C53BF56DB979}.Debug|Any CPU.ActiveCfg = Debug|x86
		{A4A6959B-48F6-4130-96DA-C53BF56DB979}.Debug|ARM.ActiveCfg = Debug|ARM
		{A4A6959B-48F6-4130-96DA-C53BF56DB979}.Debug|ARM.Build.0 = Debug|ARM
		{A4A6959B-48F6-4130-96DA-C53BF56DB979}.Debug|ARM.Deploy.0 = Debug|ARM
		{A4A6959B-48F6-4130-96DA-C53BF56DB979}.Debug|iPhone.ActiveCfg = Debug|x86
		{A4A6959B-48F6-4130-96DA-C53BF56DB979}.Debug|iPhoneSimulator.ActiveCfg = Debug|x86
		{A4A6959B-48F6-4130-96DA-C53BF56DB979}.Debug|x64.ActiveCfg = Debug|x64
		{A4A6959B-48F6-4130-96DA-C53BF56DB979}.Debug|x64.Build.0 = Debug|x64
		{A4A6959B-48F6-4130-96DA-C53BF56DB979}.Debug|x64.Deploy.0 = Debug|x64
		{A4A6959B-48F6-4130-96DA-C53BF56DB979}.Debug|x86.ActiveCfg = Debug|x86
		{A4A6959B-48F6-4130-96DA-C53BF56DB979}.Debug|x86.Build.0 = Debug|x86
		{A4A6959B-48F6-4130-96DA-C53BF56DB979}.Debug|x86.Deploy.0 = Debug|x86
		{A4A6959B-48F6-4130-96DA-C53BF56DB979}.Release|Any CPU.ActiveCfg = Release|x86
		{A4A6959B-48F6-4130-96DA-C53BF56DB979}.Release|ARM.ActiveCfg = Release|ARM
		{A4A6959B-48F6-4130-96DA-C53BF56DB979}.Release|ARM.Build.0 = Release|ARM
		{A4A6959B-48F6-4130-96DA-C53BF56DB979}.Release|ARM.Deploy.0 = Release|ARM
		{A4A6959B-48F6-4130-96DA-C53BF56DB979}.Release|iPhone.ActiveCfg = Release|x86
		{A4A6959B-48F6-4130-96DA-C53BF56DB979}.Release|iPhoneSimulator.ActiveCfg = Release|x86
		{A4A6959B-48F6-4130-96DA-C53BF56DB979}.Release|x64.ActiveCfg = Release|x64
		{A4A6959B-48F6-4130-96DA-C53BF56DB979}.Release|x64.Build.0 = Release|x64
		{A4A6959B-48F6-4130-96DA-C53BF56DB979}.Release|x64.Deploy.0 = Release|x64
		{A4A6959B-48F6-4130-96DA-C53BF56DB979}.Release|x86.ActiveCfg = Release|x86
		{A4A6959B-48F6-4130-96DA-C53BF56DB979}.Release|x86.Build.0 = Release|x86
		{A4A6959B-48F6-4130-96DA-C53BF56DB979}.Release|x86.Deploy.0 = Release|x86
		{9AC976E5-7F63-4B0A-BD3C-4E3E9C070C3A}.Ad-Hoc|Any CPU.ActiveCfg = Debug|Any CPU
		{9AC976E5-7F63-4B0A-BD3C-4E3E9C070C3A}.Ad-Hoc|Any CPU.Build.0 = Debug|Any CPU
		{9AC976E5-7F63-4B0A-BD3C-4E3E9C070C3A}.Ad-Hoc|ARM.ActiveCfg = Debug|Any CPU
		{9AC976E5-7F63-4B0A-BD3C-4E3E9C070C3A}.Ad-Hoc|ARM.Build.0 = Debug|Any CPU
		{9AC976E5-7F63-4B0A-BD3C-4E3E9C070C3A}.Ad-Hoc|iPhone.ActiveCfg = Debug|Any CPU
		{9AC976E5-7F63-4B0A-BD3C-4E3E9C070C3A}.Ad-Hoc|iPhone.Build.0 = Debug|Any CPU
		{9AC976E5-7F63-4B0A-BD3C-4E3E9C070C3A}.Ad-Hoc|iPhoneSimulator.ActiveCfg = Debug|Any CPU
		{9AC976E5-7F63-4B0A-BD3C-4E3E9C070C3A}.Ad-Hoc|iPhoneSimulator.Build.0 = Debug|Any CPU
		{9AC976E5-7F63-4B0A-BD3C-4E3E9C070C3A}.Ad-Hoc|x64.ActiveCfg = Debug|Any CPU
		{9AC976E5-7F63-4B0A-BD3C-4E3E9C070C3A}.Ad-Hoc|x64.Build.0 = Debug|Any CPU
		{9AC976E5-7F63-4B0A-BD3C-4E3E9C070C3A}.Ad-Hoc|x86.ActiveCfg = Debug|Any CPU
		{9AC976E5-7F63-4B0A-BD3C-4E3E9C070C3A}.Ad-Hoc|x86.Build.0 = Debug|Any CPU
		{9AC976E5-7F63-4B0A-BD3C-4E3E9C070C3A}.AppStore|Any CPU.ActiveCfg = Debug|Any CPU
		{9AC976E5-7F63-4B0A-BD3C-4E3E9C070C3A}.AppStore|Any CPU.Build.0 = Debug|Any CPU
		{9AC976E5-7F63-4B0A-BD3C-4E3E9C070C3A}.AppStore|ARM.ActiveCfg = Debug|Any CPU
		{9AC976E5-7F63-4B0A-BD3C-4E3E9C070C3A}.AppStore|ARM.Build.0 = Debug|Any CPU
		{9AC976E5-7F63-4B0A-BD3C-4E3E9C070C3A}.AppStore|iPhone.ActiveCfg = Debug|Any CPU
		{9AC976E5-7F63-4B0A-BD3C-4E3E9C070C3A}.AppStore|iPhone.Build.0 = Debug|Any CPU
		{9AC976E5-7F63-4B0A-BD3C-4E3E9C070C3A}.AppStore|iPhoneSimulator.ActiveCfg = Debug|Any CPU
		{9AC976E5-7F63-4B0A-BD3C-4E3E9C070C3A}.AppStore|iPhoneSimulator.Build.0 = Debug|Any CPU
		{9AC976E5-7F63-4B0A-BD3C-4E3E9C070C3A}.AppStore|x64.ActiveCfg = Debug|Any CPU
		{9AC976E5-7F63-4B0A-BD3C-4E3E9C070C3A}.AppStore|x64.Build.0 = Debug|Any CPU
		{9AC976E5-7F63-4B0A-BD3C-4E3E9C070C3A}.AppStore|x86.ActiveCfg = Debug|Any CPU
		{9AC976E5-7F63-4B0A-BD3C-4E3E9C070C3A}.AppStore|x86.Build.0 = Debug|Any CPU
		{9AC976E5-7F63-4B0A-BD3C-4E3E9C070C3A}.Debug|Any CPU.ActiveCfg = Debug|Any CPU
		{9AC976E5-7F63-4B0A-BD3C-4E3E9C070C3A}.Debug|Any CPU.Build.0 = Debug|Any CPU
		{9AC976E5-7F63-4B0A-BD3C-4E3E9C070C3A}.Debug|ARM.ActiveCfg = Debug|Any CPU
		{9AC976E5-7F63-4B0A-BD3C-4E3E9C070C3A}.Debug|ARM.Build.0 = Debug|Any CPU
		{9AC976E5-7F63-4B0A-BD3C-4E3E9C070C3A}.Debug|iPhone.ActiveCfg = Debug|Any CPU
		{9AC976E5-7F63-4B0A-BD3C-4E3E9C070C3A}.Debug|iPhone.Build.0 = Debug|Any CPU
		{9AC976E5-7F63-4B0A-BD3C-4E3E9C070C3A}.Debug|iPhoneSimulator.ActiveCfg = Debug|Any CPU
		{9AC976E5-7F63-4B0A-BD3C-4E3E9C070C3A}.Debug|iPhoneSimulator.Build.0 = Debug|Any CPU
		{9AC976E5-7F63-4B0A-BD3C-4E3E9C070C3A}.Debug|x64.ActiveCfg = Debug|Any CPU
		{9AC976E5-7F63-4B0A-BD3C-4E3E9C070C3A}.Debug|x64.Build.0 = Debug|Any CPU
		{9AC976E5-7F63-4B0A-BD3C-4E3E9C070C3A}.Debug|x86.ActiveCfg = Debug|Any CPU
		{9AC976E5-7F63-4B0A-BD3C-4E3E9C070C3A}.Debug|x86.Build.0 = Debug|Any CPU
		{9AC976E5-7F63-4B0A-BD3C-4E3E9C070C3A}.Release|Any CPU.ActiveCfg = Release|Any CPU
		{9AC976E5-7F63-4B0A-BD3C-4E3E9C070C3A}.Release|Any CPU.Build.0 = Release|Any CPU
		{9AC976E5-7F63-4B0A-BD3C-4E3E9C070C3A}.Release|ARM.ActiveCfg = Release|Any CPU
		{9AC976E5-7F63-4B0A-BD3C-4E3E9C070C3A}.Release|ARM.Build.0 = Release|Any CPU
		{9AC976E5-7F63-4B0A-BD3C-4E3E9C070C3A}.Release|iPhone.ActiveCfg = Release|Any CPU
		{9AC976E5-7F63-4B0A-BD3C-4E3E9C070C3A}.Release|iPhone.Build.0 = Release|Any CPU
		{9AC976E5-7F63-4B0A-BD3C-4E3E9C070C3A}.Release|iPhoneSimulator.ActiveCfg = Release|Any CPU
		{9AC976E5-7F63-4B0A-BD3C-4E3E9C070C3A}.Release|iPhoneSimulator.Build.0 = Release|Any CPU
		{9AC976E5-7F63-4B0A-BD3C-4E3E9C070C3A}.Release|x64.ActiveCfg = Release|Any CPU
		{9AC976E5-7F63-4B0A-BD3C-4E3E9C070C3A}.Release|x64.Build.0 = Release|Any CPU
		{9AC976E5-7F63-4B0A-BD3C-4E3E9C070C3A}.Release|x86.ActiveCfg = Release|Any CPU
		{9AC976E5-7F63-4B0A-BD3C-4E3E9C070C3A}.Release|x86.Build.0 = Release|Any CPU
		{68D13EBC-595A-4145-88DE-A34CA6D4BEAE}.Ad-Hoc|Any CPU.ActiveCfg = Debug|Any CPU
		{68D13EBC-595A-4145-88DE-A34CA6D4BEAE}.Ad-Hoc|Any CPU.Build.0 = Debug|Any CPU
		{68D13EBC-595A-4145-88DE-A34CA6D4BEAE}.Ad-Hoc|ARM.ActiveCfg = Debug|Any CPU
		{68D13EBC-595A-4145-88DE-A34CA6D4BEAE}.Ad-Hoc|ARM.Build.0 = Debug|Any CPU
		{68D13EBC-595A-4145-88DE-A34CA6D4BEAE}.Ad-Hoc|iPhone.ActiveCfg = Debug|Any CPU
		{68D13EBC-595A-4145-88DE-A34CA6D4BEAE}.Ad-Hoc|iPhone.Build.0 = Debug|Any CPU
		{68D13EBC-595A-4145-88DE-A34CA6D4BEAE}.Ad-Hoc|iPhoneSimulator.ActiveCfg = Debug|Any CPU
		{68D13EBC-595A-4145-88DE-A34CA6D4BEAE}.Ad-Hoc|iPhoneSimulator.Build.0 = Debug|Any CPU
		{68D13EBC-595A-4145-88DE-A34CA6D4BEAE}.Ad-Hoc|x64.ActiveCfg = Debug|Any CPU
		{68D13EBC-595A-4145-88DE-A34CA6D4BEAE}.Ad-Hoc|x64.Build.0 = Debug|Any CPU
		{68D13EBC-595A-4145-88DE-A34CA6D4BEAE}.Ad-Hoc|x86.ActiveCfg = Debug|Any CPU
		{68D13EBC-595A-4145-88DE-A34CA6D4BEAE}.Ad-Hoc|x86.Build.0 = Debug|Any CPU
		{68D13EBC-595A-4145-88DE-A34CA6D4BEAE}.AppStore|Any CPU.ActiveCfg = Debug|Any CPU
		{68D13EBC-595A-4145-88DE-A34CA6D4BEAE}.AppStore|Any CPU.Build.0 = Debug|Any CPU
		{68D13EBC-595A-4145-88DE-A34CA6D4BEAE}.AppStore|ARM.ActiveCfg = Debug|Any CPU
		{68D13EBC-595A-4145-88DE-A34CA6D4BEAE}.AppStore|ARM.Build.0 = Debug|Any CPU
		{68D13EBC-595A-4145-88DE-A34CA6D4BEAE}.AppStore|iPhone.ActiveCfg = Debug|Any CPU
		{68D13EBC-595A-4145-88DE-A34CA6D4BEAE}.AppStore|iPhone.Build.0 = Debug|Any CPU
		{68D13EBC-595A-4145-88DE-A34CA6D4BEAE}.AppStore|iPhoneSimulator.ActiveCfg = Debug|Any CPU
		{68D13EBC-595A-4145-88DE-A34CA6D4BEAE}.AppStore|iPhoneSimulator.Build.0 = Debug|Any CPU
		{68D13EBC-595A-4145-88DE-A34CA6D4BEAE}.AppStore|x64.ActiveCfg = Debug|Any CPU
		{68D13EBC-595A-4145-88DE-A34CA6D4BEAE}.AppStore|x64.Build.0 = Debug|Any CPU
		{68D13EBC-595A-4145-88DE-A34CA6D4BEAE}.AppStore|x86.ActiveCfg = Debug|Any CPU
		{68D13EBC-595A-4145-88DE-A34CA6D4BEAE}.AppStore|x86.Build.0 = Debug|Any CPU
		{68D13EBC-595A-4145-88DE-A34CA6D4BEAE}.Debug|Any CPU.ActiveCfg = Debug|Any CPU
		{68D13EBC-595A-4145-88DE-A34CA6D4BEAE}.Debug|Any CPU.Build.0 = Debug|Any CPU
		{68D13EBC-595A-4145-88DE-A34CA6D4BEAE}.Debug|ARM.ActiveCfg = Debug|Any CPU
		{68D13EBC-595A-4145-88DE-A34CA6D4BEAE}.Debug|ARM.Build.0 = Debug|Any CPU
		{68D13EBC-595A-4145-88DE-A34CA6D4BEAE}.Debug|iPhone.ActiveCfg = Debug|Any CPU
		{68D13EBC-595A-4145-88DE-A34CA6D4BEAE}.Debug|iPhone.Build.0 = Debug|Any CPU
		{68D13EBC-595A-4145-88DE-A34CA6D4BEAE}.Debug|iPhoneSimulator.ActiveCfg = Debug|Any CPU
		{68D13EBC-595A-4145-88DE-A34CA6D4BEAE}.Debug|iPhoneSimulator.Build.0 = Debug|Any CPU
		{68D13EBC-595A-4145-88DE-A34CA6D4BEAE}.Debug|x64.ActiveCfg = Debug|Any CPU
		{68D13EBC-595A-4145-88DE-A34CA6D4BEAE}.Debug|x64.Build.0 = Debug|Any CPU
		{68D13EBC-595A-4145-88DE-A34CA6D4BEAE}.Debug|x86.ActiveCfg = Debug|Any CPU
		{68D13EBC-595A-4145-88DE-A34CA6D4BEAE}.Debug|x86.Build.0 = Debug|Any CPU
		{68D13EBC-595A-4145-88DE-A34CA6D4BEAE}.Release|Any CPU.ActiveCfg = Release|Any CPU
		{68D13EBC-595A-4145-88DE-A34CA6D4BEAE}.Release|Any CPU.Build.0 = Release|Any CPU
		{68D13EBC-595A-4145-88DE-A34CA6D4BEAE}.Release|ARM.ActiveCfg = Release|Any CPU
		{68D13EBC-595A-4145-88DE-A34CA6D4BEAE}.Release|ARM.Build.0 = Release|Any CPU
		{68D13EBC-595A-4145-88DE-A34CA6D4BEAE}.Release|iPhone.ActiveCfg = Release|Any CPU
		{68D13EBC-595A-4145-88DE-A34CA6D4BEAE}.Release|iPhone.Build.0 = Release|Any CPU
		{68D13EBC-595A-4145-88DE-A34CA6D4BEAE}.Release|iPhoneSimulator.ActiveCfg = Release|Any CPU
		{68D13EBC-595A-4145-88DE-A34CA6D4BEAE}.Release|iPhoneSimulator.Build.0 = Release|Any CPU
		{68D13EBC-595A-4145-88DE-A34CA6D4BEAE}.Release|x64.ActiveCfg = Release|Any CPU
		{68D13EBC-595A-4145-88DE-A34CA6D4BEAE}.Release|x64.Build.0 = Release|Any CPU
		{68D13EBC-595A-4145-88DE-A34CA6D4BEAE}.Release|x86.ActiveCfg = Release|Any CPU
		{68D13EBC-595A-4145-88DE-A34CA6D4BEAE}.Release|x86.Build.0 = Release|Any CPU
	EndGlobalSection
	GlobalSection(SolutionProperties) = preSolution
		HideSolutionNode = FALSE
	EndGlobalSection
	GlobalSection(ExtensibilityGlobals) = postSolution
		SolutionGuid = {60F2CB2F-6F15-4EEC-9C7C-982AAF11BD38}
	EndGlobalSection
EndGlobal
