
Microsoft Visual Studio Solution File, Format Version 12.00
# Visual Studio 15
VisualStudioVersion = 15.0.27130.2024
MinimumVisualStudioVersion = 10.0.40219.1
Project("{2150E333-8FDC-42A3-9474-1A3956D46DE8}") = "HTTP", "HTTP", "{62F9A8A8-8122-4671-B37E-A5F4BE8A97E6}"
EndProject
Project("{2150E333-8FDC-42A3-9474-1A3956D46DE8}") = "TCP", "TCP", "{6F8E62B4-7D0C-4B94-98E1-918E25749857}"
EndProject
Project("{2150E333-8FDC-42A3-9474-1A3956D46DE8}") = "Sockets", "Sockets", "{7E39DCCF-688C-40E0-97E5-98C0ABCE6120}"
EndProject
Project("{2150E333-8FDC-42A3-9474-1A3956D46DE8}") = "UDP", "UDP", "{23FC629D-19D0-4094-80FE-B96F406EB8AF}"
EndProject
Project("{2150E333-8FDC-42A3-9474-1A3956D46DE8}") = "Solution Items", "Solution Items", "{FC2D3C7C-43B9-49A6-95DC-167B350FD481}"
EndProject
Project("{9A19103F-16F7-4668-BE54-9A1E7A4F7556}") = "HttpClientSample", "HttpClientSample\HttpClientSample.csproj", "{BFB1969A-4996-40D3-9C62-2C246551325A}"
EndProject
Project("{9A19103F-16F7-4668-BE54-9A1E7A4F7556}") = "DnsLookup", "DnsLookup\DnsLookup.csproj", "{03D1B0C3-59A2-4A8F-BDCA-1C2A62C964EB}"
EndProject
Project("{9A19103F-16F7-4668-BE54-9A1E7A4F7556}") = "HttpServer", "HttpServer\HttpServer.csproj", "{033AF70E-2660-4E6A-8743-1184102F8D98}"
EndProject
Project("{9A19103F-16F7-4668-BE54-9A1E7A4F7556}") = "Utilities", "Utilities\Utilities.csproj", "{13EACFD6-A311-4A9E-9769-7C528F578971}"
EndProject
Project("{9A19103F-16F7-4668-BE54-9A1E7A4F7556}") = "TcpServer", "TcpServer\TcpServer.csproj", "{06E885D0-D3FE-447D-8721-DA633D2A2DB9}"
EndProject
Project("{9A19103F-16F7-4668-BE54-9A1E7A4F7556}") = "TcpClientSample", "TcpClientSample\TcpClientSample.csproj", "{B4916D2C-2AF9-4F3B-9156-AE5F44F3EB59}"
EndProject
Project("{9A19103F-16F7-4668-BE54-9A1E7A4F7556}") = "SocketServer", "SocketServer\SocketServer.csproj", "{8C653762-FEB6-4CFA-8E62-15264F999B68}"
EndProject
Project("{9A19103F-16F7-4668-BE54-9A1E7A4F7556}") = "SocketClient", "SocketClient\SocketClient.csproj", "{8CB6C8C1-3C0B-4FFF-9BEC-3B04180D9DCB}"
EndProject
Project("{9A19103F-16F7-4668-BE54-9A1E7A4F7556}") = "UdpReceiver", "UdpReceiver\UdpReceiver.csproj", "{670B15A2-C7D2-4A0A-B56E-8E1B5511C194}"
EndProject
Project("{9A19103F-16F7-4668-BE54-9A1E7A4F7556}") = "UdpSender", "UdpSender\UdpSender.csproj", "{E16A29C3-161D-4C69-B560-B927FA4AD99B}"
EndProject
Project("{FAE04EC0-301F-11D3-BF4B-00C04F79EFBC}") = "WinAppHttpClient", "WinAppHttpClient\WinAppHttpClient.csproj", "{ABF31C7A-A848-4D8C-BE81-2DC6DB959D27}"
EndProject
Project("{9A19103F-16F7-4668-BE54-9A1E7A4F7556}") = "HttpClientUsingTcp", "HttpClientUsingTcp\HttpClientUsingTcp.csproj", "{0891BD03-3159-4791-BE8E-8E619B58AFB9}"
EndProject
Project("{FAE04EC0-301F-11D3-BF4B-00C04F79EFBC}") = "WinAppTcpClient", "WinAppTcpClient\WinAppTcpClient.csproj", "{991D6E1A-7DA6-4012-A19B-299FD5415DC6}"
EndProject
Project("{FAE04EC0-301F-11D3-BF4B-00C04F79EFBC}") = "WPFAppTcpClient", "WPFAppTcpClient\WPFAppTcpClient.csproj", "{108D5D89-61F8-461D-8841-800CC5BC52EA}"
EndProject
Global
	GlobalSection(SolutionConfigurationPlatforms) = preSolution
		Debug|Any CPU = Debug|Any CPU
		Debug|ARM = Debug|ARM
		Debug|x64 = Debug|x64
		Debug|x86 = Debug|x86
		Release|Any CPU = Release|Any CPU
		Release|ARM = Release|ARM
		Release|x64 = Release|x64
		Release|x86 = Release|x86
	EndGlobalSection
	GlobalSection(ProjectConfigurationPlatforms) = postSolution
		{BFB1969A-4996-40D3-9C62-2C246551325A}.Debug|Any CPU.ActiveCfg = Debug|Any CPU
		{BFB1969A-4996-40D3-9C62-2C246551325A}.Debug|Any CPU.Build.0 = Debug|Any CPU
		{BFB1969A-4996-40D3-9C62-2C246551325A}.Debug|ARM.ActiveCfg = Debug|Any CPU
		{BFB1969A-4996-40D3-9C62-2C246551325A}.Debug|ARM.Build.0 = Debug|Any CPU
		{BFB1969A-4996-40D3-9C62-2C246551325A}.Debug|x64.ActiveCfg = Debug|Any CPU
		{BFB1969A-4996-40D3-9C62-2C246551325A}.Debug|x64.Build.0 = Debug|Any CPU
		{BFB1969A-4996-40D3-9C62-2C246551325A}.Debug|x86.ActiveCfg = Debug|Any CPU
		{BFB1969A-4996-40D3-9C62-2C246551325A}.Debug|x86.Build.0 = Debug|Any CPU
		{BFB1969A-4996-40D3-9C62-2C246551325A}.Release|Any CPU.ActiveCfg = Release|Any CPU
		{BFB1969A-4996-40D3-9C62-2C246551325A}.Release|Any CPU.Build.0 = Release|Any CPU
		{BFB1969A-4996-40D3-9C62-2C246551325A}.Release|ARM.ActiveCfg = Release|Any CPU
		{BFB1969A-4996-40D3-9C62-2C246551325A}.Release|ARM.Build.0 = Release|Any CPU
		{BFB1969A-4996-40D3-9C62-2C246551325A}.Release|x64.ActiveCfg = Release|Any CPU
		{BFB1969A-4996-40D3-9C62-2C246551325A}.Release|x64.Build.0 = Release|Any CPU
		{BFB1969A-4996-40D3-9C62-2C246551325A}.Release|x86.ActiveCfg = Release|Any CPU
		{BFB1969A-4996-40D3-9C62-2C246551325A}.Release|x86.Build.0 = Release|Any CPU
		{03D1B0C3-59A2-4A8F-BDCA-1C2A62C964EB}.Debug|Any CPU.ActiveCfg = Debug|Any CPU
		{03D1B0C3-59A2-4A8F-BDCA-1C2A62C964EB}.Debug|Any CPU.Build.0 = Debug|Any CPU
		{03D1B0C3-59A2-4A8F-BDCA-1C2A62C964EB}.Debug|ARM.ActiveCfg = Debug|Any CPU
		{03D1B0C3-59A2-4A8F-BDCA-1C2A62C964EB}.Debug|ARM.Build.0 = Debug|Any CPU
		{03D1B0C3-59A2-4A8F-BDCA-1C2A62C964EB}.Debug|x64.ActiveCfg = Debug|Any CPU
		{03D1B0C3-59A2-4A8F-BDCA-1C2A62C964EB}.Debug|x64.Build.0 = Debug|Any CPU
		{03D1B0C3-59A2-4A8F-BDCA-1C2A62C964EB}.Debug|x86.ActiveCfg = Debug|Any CPU
		{03D1B0C3-59A2-4A8F-BDCA-1C2A62C964EB}.Debug|x86.Build.0 = Debug|Any CPU
		{03D1B0C3-59A2-4A8F-BDCA-1C2A62C964EB}.Release|Any CPU.ActiveCfg = Release|Any CPU
		{03D1B0C3-59A2-4A8F-BDCA-1C2A62C964EB}.Release|Any CPU.Build.0 = Release|Any CPU
		{03D1B0C3-59A2-4A8F-BDCA-1C2A62C964EB}.Release|ARM.ActiveCfg = Release|Any CPU
		{03D1B0C3-59A2-4A8F-BDCA-1C2A62C964EB}.Release|ARM.Build.0 = Release|Any CPU
		{03D1B0C3-59A2-4A8F-BDCA-1C2A62C964EB}.Release|x64.ActiveCfg = Release|Any CPU
		{03D1B0C3-59A2-4A8F-BDCA-1C2A62C964EB}.Release|x64.Build.0 = Release|Any CPU
		{03D1B0C3-59A2-4A8F-BDCA-1C2A62C964EB}.Release|x86.ActiveCfg = Release|Any CPU
		{03D1B0C3-59A2-4A8F-BDCA-1C2A62C964EB}.Release|x86.Build.0 = Release|Any CPU
		{033AF70E-2660-4E6A-8743-1184102F8D98}.Debug|Any CPU.ActiveCfg = Debug|Any CPU
		{033AF70E-2660-4E6A-8743-1184102F8D98}.Debug|Any CPU.Build.0 = Debug|Any CPU
		{033AF70E-2660-4E6A-8743-1184102F8D98}.Debug|ARM.ActiveCfg = Debug|Any CPU
		{033AF70E-2660-4E6A-8743-1184102F8D98}.Debug|ARM.Build.0 = Debug|Any CPU
		{033AF70E-2660-4E6A-8743-1184102F8D98}.Debug|x64.ActiveCfg = Debug|Any CPU
		{033AF70E-2660-4E6A-8743-1184102F8D98}.Debug|x64.Build.0 = Debug|Any CPU
		{033AF70E-2660-4E6A-8743-1184102F8D98}.Debug|x86.ActiveCfg = Debug|Any CPU
		{033AF70E-2660-4E6A-8743-1184102F8D98}.Debug|x86.Build.0 = Debug|Any CPU
		{033AF70E-2660-4E6A-8743-1184102F8D98}.Release|Any CPU.ActiveCfg = Release|Any CPU
		{033AF70E-2660-4E6A-8743-1184102F8D98}.Release|Any CPU.Build.0 = Release|Any CPU
		{033AF70E-2660-4E6A-8743-1184102F8D98}.Release|ARM.ActiveCfg = Release|Any CPU
		{033AF70E-2660-4E6A-8743-1184102F8D98}.Release|ARM.Build.0 = Release|Any CPU
		{033AF70E-2660-4E6A-8743-1184102F8D98}.Release|x64.ActiveCfg = Release|Any CPU
		{033AF70E-2660-4E6A-8743-1184102F8D98}.Release|x64.Build.0 = Release|Any CPU
		{033AF70E-2660-4E6A-8743-1184102F8D98}.Release|x86.ActiveCfg = Release|Any CPU
		{033AF70E-2660-4E6A-8743-1184102F8D98}.Release|x86.Build.0 = Release|Any CPU
		{13EACFD6-A311-4A9E-9769-7C528F578971}.Debug|Any CPU.ActiveCfg = Debug|Any CPU
		{13EACFD6-A311-4A9E-9769-7C528F578971}.Debug|Any CPU.Build.0 = Debug|Any CPU
		{13EACFD6-A311-4A9E-9769-7C528F578971}.Debug|ARM.ActiveCfg = Debug|Any CPU
		{13EACFD6-A311-4A9E-9769-7C528F578971}.Debug|ARM.Build.0 = Debug|Any CPU
		{13EACFD6-A311-4A9E-9769-7C528F578971}.Debug|x64.ActiveCfg = Debug|Any CPU
		{13EACFD6-A311-4A9E-9769-7C528F578971}.Debug|x64.Build.0 = Debug|Any CPU
		{13EACFD6-A311-4A9E-9769-7C528F578971}.Debug|x86.ActiveCfg = Debug|Any CPU
		{13EACFD6-A311-4A9E-9769-7C528F578971}.Debug|x86.Build.0 = Debug|Any CPU
		{13EACFD6-A311-4A9E-9769-7C528F578971}.Release|Any CPU.ActiveCfg = Release|Any CPU
		{13EACFD6-A311-4A9E-9769-7C528F578971}.Release|Any CPU.Build.0 = Release|Any CPU
		{13EACFD6-A311-4A9E-9769-7C528F578971}.Release|ARM.ActiveCfg = Release|Any CPU
		{13EACFD6-A311-4A9E-9769-7C528F578971}.Release|ARM.Build.0 = Release|Any CPU
		{13EACFD6-A311-4A9E-9769-7C528F578971}.Release|x64.ActiveCfg = Release|Any CPU
		{13EACFD6-A311-4A9E-9769-7C528F578971}.Release|x64.Build.0 = Release|Any CPU
		{13EACFD6-A311-4A9E-9769-7C528F578971}.Release|x86.ActiveCfg = Release|Any CPU
		{13EACFD6-A311-4A9E-9769-7C528F578971}.Release|x86.Build.0 = Release|Any CPU
		{06E885D0-D3FE-447D-8721-DA633D2A2DB9}.Debug|Any CPU.ActiveCfg = Debug|Any CPU
		{06E885D0-D3FE-447D-8721-DA633D2A2DB9}.Debug|Any CPU.Build.0 = Debug|Any CPU
		{06E885D0-D3FE-447D-8721-DA633D2A2DB9}.Debug|ARM.ActiveCfg = Debug|Any CPU
		{06E885D0-D3FE-447D-8721-DA633D2A2DB9}.Debug|ARM.Build.0 = Debug|Any CPU
		{06E885D0-D3FE-447D-8721-DA633D2A2DB9}.Debug|x64.ActiveCfg = Debug|Any CPU
		{06E885D0-D3FE-447D-8721-DA633D2A2DB9}.Debug|x64.Build.0 = Debug|Any CPU
		{06E885D0-D3FE-447D-8721-DA633D2A2DB9}.Debug|x86.ActiveCfg = Debug|Any CPU
		{06E885D0-D3FE-447D-8721-DA633D2A2DB9}.Debug|x86.Build.0 = Debug|Any CPU
		{06E885D0-D3FE-447D-8721-DA633D2A2DB9}.Release|Any CPU.ActiveCfg = Release|Any CPU
		{06E885D0-D3FE-447D-8721-DA633D2A2DB9}.Release|Any CPU.Build.0 = Release|Any CPU
		{06E885D0-D3FE-447D-8721-DA633D2A2DB9}.Release|ARM.ActiveCfg = Release|Any CPU
		{06E885D0-D3FE-447D-8721-DA633D2A2DB9}.Release|ARM.Build.0 = Release|Any CPU
		{06E885D0-D3FE-447D-8721-DA633D2A2DB9}.Release|x64.ActiveCfg = Release|Any CPU
		{06E885D0-D3FE-447D-8721-DA633D2A2DB9}.Release|x64.Build.0 = Release|Any CPU
		{06E885D0-D3FE-447D-8721-DA633D2A2DB9}.Release|x86.ActiveCfg = Release|Any CPU
		{06E885D0-D3FE-447D-8721-DA633D2A2DB9}.Release|x86.Build.0 = Release|Any CPU
		{B4916D2C-2AF9-4F3B-9156-AE5F44F3EB59}.Debug|Any CPU.ActiveCfg = Debug|Any CPU
		{B4916D2C-2AF9-4F3B-9156-AE5F44F3EB59}.Debug|Any CPU.Build.0 = Debug|Any CPU
		{B4916D2C-2AF9-4F3B-9156-AE5F44F3EB59}.Debug|ARM.ActiveCfg = Debug|Any CPU
		{B4916D2C-2AF9-4F3B-9156-AE5F44F3EB59}.Debug|ARM.Build.0 = Debug|Any CPU
		{B4916D2C-2AF9-4F3B-9156-AE5F44F3EB59}.Debug|x64.ActiveCfg = Debug|Any CPU
		{B4916D2C-2AF9-4F3B-9156-AE5F44F3EB59}.Debug|x64.Build.0 = Debug|Any CPU
		{B4916D2C-2AF9-4F3B-9156-AE5F44F3EB59}.Debug|x86.ActiveCfg = Debug|Any CPU
		{B4916D2C-2AF9-4F3B-9156-AE5F44F3EB59}.Debug|x86.Build.0 = Debug|Any CPU
		{B4916D2C-2AF9-4F3B-9156-AE5F44F3EB59}.Release|Any CPU.ActiveCfg = Release|Any CPU
		{B4916D2C-2AF9-4F3B-9156-AE5F44F3EB59}.Release|Any CPU.Build.0 = Release|Any CPU
		{B4916D2C-2AF9-4F3B-9156-AE5F44F3EB59}.Release|ARM.ActiveCfg = Release|Any CPU
		{B4916D2C-2AF9-4F3B-9156-AE5F44F3EB59}.Release|ARM.Build.0 = Release|Any CPU
		{B4916D2C-2AF9-4F3B-9156-AE5F44F3EB59}.Release|x64.ActiveCfg = Release|Any CPU
		{B4916D2C-2AF9-4F3B-9156-AE5F44F3EB59}.Release|x64.Build.0 = Release|Any CPU
		{B4916D2C-2AF9-4F3B-9156-AE5F44F3EB59}.Release|x86.ActiveCfg = Release|Any CPU
		{B4916D2C-2AF9-4F3B-9156-AE5F44F3EB59}.Release|x86.Build.0 = Release|Any CPU
		{8C653762-FEB6-4CFA-8E62-15264F999B68}.Debug|Any CPU.ActiveCfg = Debug|Any CPU
		{8C653762-FEB6-4CFA-8E62-15264F999B68}.Debug|Any CPU.Build.0 = Debug|Any CPU
		{8C653762-FEB6-4CFA-8E62-15264F999B68}.Debug|ARM.ActiveCfg = Debug|Any CPU
		{8C653762-FEB6-4CFA-8E62-15264F999B68}.Debug|ARM.Build.0 = Debug|Any CPU
		{8C653762-FEB6-4CFA-8E62-15264F999B68}.Debug|x64.ActiveCfg = Debug|Any CPU
		{8C653762-FEB6-4CFA-8E62-15264F999B68}.Debug|x64.Build.0 = Debug|Any CPU
		{8C653762-FEB6-4CFA-8E62-15264F999B68}.Debug|x86.ActiveCfg = Debug|Any CPU
		{8C653762-FEB6-4CFA-8E62-15264F999B68}.Debug|x86.Build.0 = Debug|Any CPU
		{8C653762-FEB6-4CFA-8E62-15264F999B68}.Release|Any CPU.ActiveCfg = Release|Any CPU
		{8C653762-FEB6-4CFA-8E62-15264F999B68}.Release|Any CPU.Build.0 = Release|Any CPU
		{8C653762-FEB6-4CFA-8E62-15264F999B68}.Release|ARM.ActiveCfg = Release|Any CPU
		{8C653762-FEB6-4CFA-8E62-15264F999B68}.Release|ARM.Build.0 = Release|Any CPU
		{8C653762-FEB6-4CFA-8E62-15264F999B68}.Release|x64.ActiveCfg = Release|Any CPU
		{8C653762-FEB6-4CFA-8E62-15264F999B68}.Release|x64.Build.0 = Release|Any CPU
		{8C653762-FEB6-4CFA-8E62-15264F999B68}.Release|x86.ActiveCfg = Release|Any CPU
		{8C653762-FEB6-4CFA-8E62-15264F999B68}.Release|x86.Build.0 = Release|Any CPU
		{8CB6C8C1-3C0B-4FFF-9BEC-3B04180D9DCB}.Debug|Any CPU.ActiveCfg = Debug|Any CPU
		{8CB6C8C1-3C0B-4FFF-9BEC-3B04180D9DCB}.Debug|Any CPU.Build.0 = Debug|Any CPU
		{8CB6C8C1-3C0B-4FFF-9BEC-3B04180D9DCB}.Debug|ARM.ActiveCfg = Debug|Any CPU
		{8CB6C8C1-3C0B-4FFF-9BEC-3B04180D9DCB}.Debug|ARM.Build.0 = Debug|Any CPU
		{8CB6C8C1-3C0B-4FFF-9BEC-3B04180D9DCB}.Debug|x64.ActiveCfg = Debug|Any CPU
		{8CB6C8C1-3C0B-4FFF-9BEC-3B04180D9DCB}.Debug|x64.Build.0 = Debug|Any CPU
		{8CB6C8C1-3C0B-4FFF-9BEC-3B04180D9DCB}.Debug|x86.ActiveCfg = Debug|Any CPU
		{8CB6C8C1-3C0B-4FFF-9BEC-3B04180D9DCB}.Debug|x86.Build.0 = Debug|Any CPU
		{8CB6C8C1-3C0B-4FFF-9BEC-3B04180D9DCB}.Release|Any CPU.ActiveCfg = Release|Any CPU
		{8CB6C8C1-3C0B-4FFF-9BEC-3B04180D9DCB}.Release|Any CPU.Build.0 = Release|Any CPU
		{8CB6C8C1-3C0B-4FFF-9BEC-3B04180D9DCB}.Release|ARM.ActiveCfg = Release|Any CPU
		{8CB6C8C1-3C0B-4FFF-9BEC-3B04180D9DCB}.Release|ARM.Build.0 = Release|Any CPU
		{8CB6C8C1-3C0B-4FFF-9BEC-3B04180D9DCB}.Release|x64.ActiveCfg = Release|Any CPU
		{8CB6C8C1-3C0B-4FFF-9BEC-3B04180D9DCB}.Release|x64.Build.0 = Release|Any CPU
		{8CB6C8C1-3C0B-4FFF-9BEC-3B04180D9DCB}.Release|x86.ActiveCfg = Release|Any CPU
		{8CB6C8C1-3C0B-4FFF-9BEC-3B04180D9DCB}.Release|x86.Build.0 = Release|Any CPU
		{670B15A2-C7D2-4A0A-B56E-8E1B5511C194}.Debug|Any CPU.ActiveCfg = Debug|Any CPU
		{670B15A2-C7D2-4A0A-B56E-8E1B5511C194}.Debug|Any CPU.Build.0 = Debug|Any CPU
		{670B15A2-C7D2-4A0A-B56E-8E1B5511C194}.Debug|ARM.ActiveCfg = Debug|Any CPU
		{670B15A2-C7D2-4A0A-B56E-8E1B5511C194}.Debug|ARM.Build.0 = Debug|Any CPU
		{670B15A2-C7D2-4A0A-B56E-8E1B5511C194}.Debug|x64.ActiveCfg = Debug|Any CPU
		{670B15A2-C7D2-4A0A-B56E-8E1B5511C194}.Debug|x64.Build.0 = Debug|Any CPU
		{670B15A2-C7D2-4A0A-B56E-8E1B5511C194}.Debug|x86.ActiveCfg = Debug|Any CPU
		{670B15A2-C7D2-4A0A-B56E-8E1B5511C194}.Debug|x86.Build.0 = Debug|Any CPU
		{670B15A2-C7D2-4A0A-B56E-8E1B5511C194}.Release|Any CPU.ActiveCfg = Release|Any CPU
		{670B15A2-C7D2-4A0A-B56E-8E1B5511C194}.Release|Any CPU.Build.0 = Release|Any CPU
		{670B15A2-C7D2-4A0A-B56E-8E1B5511C194}.Release|ARM.ActiveCfg = Release|Any CPU
		{670B15A2-C7D2-4A0A-B56E-8E1B5511C194}.Release|ARM.Build.0 = Release|Any CPU
		{670B15A2-C7D2-4A0A-B56E-8E1B5511C194}.Release|x64.ActiveCfg = Release|Any CPU
		{670B15A2-C7D2-4A0A-B56E-8E1B5511C194}.Release|x64.Build.0 = Release|Any CPU
		{670B15A2-C7D2-4A0A-B56E-8E1B5511C194}.Release|x86.ActiveCfg = Release|Any CPU
		{670B15A2-C7D2-4A0A-B56E-8E1B5511C194}.Release|x86.Build.0 = Release|Any CPU
		{E16A29C3-161D-4C69-B560-B927FA4AD99B}.Debug|Any CPU.ActiveCfg = Debug|Any CPU
		{E16A29C3-161D-4C69-B560-B927FA4AD99B}.Debug|Any CPU.Build.0 = Debug|Any CPU
		{E16A29C3-161D-4C69-B560-B927FA4AD99B}.Debug|ARM.ActiveCfg = Debug|Any CPU
		{E16A29C3-161D-4C69-B560-B927FA4AD99B}.Debug|ARM.Build.0 = Debug|Any CPU
		{E16A29C3-161D-4C69-B560-B927FA4AD99B}.Debug|x64.ActiveCfg = Debug|Any CPU
		{E16A29C3-161D-4C69-B560-B927FA4AD99B}.Debug|x64.Build.0 = Debug|Any CPU
		{E16A29C3-161D-4C69-B560-B927FA4AD99B}.Debug|x86.ActiveCfg = Debug|Any CPU
		{E16A29C3-161D-4C69-B560-B927FA4AD99B}.Debug|x86.Build.0 = Debug|Any CPU
		{E16A29C3-161D-4C69-B560-B927FA4AD99B}.Release|Any CPU.ActiveCfg = Release|Any CPU
		{E16A29C3-161D-4C69-B560-B927FA4AD99B}.Release|Any CPU.Build.0 = Release|Any CPU
		{E16A29C3-161D-4C69-B560-B927FA4AD99B}.Release|ARM.ActiveCfg = Release|Any CPU
		{E16A29C3-161D-4C69-B560-B927FA4AD99B}.Release|ARM.Build.0 = Release|Any CPU
		{E16A29C3-161D-4C69-B560-B927FA4AD99B}.Release|x64.ActiveCfg = Release|Any CPU
		{E16A29C3-161D-4C69-B560-B927FA4AD99B}.Release|x64.Build.0 = Release|Any CPU
		{E16A29C3-161D-4C69-B560-B927FA4AD99B}.Release|x86.ActiveCfg = Release|Any CPU
		{E16A29C3-161D-4C69-B560-B927FA4AD99B}.Release|x86.Build.0 = Release|Any CPU
		{ABF31C7A-A848-4D8C-BE81-2DC6DB959D27}.Debug|Any CPU.ActiveCfg = Debug|x86
		{ABF31C7A-A848-4D8C-BE81-2DC6DB959D27}.Debug|Any CPU.Build.0 = Debug|x86
		{ABF31C7A-A848-4D8C-BE81-2DC6DB959D27}.Debug|Any CPU.Deploy.0 = Debug|x86
		{ABF31C7A-A848-4D8C-BE81-2DC6DB959D27}.Debug|ARM.ActiveCfg = Debug|ARM
		{ABF31C7A-A848-4D8C-BE81-2DC6DB959D27}.Debug|ARM.Build.0 = Debug|ARM
		{ABF31C7A-A848-4D8C-BE81-2DC6DB959D27}.Debug|ARM.Deploy.0 = Debug|ARM
		{ABF31C7A-A848-4D8C-BE81-2DC6DB959D27}.Debug|x64.ActiveCfg = Debug|x64
		{ABF31C7A-A848-4D8C-BE81-2DC6DB959D27}.Debug|x64.Build.0 = Debug|x64
		{ABF31C7A-A848-4D8C-BE81-2DC6DB959D27}.Debug|x64.Deploy.0 = Debug|x64
		{ABF31C7A-A848-4D8C-BE81-2DC6DB959D27}.Debug|x86.ActiveCfg = Debug|x86
		{ABF31C7A-A848-4D8C-BE81-2DC6DB959D27}.Debug|x86.Build.0 = Debug|x86
		{ABF31C7A-A848-4D8C-BE81-2DC6DB959D27}.Debug|x86.Deploy.0 = Debug|x86
		{ABF31C7A-A848-4D8C-BE81-2DC6DB959D27}.Release|Any CPU.ActiveCfg = Release|x86
		{ABF31C7A-A848-4D8C-BE81-2DC6DB959D27}.Release|ARM.ActiveCfg = Release|ARM
		{ABF31C7A-A848-4D8C-BE81-2DC6DB959D27}.Release|ARM.Build.0 = Release|ARM
		{ABF31C7A-A848-4D8C-BE81-2DC6DB959D27}.Release|ARM.Deploy.0 = Release|ARM
		{ABF31C7A-A848-4D8C-BE81-2DC6DB959D27}.Release|x64.ActiveCfg = Release|x64
		{ABF31C7A-A848-4D8C-BE81-2DC6DB959D27}.Release|x64.Build.0 = Release|x64
		{ABF31C7A-A848-4D8C-BE81-2DC6DB959D27}.Release|x64.Deploy.0 = Release|x64
		{ABF31C7A-A848-4D8C-BE81-2DC6DB959D27}.Release|x86.ActiveCfg = Release|x86
		{ABF31C7A-A848-4D8C-BE81-2DC6DB959D27}.Release|x86.Build.0 = Release|x86
		{ABF31C7A-A848-4D8C-BE81-2DC6DB959D27}.Release|x86.Deploy.0 = Release|x86
		{0891BD03-3159-4791-BE8E-8E619B58AFB9}.Debug|Any CPU.ActiveCfg = Debug|Any CPU
		{0891BD03-3159-4791-BE8E-8E619B58AFB9}.Debug|Any CPU.Build.0 = Debug|Any CPU
		{0891BD03-3159-4791-BE8E-8E619B58AFB9}.Debug|ARM.ActiveCfg = Debug|Any CPU
		{0891BD03-3159-4791-BE8E-8E619B58AFB9}.Debug|ARM.Build.0 = Debug|Any CPU
		{0891BD03-3159-4791-BE8E-8E619B58AFB9}.Debug|x64.ActiveCfg = Debug|Any CPU
		{0891BD03-3159-4791-BE8E-8E619B58AFB9}.Debug|x64.Build.0 = Debug|Any CPU
		{0891BD03-3159-4791-BE8E-8E619B58AFB9}.Debug|x86.ActiveCfg = Debug|Any CPU
		{0891BD03-3159-4791-BE8E-8E619B58AFB9}.Debug|x86.Build.0 = Debug|Any CPU
		{0891BD03-3159-4791-BE8E-8E619B58AFB9}.Release|Any CPU.ActiveCfg = Release|Any CPU
		{0891BD03-3159-4791-BE8E-8E619B58AFB9}.Release|Any CPU.Build.0 = Release|Any CPU
		{0891BD03-3159-4791-BE8E-8E619B58AFB9}.Release|ARM.ActiveCfg = Release|Any CPU
		{0891BD03-3159-4791-BE8E-8E619B58AFB9}.Release|ARM.Build.0 = Release|Any CPU
		{0891BD03-3159-4791-BE8E-8E619B58AFB9}.Release|x64.ActiveCfg = Release|Any CPU
		{0891BD03-3159-4791-BE8E-8E619B58AFB9}.Release|x64.Build.0 = Release|Any CPU
		{0891BD03-3159-4791-BE8E-8E619B58AFB9}.Release|x86.ActiveCfg = Release|Any CPU
		{0891BD03-3159-4791-BE8E-8E619B58AFB9}.Release|x86.Build.0 = Release|Any CPU
		{991D6E1A-7DA6-4012-A19B-299FD5415DC6}.Debug|Any CPU.ActiveCfg = Debug|x86
		{991D6E1A-7DA6-4012-A19B-299FD5415DC6}.Debug|Any CPU.Build.0 = Debug|x86
		{991D6E1A-7DA6-4012-A19B-299FD5415DC6}.Debug|Any CPU.Deploy.0 = Debug|x86
		{991D6E1A-7DA6-4012-A19B-299FD5415DC6}.Debug|ARM.ActiveCfg = Debug|ARM
		{991D6E1A-7DA6-4012-A19B-299FD5415DC6}.Debug|ARM.Build.0 = Debug|ARM
		{991D6E1A-7DA6-4012-A19B-299FD5415DC6}.Debug|ARM.Deploy.0 = Debug|ARM
		{991D6E1A-7DA6-4012-A19B-299FD5415DC6}.Debug|x64.ActiveCfg = Debug|x64
		{991D6E1A-7DA6-4012-A19B-299FD5415DC6}.Debug|x64.Build.0 = Debug|x64
		{991D6E1A-7DA6-4012-A19B-299FD5415DC6}.Debug|x64.Deploy.0 = Debug|x64
		{991D6E1A-7DA6-4012-A19B-299FD5415DC6}.Debug|x86.ActiveCfg = Debug|x86
		{991D6E1A-7DA6-4012-A19B-299FD5415DC6}.Debug|x86.Build.0 = Debug|x86
		{991D6E1A-7DA6-4012-A19B-299FD5415DC6}.Debug|x86.Deploy.0 = Debug|x86
		{991D6E1A-7DA6-4012-A19B-299FD5415DC6}.Release|Any CPU.ActiveCfg = Release|x86
		{991D6E1A-7DA6-4012-A19B-299FD5415DC6}.Release|ARM.ActiveCfg = Release|ARM
		{991D6E1A-7DA6-4012-A19B-299FD5415DC6}.Release|ARM.Build.0 = Release|ARM
		{991D6E1A-7DA6-4012-A19B-299FD5415DC6}.Release|ARM.Deploy.0 = Release|ARM
		{991D6E1A-7DA6-4012-A19B-299FD5415DC6}.Release|x64.ActiveCfg = Release|x64
		{991D6E1A-7DA6-4012-A19B-299FD5415DC6}.Release|x64.Build.0 = Release|x64
		{991D6E1A-7DA6-4012-A19B-299FD5415DC6}.Release|x64.Deploy.0 = Release|x64
		{991D6E1A-7DA6-4012-A19B-299FD5415DC6}.Release|x86.ActiveCfg = Release|x86
		{991D6E1A-7DA6-4012-A19B-299FD5415DC6}.Release|x86.Build.0 = Release|x86
		{991D6E1A-7DA6-4012-A19B-299FD5415DC6}.Release|x86.Deploy.0 = Release|x86
		{108D5D89-61F8-461D-8841-800CC5BC52EA}.Debug|Any CPU.ActiveCfg = Debug|Any CPU
		{108D5D89-61F8-461D-8841-800CC5BC52EA}.Debug|Any CPU.Build.0 = Debug|Any CPU
		{108D5D89-61F8-461D-8841-800CC5BC52EA}.Debug|ARM.ActiveCfg = Debug|Any CPU
		{108D5D89-61F8-461D-8841-800CC5BC52EA}.Debug|ARM.Build.0 = Debug|Any CPU
		{108D5D89-61F8-461D-8841-800CC5BC52EA}.Debug|x64.ActiveCfg = Debug|Any CPU
		{108D5D89-61F8-461D-8841-800CC5BC52EA}.Debug|x64.Build.0 = Debug|Any CPU
		{108D5D89-61F8-461D-8841-800CC5BC52EA}.Debug|x86.ActiveCfg = Debug|Any CPU
		{108D5D89-61F8-461D-8841-800CC5BC52EA}.Debug|x86.Build.0 = Debug|Any CPU
		{108D5D89-61F8-461D-8841-800CC5BC52EA}.Release|Any CPU.ActiveCfg = Release|Any CPU
		{108D5D89-61F8-461D-8841-800CC5BC52EA}.Release|Any CPU.Build.0 = Release|Any CPU
		{108D5D89-61F8-461D-8841-800CC5BC52EA}.Release|ARM.ActiveCfg = Release|Any CPU
		{108D5D89-61F8-461D-8841-800CC5BC52EA}.Release|ARM.Build.0 = Release|Any CPU
		{108D5D89-61F8-461D-8841-800CC5BC52EA}.Release|x64.ActiveCfg = Release|Any CPU
		{108D5D89-61F8-461D-8841-800CC5BC52EA}.Release|x64.Build.0 = Release|Any CPU
		{108D5D89-61F8-461D-8841-800CC5BC52EA}.Release|x86.ActiveCfg = Release|Any CPU
		{108D5D89-61F8-461D-8841-800CC5BC52EA}.Release|x86.Build.0 = Release|Any CPU
	EndGlobalSection
	GlobalSection(SolutionProperties) = preSolution
		HideSolutionNode = FALSE
	EndGlobalSection
	GlobalSection(NestedProjects) = preSolution
		{BFB1969A-4996-40D3-9C62-2C246551325A} = {62F9A8A8-8122-4671-B37E-A5F4BE8A97E6}
		{033AF70E-2660-4E6A-8743-1184102F8D98} = {62F9A8A8-8122-4671-B37E-A5F4BE8A97E6}
		{06E885D0-D3FE-447D-8721-DA633D2A2DB9} = {6F8E62B4-7D0C-4B94-98E1-918E25749857}
		{B4916D2C-2AF9-4F3B-9156-AE5F44F3EB59} = {6F8E62B4-7D0C-4B94-98E1-918E25749857}
		{8C653762-FEB6-4CFA-8E62-15264F999B68} = {7E39DCCF-688C-40E0-97E5-98C0ABCE6120}
		{8CB6C8C1-3C0B-4FFF-9BEC-3B04180D9DCB} = {7E39DCCF-688C-40E0-97E5-98C0ABCE6120}
		{670B15A2-C7D2-4A0A-B56E-8E1B5511C194} = {23FC629D-19D0-4094-80FE-B96F406EB8AF}
		{E16A29C3-161D-4C69-B560-B927FA4AD99B} = {23FC629D-19D0-4094-80FE-B96F406EB8AF}
		{ABF31C7A-A848-4D8C-BE81-2DC6DB959D27} = {62F9A8A8-8122-4671-B37E-A5F4BE8A97E6}
		{0891BD03-3159-4791-BE8E-8E619B58AFB9} = {6F8E62B4-7D0C-4B94-98E1-918E25749857}
		{991D6E1A-7DA6-4012-A19B-299FD5415DC6} = {6F8E62B4-7D0C-4B94-98E1-918E25749857}
		{108D5D89-61F8-461D-8841-800CC5BC52EA} = {6F8E62B4-7D0C-4B94-98E1-918E25749857}
	EndGlobalSection
	GlobalSection(ExtensibilityGlobals) = postSolution
		SolutionGuid = {0E570C56-EE7F-4622-8570-26AE3CDDA888}
	EndGlobalSection
EndGlobal
