
Microsoft Visual Studio Solution File, Format Version 12.00
# Visual Studio Version 16
VisualStudioVersion = 16.0.29230.61
MinimumVisualStudioVersion = 10.0.40219.1
Project("{FAE04EC0-301F-11D3-BF4B-00C04F79EFBC}") = "RangesSample", "RangesSample\RangesSample.csproj", "{996189FA-4735-4292-9F38-82C05FA4DD31}"
EndProject
Global
	GlobalSection(SolutionConfigurationPlatforms) = preSolution
		Debug|Any CPU = Debug|Any CPU
		Release|Any CPU = Release|Any CPU
	EndGlobalSection
	GlobalSection(ProjectConfigurationPlatforms) = postSolution
		{996189FA-4735-4292-9F38-82C05FA4DD31}.Debug|Any CPU.ActiveCfg = Debug|Any CPU
		{996189FA-4735-4292-9F38-82C05FA4DD31}.Debug|Any CPU.Build.0 = Debug|Any CPU
		{996189FA-4735-4292-9F38-82C05FA4DD31}.Release|Any CPU.ActiveCfg = Release|Any CPU
		{996189FA-4735-4292-9F38-82C05FA4DD31}.Release|Any CPU.Build.0 = Release|Any CPU
	EndGlobalSection
	GlobalSection(SolutionProperties) = preSolution
		HideSolutionNode = FALSE
	EndGlobalSection
	GlobalSection(ExtensibilityGlobals) = postSolution
		SolutionGuid = {E4A6544C-1B95-49B3-A101-CF2979564FE4}
	EndGlobalSection
EndGlobal
