
Microsoft Visual Studio Solution File, Format Version 12.00
# Visual Studio Version 16
VisualStudioVersion = 16.0.28902.138
MinimumVisualStudioVersion = 10.0.40219.1
Project("{9A19103F-16F7-4668-BE54-9A1E7A4F7556}") = "NullabilitySample", "NullabilitySample.csproj", "{F02ADCF8-C2F1-492D-BCE0-F4F90DD5FCB1}"
EndProject
Global
	GlobalSection(SolutionConfigurationPlatforms) = preSolution
		Debug|Any CPU = Debug|Any CPU
		Release|Any CPU = Release|Any CPU
	EndGlobalSection
	GlobalSection(ProjectConfigurationPlatforms) = postSolution
		{F02ADCF8-C2F1-492D-BCE0-F4F90DD5FCB1}.Debug|Any CPU.ActiveCfg = Debug|Any CPU
		{F02ADCF8-C2F1-492D-BCE0-F4F90DD5FCB1}.Debug|Any CPU.Build.0 = Debug|Any CPU
		{F02ADCF8-C2F1-492D-BCE0-F4F90DD5FCB1}.Release|Any CPU.ActiveCfg = Release|Any CPU
		{F02ADCF8-C2F1-492D-BCE0-F4F90DD5FCB1}.Release|Any CPU.Build.0 = Release|Any CPU
	EndGlobalSection
	GlobalSection(SolutionProperties) = preSolution
		HideSolutionNode = FALSE
	EndGlobalSection
	GlobalSection(ExtensibilityGlobals) = postSolution
		SolutionGuid = {D9A2674B-3F47-4234-A0E5-59F3519D77B7}
	EndGlobalSection
EndGlobal
