
Microsoft Visual Studio Solution File, Format Version 12.00
# Visual Studio Version 16
VisualStudioVersion = 16.0.29311.281
MinimumVisualStudioVersion = 10.0.40219.1
Project("{FAE04EC0-301F-11D3-BF4B-00C04F79EFBC}") = "TraitsSample", "TraitsSample\TraitsSample.csproj", "{9CF745A0-75DF-4867-875C-3CCB844134F2}"
EndProject
Global
	GlobalSection(SolutionConfigurationPlatforms) = preSolution
		Debug|Any CPU = Debug|Any CPU
		Release|Any CPU = Release|Any CPU
	EndGlobalSection
	GlobalSection(ProjectConfigurationPlatforms) = postSolution
		{9CF745A0-75DF-4867-875C-3CCB844134F2}.Debug|Any CPU.ActiveCfg = Debug|Any CPU
		{9CF745A0-75DF-4867-875C-3CCB844134F2}.Debug|Any CPU.Build.0 = Debug|Any CPU
		{9CF745A0-75DF-4867-875C-3CCB844134F2}.Release|Any CPU.ActiveCfg = Release|Any CPU
		{9CF745A0-75DF-4867-875C-3CCB844134F2}.Release|Any CPU.Build.0 = Release|Any CPU
	EndGlobalSection
	GlobalSection(SolutionProperties) = preSolution
		HideSolutionNode = FALSE
	EndGlobalSection
	GlobalSection(ExtensibilityGlobals) = postSolution
		SolutionGuid = {BD47FC0A-D418-4707-AD07-9644B06E613B}
	EndGlobalSection
EndGlobal
