
Microsoft Visual Studio Solution File, Format Version 12.00
# Visual Studio Version 16
VisualStudioVersion = 16.0.29613.14
MinimumVisualStudioVersion = 10.0.40219.1
Project("{FAE04EC0-301F-11D3-BF4B-00C04F79EFBC}") = "ReadonlySample", "ReadonlySample\ReadonlySample.csproj", "{FB4AFB0B-50C7-4F5C-9DAD-E2E674DC7AC9}"
EndProject
Global
	GlobalSection(SolutionConfigurationPlatforms) = preSolution
		Debug|Any CPU = Debug|Any CPU
		Release|Any CPU = Release|Any CPU
	EndGlobalSection
	GlobalSection(ProjectConfigurationPlatforms) = postSolution
		{FB4AFB0B-50C7-4F5C-9DAD-E2E674DC7AC9}.Debug|Any CPU.ActiveCfg = Debug|Any CPU
		{FB4AFB0B-50C7-4F5C-9DAD-E2E674DC7AC9}.Debug|Any CPU.Build.0 = Debug|Any CPU
		{FB4AFB0B-50C7-4F5C-9DAD-E2E674DC7AC9}.Release|Any CPU.ActiveCfg = Release|Any CPU
		{FB4AFB0B-50C7-4F5C-9DAD-E2E674DC7AC9}.Release|Any CPU.Build.0 = Release|Any CPU
	EndGlobalSection
	GlobalSection(SolutionProperties) = preSolution
		HideSolutionNode = FALSE
	EndGlobalSection
	GlobalSection(ExtensibilityGlobals) = postSolution
		SolutionGuid = {1BF71ABA-742D-4EDE-B9B0-981AE767E472}
	EndGlobalSection
EndGlobal
