
Microsoft Visual Studio Solution File, Format Version 12.00
# Visual Studio Version 16
VisualStudioVersion = 16.0.29209.152
MinimumVisualStudioVersion = 10.0.40219.1
Project("{FAE04EC0-301F-11D3-BF4B-00C04F79EFBC}") = "SwitchStateSample", "SwitchStateSample\SwitchStateSample.csproj", "{8D2845D4-368E-4FCD-9AA6-FC7249F69F6C}"
EndProject
Global
	GlobalSection(SolutionConfigurationPlatforms) = preSolution
		Debug|Any CPU = Debug|Any CPU
		Release|Any CPU = Release|Any CPU
	EndGlobalSection
	GlobalSection(ProjectConfigurationPlatforms) = postSolution
		{8D2845D4-368E-4FCD-9AA6-FC7249F69F6C}.Debug|Any CPU.ActiveCfg = Debug|Any CPU
		{8D2845D4-368E-4FCD-9AA6-FC7249F69F6C}.Debug|Any CPU.Build.0 = Debug|Any CPU
		{8D2845D4-368E-4FCD-9AA6-FC7249F69F6C}.Release|Any CPU.ActiveCfg = Release|Any CPU
		{8D2845D4-368E-4FCD-9AA6-FC7249F69F6C}.Release|Any CPU.Build.0 = Release|Any CPU
	EndGlobalSection
	GlobalSection(SolutionProperties) = preSolution
		HideSolutionNode = FALSE
	EndGlobalSection
	GlobalSection(ExtensibilityGlobals) = postSolution
		SolutionGuid = {2C977CAE-0BF2-4371-B321-F213A3055C9A}
	EndGlobalSection
EndGlobal
