
Microsoft Visual Studio Solution File, Format Version 12.00
# Visual Studio 15
VisualStudioVersion = 15.0.27130.2010
MinimumVisualStudioVersion = 10.0.40219.1
Project("{FAE04EC0-301F-11D3-BF4B-00C04F79EFBC}") = "FlowDocumentSample", "FlowDocumentSample\FlowDocumentSample.csproj", "{31F904C8-B48D-466F-A6C7-9F1CDE606455}"
EndProject
Global
	GlobalSection(SolutionConfigurationPlatforms) = preSolution
		Debug|ARM = Debug|ARM
		Debug|x64 = Debug|x64
		Debug|x86 = Debug|x86
		Release|ARM = Release|ARM
		Release|x64 = Release|x64
		Release|x86 = Release|x86
	EndGlobalSection
	GlobalSection(ProjectConfigurationPlatforms) = postSolution
		{31F904C8-B48D-466F-A6C7-9F1CDE606455}.Debug|ARM.ActiveCfg = Debug|ARM
		{31F904C8-B48D-466F-A6C7-9F1CDE606455}.Debug|ARM.Build.0 = Debug|ARM
		{31F904C8-B48D-466F-A6C7-9F1CDE606455}.Debug|ARM.Deploy.0 = Debug|ARM
		{31F904C8-B48D-466F-A6C7-9F1CDE606455}.Debug|x64.ActiveCfg = Debug|x64
		{31F904C8-B48D-466F-A6C7-9F1CDE606455}.Debug|x64.Build.0 = Debug|x64
		{31F904C8-B48D-466F-A6C7-9F1CDE606455}.Debug|x64.Deploy.0 = Debug|x64
		{31F904C8-B48D-466F-A6C7-9F1CDE606455}.Debug|x86.ActiveCfg = Debug|x86
		{31F904C8-B48D-466F-A6C7-9F1CDE606455}.Debug|x86.Build.0 = Debug|x86
		{31F904C8-B48D-466F-A6C7-9F1CDE606455}.Debug|x86.Deploy.0 = Debug|x86
		{31F904C8-B48D-466F-A6C7-9F1CDE606455}.Release|ARM.ActiveCfg = Release|ARM
		{31F904C8-B48D-466F-A6C7-9F1CDE606455}.Release|ARM.Build.0 = Release|ARM
		{31F904C8-B48D-466F-A6C7-9F1CDE606455}.Release|ARM.Deploy.0 = Release|ARM
		{31F904C8-B48D-466F-A6C7-9F1CDE606455}.Release|x64.ActiveCfg = Release|x64
		{31F904C8-B48D-466F-A6C7-9F1CDE606455}.Release|x64.Build.0 = Release|x64
		{31F904C8-B48D-466F-A6C7-9F1CDE606455}.Release|x64.Deploy.0 = Release|x64
		{31F904C8-B48D-466F-A6C7-9F1CDE606455}.Release|x86.ActiveCfg = Release|x86
		{31F904C8-B48D-466F-A6C7-9F1CDE606455}.Release|x86.Build.0 = Release|x86
		{31F904C8-B48D-466F-A6C7-9F1CDE606455}.Release|x86.Deploy.0 = Release|x86
	EndGlobalSection
	GlobalSection(SolutionProperties) = preSolution
		HideSolutionNode = FALSE
	EndGlobalSection
	GlobalSection(ExtensibilityGlobals) = postSolution
		SolutionGuid = {30C01B8D-9BD4-4D96-A4AC-2BC50DF29D26}
	EndGlobalSection
EndGlobal
