{
  "name": "asp.net",
  "version": "1.0.0",
  "lockfileVersion": 1,
  "requires": true,
  "dependencies": {
    "@aspnet/signalr": {
      "version": "1.0.0-preview1-final",
      "resolved": "https://registry.npmjs.org/@aspnet/signalr/-/signalr-1.0.0-preview1-final.tgz",
      "integrity": "sha1-eGlTUNIShMVK3o8tPoXHd8RTjK4="
    }
  }
}
