
Microsoft Visual Studio Solution File, Format Version 12.00
# Visual Studio Version 16
VisualStudioVersion = 16.0.28902.138
MinimumVisualStudioVersion = 10.0.40219.1
Project("{9A19103F-16F7-4668-BE54-9A1E7A4F7556}") = "AsyncStreamsSample", "AsyncStreamsSample.csproj", "{0FE5913B-F162-44D1-AA8F-8E6F8565FACA}"
EndProject
Global
	GlobalSection(SolutionConfigurationPlatforms) = preSolution
		Debug|Any CPU = Debug|Any CPU
		Release|Any CPU = Release|Any CPU
	EndGlobalSection
	GlobalSection(ProjectConfigurationPlatforms) = postSolution
		{0FE5913B-F162-44D1-AA8F-8E6F8565FACA}.Debug|Any CPU.ActiveCfg = Debug|Any CPU
		{0FE5913B-F162-44D1-AA8F-8E6F8565FACA}.Debug|Any CPU.Build.0 = Debug|Any CPU
		{0FE5913B-F162-44D1-AA8F-8E6F8565FACA}.Release|Any CPU.ActiveCfg = Release|Any CPU
		{0FE5913B-F162-44D1-AA8F-8E6F8565FACA}.Release|Any CPU.Build.0 = Release|Any CPU
	EndGlobalSection
	GlobalSection(SolutionProperties) = preSolution
		HideSolutionNode = FALSE
	EndGlobalSection
	GlobalSection(ExtensibilityGlobals) = postSolution
		SolutionGuid = {2742A418-62A6-4CE1-98AF-67946C26C190}
	EndGlobalSection
EndGlobal
