
Microsoft Visual Studio Solution File, Format Version 12.00
# Visual Studio 15
VisualStudioVersion = 15.0.27205.2004
MinimumVisualStudioVersion = 10.0.40219.1
Project("{FAE04EC0-301F-11D3-BF4B-00C04F79EFBC}") = "SensorSample", "SensorSample\SensorSample.csproj", "{FDB81340-3296-47B1-AC72-D1A8458DB4FC}"
EndProject
Global
	GlobalSection(SolutionConfigurationPlatforms) = preSolution
		Debug|ARM = Debug|ARM
		Debug|x64 = Debug|x64
		Debug|x86 = Debug|x86
		Release|ARM = Release|ARM
		Release|x64 = Release|x64
		Release|x86 = Release|x86
	EndGlobalSection
	GlobalSection(ProjectConfigurationPlatforms) = postSolution
		{FDB81340-3296-47B1-AC72-D1A8458DB4FC}.Debug|ARM.ActiveCfg = Debug|ARM
		{FDB81340-3296-47B1-AC72-D1A8458DB4FC}.Debug|ARM.Build.0 = Debug|ARM
		{FDB81340-3296-47B1-AC72-D1A8458DB4FC}.Debug|ARM.Deploy.0 = Debug|ARM
		{FDB81340-3296-47B1-AC72-D1A8458DB4FC}.Debug|x64.ActiveCfg = Debug|x64
		{FDB81340-3296-47B1-AC72-D1A8458DB4FC}.Debug|x64.Build.0 = Debug|x64
		{FDB81340-3296-47B1-AC72-D1A8458DB4FC}.Debug|x64.Deploy.0 = Debug|x64
		{FDB81340-3296-47B1-AC72-D1A8458DB4FC}.Debug|x86.ActiveCfg = Debug|x86
		{FDB81340-3296-47B1-AC72-D1A8458DB4FC}.Debug|x86.Build.0 = Debug|x86
		{FDB81340-3296-47B1-AC72-D1A8458DB4FC}.Debug|x86.Deploy.0 = Debug|x86
		{FDB81340-3296-47B1-AC72-D1A8458DB4FC}.Release|ARM.ActiveCfg = Release|ARM
		{FDB81340-3296-47B1-AC72-D1A8458DB4FC}.Release|ARM.Build.0 = Release|ARM
		{FDB81340-3296-47B1-AC72-D1A8458DB4FC}.Release|ARM.Deploy.0 = Release|ARM
		{FDB81340-3296-47B1-AC72-D1A8458DB4FC}.Release|x64.ActiveCfg = Release|x64
		{FDB81340-3296-47B1-AC72-D1A8458DB4FC}.Release|x64.Build.0 = Release|x64
		{FDB81340-3296-47B1-AC72-D1A8458DB4FC}.Release|x64.Deploy.0 = Release|x64
		{FDB81340-3296-47B1-AC72-D1A8458DB4FC}.Release|x86.ActiveCfg = Release|x86
		{FDB81340-3296-47B1-AC72-D1A8458DB4FC}.Release|x86.Build.0 = Release|x86
		{FDB81340-3296-47B1-AC72-D1A8458DB4FC}.Release|x86.Deploy.0 = Release|x86
	EndGlobalSection
	GlobalSection(SolutionProperties) = preSolution
		HideSolutionNode = FALSE
	EndGlobalSection
	GlobalSection(ExtensibilityGlobals) = postSolution
		SolutionGuid = {FFC30229-4A96-4E97-ADE9-A55F0ADA16C0}
	EndGlobalSection
EndGlobal
